// !$*UTF8*$!
{
	archiveVersion = 1;
	classes = {
	};
	objectVersion = 51;
	objects = {

/* Begin PBXBuildFile section */
		5FA8ED5567FE7D1AC5F79581 /* Pods_InventoryApp.framework in Frameworks */ = {isa = PBXBuildFile; fileRef = 6C613C4B7D6A41BA84632996 /* Pods_InventoryApp.framework */; };
		94003D9025815E130056928E /* AppStateManager.swift in Sources */ = {isa = PBXBuildFile; fileRef = 94003D8F25815E130056928E /* AppStateManager.swift */; };
		94003D9325815FF00056928E /* MenuView.swift in Sources */ = {isa = PBXBuildFile; fileRef = 94003D9225815FF00056928E /* MenuView.swift */; };
		94003D98258161A70056928E /* HeaderView.swift in Sources */ = {isa = PBXBuildFile; fileRef = 94003D97258161A70056928E /* HeaderView.swift */; };
		94003D9B258164EA0056928E /* AddInventoryView.swift in Sources */ = {isa = PBXBuildFile; fileRef = 94003D9A258164EA0056928E /* AddInventoryView.swift */; };
		94003D9E258165590056928E /* Extensions.swift in Sources */ = {isa = PBXBuildFile; fileRef = 94003D9D258165590056928E /* Extensions.swift */; };
		940E200E2586AFE000036B96 /* RestockItemView.swift in Sources */ = {isa = PBXBuildFile; fileRef = 940E200D2586AFE000036B96 /* RestockItemView.swift */; };
		940E20112586B6F500036B96 /* RestockItemRowView.swift in Sources */ = {isa = PBXBuildFile; fileRef = 940E20102586B6F500036B96 /* RestockItemRowView.swift */; };
		940E20172586C09900036B96 /* SaveItemButton.swift in Sources */ = {isa = PBXBuildFile; fileRef = 940E20162586C09900036B96 /* SaveItemButton.swift */; };
		943D6066258195BB00C6C712 /* ItemModel.swift in Sources */ = {isa = PBXBuildFile; fileRef = 943D6065258195BB00C6C712 /* ItemModel.swift */; };
		943D60692581ABEE00C6C712 /* InventoryListView.swift in Sources */ = {isa = PBXBuildFile; fileRef = 943D60682581ABEE00C6C712 /* InventoryListView.swift */; };
		943D606D2581B85700C6C712 /* ItemButton.swift in Sources */ = {isa = PBXBuildFile; fileRef = 943D606C2581B85700C6C712 /* ItemButton.swift */; };
		94586EDB2580A1F5001A42C4 /* InventoryAppApp.swift in Sources */ = {isa = PBXBuildFile; fileRef = 94586EDA2580A1F5001A42C4 /* InventoryAppApp.swift */; };
		94586EDD2580A1F5001A42C4 /* ContentView.swift in Sources */ = {isa = PBXBuildFile; fileRef = 94586EDC2580A1F5001A42C4 /* ContentView.swift */; };
		94586EDF2580A1F5001A42C4 /* Assets.xcassets in Resources */ = {isa = PBXBuildFile; fileRef = 94586EDE2580A1F5001A42C4 /* Assets.xcassets */; };
		94586EE22580A1F5001A42C4 /* Preview Assets.xcassets in Resources */ = {isa = PBXBuildFile; fileRef = 94586EE12580A1F5001A42C4 /* Preview Assets.xcassets */; };
		94B656A925841A6000CDFB12 /* MakeASaleView.swift in Sources */ = {isa = PBXBuildFile; fileRef = 94B656A825841A6000CDFB12 /* MakeASaleView.swift */; };
		94EEFDEC2581CDAD0096DB87 /* InventoryListRowView.swift in Sources */ = {isa = PBXBuildFile; fileRef = 94EEFDEB2581CDAD0096DB87 /* InventoryListRowView.swift */; };
		94EEFDEF258293250096DB87 /* CartModel.swift in Sources */ = {isa = PBXBuildFile; fileRef = 94EEFDEE258293250096DB87 /* CartModel.swift */; };
		94EEFDF22582B7870096DB87 /* CartItemView.swift in Sources */ = {isa = PBXBuildFile; fileRef = 94EEFDF12582B7870096DB87 /* CartItemView.swift */; };
		94F63773258E9FB000A63032 /* Constants.swift in Sources */ = {isa = PBXBuildFile; fileRef = 94F63772258E9FB000A63032 /* Constants.swift */; };
/* End PBXBuildFile section */

/* Begin PBXFileReference section */
		34D937F88A67F1F8164756C4 /* Pods-InventoryApp.release.xcconfig */ = {isa = PBXFileReference; includeInIndex = 1; lastKnownFileType = text.xcconfig; name = "Pods-InventoryApp.release.xcconfig"; path = "Target Support Files/Pods-InventoryApp/Pods-InventoryApp.release.xcconfig"; sourceTree = "<group>"; };
		6C613C4B7D6A41BA84632996 /* Pods_InventoryApp.framework */ = {isa = PBXFileReference; explicitFileType = wrapper.framework; includeInIndex = 0; path = Pods_InventoryApp.framework; sourceTree = BUILT_PRODUCTS_DIR; };
		94003D8F25815E130056928E /* AppStateManager.swift */ = {isa = PBXFileReference; lastKnownFileType = sourcecode.swift; path = AppStateManager.swift; sourceTree = "<group>"; };
		94003D9225815FF00056928E /* MenuView.swift */ = {isa = PBXFileReference; fileEncoding = 4; lastKnownFileType = sourcecode.swift; path = MenuView.swift; sourceTree = "<group>"; };
		94003D97258161A70056928E /* HeaderView.swift */ = {isa = PBXFileReference; lastKnownFileType = sourcecode.swift; path = HeaderView.swift; sourceTree = "<group>"; };
		94003D9A258164EA0056928E /* AddInventoryView.swift */ = {isa = PBXFileReference; lastKnownFileType = sourcecode.swift; path = AddInventoryView.swift; sourceTree = "<group>"; };
		94003D9D258165590056928E /* Extensions.swift */ = {isa = PBXFileReference; lastKnownFileType = sourcecode.swift; path = Extensions.swift; sourceTree = "<group>"; };
		940E200D2586AFE000036B96 /* RestockItemView.swift */ = {isa = PBXFileReference; lastKnownFileType = sourcecode.swift; path = RestockItemView.swift; sourceTree = "<group>"; };
		940E20102586B6F500036B96 /* RestockItemRowView.swift */ = {isa = PBXFileReference; lastKnownFileType = sourcecode.swift; path = RestockItemRowView.swift; sourceTree = "<group>"; };
		940E20162586C09900036B96 /* SaveItemButton.swift */ = {isa = PBXFileReference; lastKnownFileType = sourcecode.swift; path = SaveItemButton.swift; sourceTree = "<group>"; };
		943D6065258195BB00C6C712 /* ItemModel.swift */ = {isa = PBXFileReference; lastKnownFileType = sourcecode.swift; path = ItemModel.swift; sourceTree = "<group>"; };
		943D60682581ABEE00C6C712 /* InventoryListView.swift */ = {isa = PBXFileReference; lastKnownFileType = sourcecode.swift; path = InventoryListView.swift; sourceTree = "<group>"; };
		943D606C2581B85700C6C712 /* ItemButton.swift */ = {isa = PBXFileReference; lastKnownFileType = sourcecode.swift; path = ItemButton.swift; sourceTree = "<group>"; };
		94586ED72580A1F5001A42C4 /* InventoryApp.app */ = {isa = PBXFileReference; explicitFileType = wrapper.application; includeInIndex = 0; path = InventoryApp.app; sourceTree = BUILT_PRODUCTS_DIR; };
		94586EDA2580A1F5001A42C4 /* InventoryAppApp.swift */ = {isa = PBXFileReference; lastKnownFileType = sourcecode.swift; path = InventoryAppApp.swift; sourceTree = "<group>"; };
		94586EDC2580A1F5001A42C4 /* ContentView.swift */ = {isa = PBXFileReference; lastKnownFileType = sourcecode.swift; path = ContentView.swift; sourceTree = "<group>"; };
		94586EDE2580A1F5001A42C4 /* Assets.xcassets */ = {isa = PBXFileReference; lastKnownFileType = folder.assetcatalog; path = Assets.xcassets; sourceTree = "<group>"; };
		94586EE12580A1F5001A42C4 /* Preview Assets.xcassets */ = {isa = PBXFileReference; lastKnownFileType = folder.assetcatalog; path = "Preview Assets.xcassets"; sourceTree = "<group>"; };
		94586EE32580A1F5001A42C4 /* Info.plist */ = {isa = PBXFileReference; lastKnownFileType = text.plist.xml; path = Info.plist; sourceTree = "<group>"; };
		94B656A825841A6000CDFB12 /* MakeASaleView.swift */ = {isa = PBXFileReference; lastKnownFileType = sourcecode.swift; path = MakeASaleView.swift; sourceTree = "<group>"; };
		94EEFDEB2581CDAD0096DB87 /* InventoryListRowView.swift */ = {isa = PBXFileReference; lastKnownFileType = sourcecode.swift; path = InventoryListRowView.swift; sourceTree = "<group>"; };
		94EEFDEE258293250096DB87 /* CartModel.swift */ = {isa = PBXFileReference; lastKnownFileType = sourcecode.swift; path = CartModel.swift; sourceTree = "<group>"; };
		94EEFDF12582B7870096DB87 /* CartItemView.swift */ = {isa = PBXFileReference; lastKnownFileType = sourcecode.swift; path = CartItemView.swift; sourceTree = "<group>"; };
		94F63772258E9FB000A63032 /* Constants.swift */ = {isa = PBXFileReference; lastKnownFileType = sourcecode.swift; path = Constants.swift; sourceTree = "<group>"; };
		9946A64A888619A89A72B516 /* Pods-InventoryApp.debug.xcconfig */ = {isa = PBXFileReference; includeInIndex = 1; lastKnownFileType = text.xcconfig; name = "Pods-InventoryApp.debug.xcconfig"; path = "Target Support Files/Pods-InventoryApp/Pods-InventoryApp.debug.xcconfig"; sourceTree = "<group>"; };
/* End PBXFileReference section */

/* Begin PBXFrameworksBuildPhase section */
		94586ED42580A1F5001A42C4 /* Frameworks */ = {
			isa = PBXFrameworksBuildPhase;
			buildActionMask = 2147483647;
			files = (
				5FA8ED5567FE7D1AC5F79581 /* Pods_InventoryApp.framework in Frameworks */,
			);
			runOnlyForDeploymentPostprocessing = 0;
		};
/* End PBXFrameworksBuildPhase section */

/* Begin PBXGroup section */
		67F2093F08C66B79FBF80DCC /* Pods */ = {
			isa = PBXGroup;
			children = (
				9946A64A888619A89A72B516 /* Pods-InventoryApp.debug.xcconfig */,
				34D937F88A67F1F8164756C4 /* Pods-InventoryApp.release.xcconfig */,
			);
			path = Pods;
			sourceTree = "<group>";
		};
		879EB2EA60E47B97A1466FB3 /* Frameworks */ = {
			isa = PBXGroup;
			children = (
				6C613C4B7D6A41BA84632996 /* Pods_InventoryApp.framework */,
			);
			name = Frameworks;
			sourceTree = "<group>";
		};
		94003D952581619B0056928E /* View */ = {
			isa = PBXGroup;
			children = (
				943D606B2581B83500C6C712 /* Buttons */,
				94586EDC2580A1F5001A42C4 /* ContentView.swift */,
				94003D9225815FF00056928E /* MenuView.swift */,
				94003D97258161A70056928E /* HeaderView.swift */,
				94003D9A258164EA0056928E /* AddInventoryView.swift */,
				943D60682581ABEE00C6C712 /* InventoryListView.swift */,
				94EEFDEB2581CDAD0096DB87 /* InventoryListRowView.swift */,
				94EEFDF12582B7870096DB87 /* CartItemView.swift */,
				94B656A825841A6000CDFB12 /* MakeASaleView.swift */,
				940E200D2586AFE000036B96 /* RestockItemView.swift */,
				940E20102586B6F500036B96 /* RestockItemRowView.swift */,
			);
			path = View;
			sourceTree = "<group>";
		};
		94003DA4258190060056928E /* Model */ = {
			isa = PBXGroup;
			children = (
				94003D8F25815E130056928E /* AppStateManager.swift */,
				943D6065258195BB00C6C712 /* ItemModel.swift */,
				94EEFDEE258293250096DB87 /* CartModel.swift */,
			);
			path = Model;
			sourceTree = "<group>";
		};
		943D606B2581B83500C6C712 /* Buttons */ = {
			isa = PBXGroup;
			children = (
				943D606C2581B85700C6C712 /* ItemButton.swift */,
				940E20162586C09900036B96 /* SaveItemButton.swift */,
			);
			path = Buttons;
			sourceTree = "<group>";
		};
		94586ECE2580A1F4001A42C4 = {
			isa = PBXGroup;
			children = (
				94586ED92580A1F5001A42C4 /* InventoryApp */,
				94586ED82580A1F5001A42C4 /* Products */,
				67F2093F08C66B79FBF80DCC /* Pods */,
				879EB2EA60E47B97A1466FB3 /* Frameworks */,
			);
			sourceTree = "<group>";
		};
		94586ED82580A1F5001A42C4 /* Products */ = {
			isa = PBXGroup;
			children = (
				94586ED72580A1F5001A42C4 /* InventoryApp.app */,
			);
			name = Products;
			sourceTree = "<group>";
		};
		94586ED92580A1F5001A42C4 /* InventoryApp */ = {
			isa = PBXGroup;
			children = (
				94586EDA2580A1F5001A42C4 /* InventoryAppApp.swift */,
				94003DA4258190060056928E /* Model */,
				94003D952581619B0056928E /* View */,
				94586EDE2580A1F5001A42C4 /* Assets.xcassets */,
				94586EE32580A1F5001A42C4 /* Info.plist */,
				94586EE02580A1F5001A42C4 /* Preview Content */,
				94003D9D258165590056928E /* Extensions.swift */,
				94F63772258E9FB000A63032 /* Constants.swift */,
			);
			path = InventoryApp;
			sourceTree = "<group>";
		};
		94586EE02580A1F5001A42C4 /* Preview Content */ = {
			isa = PBXGroup;
			children = (
				94586EE12580A1F5001A42C4 /* Preview Assets.xcassets */,
			);
			path = "Preview Content";
			sourceTree = "<group>";
		};
/* End PBXGroup section */

/* Begin PBXNativeTarget section */
		94586ED62580A1F5001A42C4 /* InventoryApp */ = {
			isa = PBXNativeTarget;
			buildConfigurationList = 94586EE62580A1F5001A42C4 /* Build configuration list for PBXNativeTarget "InventoryApp" */;
			buildPhases = (
				BE79EC2019D80786A40492F5 /* [CP] Check Pods Manifest.lock */,
				94586ED32580A1F5001A42C4 /* Sources */,
				94586ED42580A1F5001A42C4 /* Frameworks */,
				94586ED52580A1F5001A42C4 /* Resources */,
				BFC0F3F58D06439FAACA0B52 /* [CP] Embed Pods Frameworks */,
			);
			buildRules = (
			);
			dependencies = (
			);
			name = InventoryApp;
			productName = InventoryApp;
			productReference = 94586ED72580A1F5001A42C4 /* InventoryApp.app */;
			productType = "com.apple.product-type.application";
		};
/* End PBXNativeTarget section */

/* Begin PBXProject section */
		94586ECF2580A1F4001A42C4 /* Project object */ = {
			isa = PBXProject;
			attributes = {
				LastSwiftUpdateCheck = 1220;
				LastUpgradeCheck = 1220;
				TargetAttributes = {
					94586ED62580A1F5001A42C4 = {
						CreatedOnToolsVersion = 12.2;
					};
				};
			};
			buildConfigurationList = 94586ED22580A1F4001A42C4 /* Build configuration list for PBXProject "InventoryApp" */;
			compatibilityVersion = "Xcode 9.3";
			developmentRegion = en;
			hasScannedForEncodings = 0;
			knownRegions = (
				en,
				Base,
			);
			mainGroup = 94586ECE2580A1F4001A42C4;
			productRefGroup = 94586ED82580A1F5001A42C4 /* Products */;
			projectDirPath = "";
			projectRoot = "";
			targets = (
				94586ED62580A1F5001A42C4 /* InventoryApp */,
			);
		};
/* End PBXProject section */

/* Begin PBXResourcesBuildPhase section */
		94586ED52580A1F5001A42C4 /* Resources */ = {
			isa = PBXResourcesBuildPhase;
			buildActionMask = 2147483647;
			files = (
				94586EE22580A1F5001A42C4 /* Preview Assets.xcassets in Resources */,
				94586EDF2580A1F5001A42C4 /* Assets.xcassets in Resources */,
			);
			runOnlyForDeploymentPostprocessing = 0;
		};
/* End PBXResourcesBuildPhase section */

/* Begin PBXShellScriptBuildPhase section */
		BE79EC2019D80786A40492F5 /* [CP] Check Pods Manifest.lock */ = {
			isa = PBXShellScriptBuildPhase;
			buildActionMask = 2147483647;
			files = (
			);
			inputFileListPaths = (
			);
			inputPaths = (
				"${PODS_PODFILE_DIR_PATH}/Podfile.lock",
				"${PODS_ROOT}/Manifest.lock",
			);
			name = "[CP] Check Pods Manifest.lock";
			outputFileListPaths = (
			);
			outputPaths = (
				"$(DERIVED_FILE_DIR)/Pods-InventoryApp-checkManifestLockResult.txt",
			);
			runOnlyForDeploymentPostprocessing = 0;
			shellPath = /bin/sh;
			shellScript = "diff \"${PODS_PODFILE_DIR_PATH}/Podfile.lock\" \"${PODS_ROOT}/Manifest.lock\" > /dev/null\nif [ $? != 0 ] ; then\n    # print error to STDERR\n    echo \"error: The sandbox is not in sync with the Podfile.lock. Run 'pod install' or update your CocoaPods installation.\" >&2\n    exit 1\nfi\n# This output is used by Xcode 'outputs' to avoid re-running this script phase.\necho \"SUCCESS\" > \"${SCRIPT_OUTPUT_FILE_0}\"\n";
			showEnvVarsInLog = 0;
		};
		BFC0F3F58D06439FAACA0B52 /* [CP] Embed Pods Frameworks */ = {
			isa = PBXShellScriptBuildPhase;
			buildActionMask = 2147483647;
			files = (
			);
			inputFileListPaths = (
				"${PODS_ROOT}/Target Support Files/Pods-InventoryApp/Pods-InventoryApp-frameworks-${CONFIGURATION}-input-files.xcfilelist",
			);
			name = "[CP] Embed Pods Frameworks";
			outputFileListPaths = (
				"${PODS_ROOT}/Target Support Files/Pods-InventoryApp/Pods-InventoryApp-frameworks-${CONFIGURATION}-output-files.xcfilelist",
			);
			runOnlyForDeploymentPostprocessing = 0;
			shellPath = /bin/sh;
			shellScript = "\"${PODS_ROOT}/Target Support Files/Pods-InventoryApp/Pods-InventoryApp-frameworks.sh\"\n";
			showEnvVarsInLog = 0;
		};
/* End PBXShellScriptBuildPhase section */

/* Begin PBXSourcesBuildPhase section */
		94586ED32580A1F5001A42C4 /* Sources */ = {
			isa = PBXSourcesBuildPhase;
			buildActionMask = 2147483647;
			files = (
				940E20112586B6F500036B96 /* RestockItemRowView.swift in Sources */,
				94F63773258E9FB000A63032 /* Constants.swift in Sources */,
				940E20172586C09900036B96 /* SaveItemButton.swift in Sources */,
				94003D98258161A70056928E /* HeaderView.swift in Sources */,
				94586EDD2580A1F5001A42C4 /* ContentView.swift in Sources */,
				943D6066258195BB00C6C712 /* ItemModel.swift in Sources */,
				94003D9325815FF00056928E /* MenuView.swift in Sources */,
				943D606D2581B85700C6C712 /* ItemButton.swift in Sources */,
				94EEFDEC2581CDAD0096DB87 /* InventoryListRowView.swift in Sources */,
				94003D9B258164EA0056928E /* AddInventoryView.swift in Sources */,
				94003D9025815E130056928E /* AppStateManager.swift in Sources */,
				940E200E2586AFE000036B96 /* RestockItemView.swift in Sources */,
				94586EDB2580A1F5001A42C4 /* InventoryAppApp.swift in Sources */,
				94EEFDEF258293250096DB87 /* CartModel.swift in Sources */,
				943D60692581ABEE00C6C712 /* InventoryListView.swift in Sources */,
				94003D9E258165590056928E /* Extensions.swift in Sources */,
				94EEFDF22582B7870096DB87 /* CartItemView.swift in Sources */,
				94B656A925841A6000CDFB12 /* MakeASaleView.swift in Sources */,
			);
			runOnlyForDeploymentPostprocessing = 0;
		};
/* End PBXSourcesBuildPhase section */

/* Begin XCBuildConfiguration section */
		94586EE42580A1F5001A42C4 /* Debug */ = {
			isa = XCBuildConfiguration;
			buildSettings = {
				ALWAYS_SEARCH_USER_PATHS = NO;
				CLANG_ANALYZER_NONNULL = YES;
				CLANG_ANALYZER_NUMBER_OBJECT_CONVERSION = YES_AGGRESSIVE;
				CLANG_CXX_LANGUAGE_STANDARD = "gnu++14";
				CLANG_CXX_LIBRARY = "libc++";
				CLANG_ENABLE_MODULES = YES;
				CLANG_ENABLE_OBJC_ARC = YES;
				CLANG_ENABLE_OBJC_WEAK = YES;
				CLANG_WARN_BLOCK_CAPTURE_AUTORELEASING = YES;
				CLANG_WARN_BOOL_CONVERSION = YES;
				CLANG_WARN_COMMA = YES;
				CLANG_WARN_CONSTANT_CONVERSION = YES;
				CLANG_WARN_DEPRECATED_OBJC_IMPLEMENTATIONS = YES;
				CLANG_WARN_DIRECT_OBJC_ISA_USAGE = YES_ERROR;
				CLANG_WARN_DOCUMENTATION_COMMENTS = YES;
				CLANG_WARN_EMPTY_BODY = YES;
				CLANG_WARN_ENUM_CONVERSION = YES;
				CLANG_WARN_INFINITE_RECURSION = YES;
				CLANG_WARN_INT_CONVERSION = YES;
				CLANG_WARN_NON_LITERAL_NULL_CONVERSION = YES;
				CLANG_WARN_OBJC_IMPLICIT_RETAIN_SELF = YES;
				CLANG_WARN_OBJC_LITERAL_CONVERSION = YES;
				CLANG_WARN_OBJC_ROOT_CLASS = YES_ERROR;
				CLANG_WARN_QUOTED_INCLUDE_IN_FRAMEWORK_HEADER = YES;
				CLANG_WARN_RANGE_LOOP_ANALYSIS = YES;
				CLANG_WARN_STRICT_PROTOTYPES = YES;
				CLANG_WARN_SUSPICIOUS_MOVE = YES;
				CLANG_WARN_UNGUARDED_AVAILABILITY = YES_AGGRESSIVE;
				CLANG_WARN_UNREACHABLE_CODE = YES;
				CLANG_WARN__DUPLICATE_METHOD_MATCH = YES;
				COPY_PHASE_STRIP = NO;
				DEBUG_INFORMATION_FORMAT = dwarf;
				ENABLE_STRICT_OBJC_MSGSEND = YES;
				ENABLE_TESTABILITY = YES;
				GCC_C_LANGUAGE_STANDARD = gnu11;
				GCC_DYNAMIC_NO_PIC = NO;
				GCC_NO_COMMON_BLOCKS = YES;
				GCC_OPTIMIZATION_LEVEL = 0;
				GCC_PREPROCESSOR_DEFINITIONS = (
					"DEBUG=1",
					"$(inherited)",
				);
				GCC_WARN_64_TO_32_BIT_CONVERSION = YES;
				GCC_WARN_ABOUT_RETURN_TYPE = YES_ERROR;
				GCC_WARN_UNDECLARED_SELECTOR = YES;
				GCC_WARN_UNINITIALIZED_AUTOS = YES_AGGRESSIVE;
				GCC_WARN_UNUSED_FUNCTION = YES;
				GCC_WARN_UNUSED_VARIABLE = YES;
				IPHONEOS_DEPLOYMENT_TARGET = 14.2;
				MTL_ENABLE_DEBUG_INFO = INCLUDE_SOURCE;
				MTL_FAST_MATH = YES;
				ONLY_ACTIVE_ARCH = YES;
				SDKROOT = iphoneos;
				SWIFT_ACTIVE_COMPILATION_CONDITIONS = DEBUG;
				SWIFT_OPTIMIZATION_LEVEL = "-Onone";
			};
			name = Debug;
		};
		94586EE52580A1F5001A42C4 /* Release */ = {
			isa = XCBuildConfiguration;
			buildSettings = {
				ALWAYS_SEARCH_USER_PATHS = NO;
				CLANG_ANALYZER_NONNULL = YES;
				CLANG_ANALYZER_NUMBER_OBJECT_CONVERSION = YES_AGGRESSIVE;
				CLANG_CXX_LANGUAGE_STANDARD = "gnu++14";
				CLANG_CXX_LIBRARY = "libc++";
				CLANG_ENABLE_MODULES = YES;
				CLANG_ENABLE_OBJC_ARC = YES;
				CLANG_ENABLE_OBJC_WEAK = YES;
				CLANG_WARN_BLOCK_CAPTURE_AUTORELEASING = YES;
				CLANG_WARN_BOOL_CONVERSION = YES;
				CLANG_WARN_COMMA = YES;
				CLANG_WARN_CONSTANT_CONVERSION = YES;
				CLANG_WARN_DEPRECATED_OBJC_IMPLEMENTATIONS = YES;
				CLANG_WARN_DIRECT_OBJC_ISA_USAGE = YES_ERROR;
				CLANG_WARN_DOCUMENTATION_COMMENTS = YES;
				CLANG_WARN_EMPTY_BODY = YES;
				CLANG_WARN_ENUM_CONVERSION = YES;
				CLANG_WARN_INFINITE_RECURSION = YES;
				CLANG_WARN_INT_CONVERSION = YES;
				CLANG_WARN_NON_LITERAL_NULL_CONVERSION = YES;
				CLANG_WARN_OBJC_IMPLICIT_RETAIN_SELF = YES;
				CLANG_WARN_OBJC_LITERAL_CONVERSION = YES;
				CLANG_WARN_OBJC_ROOT_CLASS = YES_ERROR;
				CLANG_WARN_QUOTED_INCLUDE_IN_FRAMEWORK_HEADER = YES;
				CLANG_WARN_RANGE_LOOP_ANALYSIS = YES;
				CLANG_WARN_STRICT_PROTOTYPES = YES;
				CLANG_WARN_SUSPICIOUS_MOVE = YES;
				CLANG_WARN_UNGUARDED_AVAILABILITY = YES_AGGRESSIVE;
				CLANG_WARN_UNREACHABLE_CODE = YES;
				CLANG_WARN__DUPLICATE_METHOD_MATCH = YES;
				COPY_PHASE_STRIP = NO;
				DEBUG_INFORMATION_FORMAT = "dwarf-with-dsym";
				ENABLE_NS_ASSERTIONS = NO;
				ENABLE_STRICT_OBJC_MSGSEND = YES;
				GCC_C_LANGUAGE_STANDARD = gnu11;
				GCC_NO_COMMON_BLOCKS = YES;
				GCC_WARN_64_TO_32_BIT_CONVERSION = YES;
				GCC_WARN_ABOUT_RETURN_TYPE = YES_ERROR;
				GCC_WARN_UNDECLARED_SELECTOR = YES;
				GCC_WARN_UNINITIALIZED_AUTOS = YES_AGGRESSIVE;
				GCC_WARN_UNUSED_FUNCTION = YES;
				GCC_WARN_UNUSED_VARIABLE = YES;
				IPHONEOS_DEPLOYMENT_TARGET = 14.2;
				MTL_ENABLE_DEBUG_INFO = NO;
				MTL_FAST_MATH = YES;
				SDKROOT = iphoneos;
				SWIFT_COMPILATION_MODE = wholemodule;
				SWIFT_OPTIMIZATION_LEVEL = "-O";
				VALIDATE_PRODUCT = YES;
			};
			name = Release;
		};
		94586EE72580A1F5001A42C4 /* Debug */ = {
			isa = XCBuildConfiguration;
			baseConfigurationReference = 9946A64A888619A89A72B516 /* Pods-InventoryApp.debug.xcconfig */;
			buildSettings = {
				ASSETCATALOG_COMPILER_APPICON_NAME = AppIcon;
				ASSETCATALOG_COMPILER_GLOBAL_ACCENT_COLOR_NAME = AccentColor;
				CODE_SIGN_STYLE = Automatic;
				DEVELOPMENT_ASSET_PATHS = "\"InventoryApp/Preview Content\"";
				DEVELOPMENT_TEAM = FV4ACN6AD6;
				ENABLE_PREVIEWS = YES;
				INFOPLIST_FILE = InventoryApp/Info.plist;
				IPHONEOS_DEPLOYMENT_TARGET = 14.0;
				LD_RUNPATH_SEARCH_PATHS = (
					"$(inherited)",
					"@executable_path/Frameworks",
				);
				PRODUCT_BUNDLE_IDENTIFIER = co.xavware.InventoryApp;
				PRODUCT_NAME = "$(TARGET_NAME)";
				SWIFT_VERSION = 5.0;
				TARGETED_DEVICE_FAMILY = "1,2";
			};
			name = Debug;
		};
		94586EE82580A1F5001A42C4 /* Release */ = {
			isa = XCBuildConfiguration;
			baseConfigurationReference = 34D937F88A67F1F8164756C4 /* Pods-InventoryApp.release.xcconfig */;
			buildSettings = {
				ASSETCATALOG_COMPILER_APPICON_NAME = AppIcon;
				ASSETCATALOG_COMPILER_GLOBAL_ACCENT_COLOR_NAME = AccentColor;
				CODE_SIGN_STYLE = Automatic;
				DEVELOPMENT_ASSET_PATHS = "\"InventoryApp/Preview Content\"";
				DEVELOPMENT_TEAM = FV4ACN6AD6;
				ENABLE_PREVIEWS = YES;
				INFOPLIST_FILE = InventoryApp/Info.plist;
				IPHONEOS_DEPLOYMENT_TARGET = 14.0;
				LD_RUNPATH_SEARCH_PATHS = (
					"$(inherited)",
					"@executable_path/Frameworks",
				);
				PRODUCT_BUNDLE_IDENTIFIER = co.xavware.InventoryApp;
				PRODUCT_NAME = "$(TARGET_NAME)";
				SWIFT_VERSION = 5.0;
				TARGETED_DEVICE_FAMILY = "1,2";
			};
			name = Release;
		};
/* End XCBuildConfiguration section */

/* Begin XCConfigurationList section */
		94586ED22580A1F4001A42C4 /* Build configuration list for PBXProject "InventoryApp" */ = {
			isa = XCConfigurationList;
			buildConfigurations = (
				94586EE42580A1F5001A42C4 /* Debug */,
				94586EE52580A1F5001A42C4 /* Release */,
			);
			defaultConfigurationIsVisible = 0;
			defaultConfigurationName = Release;
		};
		94586EE62580A1F5001A42C4 /* Build configuration list for PBXNativeTarget "InventoryApp" */ = {
			isa = XCConfigurationList;
			buildConfigurations = (
				94586EE72580A1F5001A42C4 /* Debug */,
				94586EE82580A1F5001A42C4 /* Release */,
			);
			defaultConfigurationIsVisible = 0;
			defaultConfigurationName = Release;
		};
/* End XCConfigurationList section */
	};
	rootObject = 94586ECF2580A1F4001A42C4 /* Project object */;
}
