// !$*UTF8*$!
{
	archiveVersion = 1;
	classes = {
	};
	objectVersion = 51;
	objects = {

/* Begin PBXBuildFile section */
		806E9313267C016600BAE9CB /* PasscodePadButton.swift in Sources */ = {isa = PBXBuildFile; fileRef = 806E9312267C016600BAE9CB /* PasscodePadButton.swift */; };
		808F8704267C18940078D388 /* CategoryModel.swift in Sources */ = {isa = PBXBuildFile; fileRef = 808F8703267C18940078D388 /* CategoryModel.swift */; };
		82E30FC69E20E4C5504771EB /* Pods_ConcessionTracker.framework in Frameworks */ = {isa = PBXBuildFile; fileRef = 82FE47A2D29D04391196E440 /* Pods_ConcessionTracker.framework */; };
		940DBF2E25BF3CC9007B3F10 /* CartView.swift in Sources */ = {isa = PBXBuildFile; fileRef = 940DBF2D25BF3CC9007B3F10 /* CartView.swift */; };
		940DBF3125BF3CD3007B3F10 /* MakeASaleView.swift in Sources */ = {isa = PBXBuildFile; fileRef = 940DBF3025BF3CD3007B3F10 /* MakeASaleView.swift */; };
		940DBF3425BF3D80007B3F10 /* ItemButton.swift in Sources */ = {isa = PBXBuildFile; fileRef = 940DBF3325BF3D80007B3F10 /* ItemButton.swift */; };
		940DBF3725BF3E2B007B3F10 /* Extensions.swift in Sources */ = {isa = PBXBuildFile; fileRef = 940DBF3625BF3E2B007B3F10 /* Extensions.swift */; };
		940DBF3A25BF3EC8007B3F10 /* CartItemView.swift in Sources */ = {isa = PBXBuildFile; fileRef = 940DBF3925BF3EC8007B3F10 /* CartItemView.swift */; };
		940DBF3D25BF3F8C007B3F10 /* MenuView.swift in Sources */ = {isa = PBXBuildFile; fileRef = 940DBF3C25BF3F8B007B3F10 /* MenuView.swift */; };
		940DBF4025BF4231007B3F10 /* TypePickerView.swift in Sources */ = {isa = PBXBuildFile; fileRef = 940DBF3F25BF4231007B3F10 /* TypePickerView.swift */; };
		940DBF4425BF62F5007B3F10 /* ConfirmationView.swift in Sources */ = {isa = PBXBuildFile; fileRef = 940DBF4325BF62F5007B3F10 /* ConfirmationView.swift */; };
		940DBF4725BF646B007B3F10 /* ActiveReceiptView.swift in Sources */ = {isa = PBXBuildFile; fileRef = 940DBF4625BF646B007B3F10 /* ActiveReceiptView.swift */; };
		940DBF4B25BF688E007B3F10 /* InventoryListView.swift in Sources */ = {isa = PBXBuildFile; fileRef = 940DBF4A25BF688E007B3F10 /* InventoryListView.swift */; };
		940DBF5325BF80F5007B3F10 /* EditItemView.swift in Sources */ = {isa = PBXBuildFile; fileRef = 940DBF5225BF80F5007B3F10 /* EditItemView.swift */; };
		940DBF5825BF9589007B3F10 /* InventoryStatusView.swift in Sources */ = {isa = PBXBuildFile; fileRef = 940DBF5525BF9588007B3F10 /* InventoryStatusView.swift */; };
		940DBF5925BF9589007B3F10 /* SalesHistoryView.swift in Sources */ = {isa = PBXBuildFile; fileRef = 940DBF5625BF9589007B3F10 /* SalesHistoryView.swift */; };
		940DBF5A25BF9589007B3F10 /* SaleRowView.swift in Sources */ = {isa = PBXBuildFile; fileRef = 940DBF5725BF9589007B3F10 /* SaleRowView.swift */; };
		940DBF5E25C0990C007B3F10 /* RightChevron.swift in Sources */ = {isa = PBXBuildFile; fileRef = 940DBF5D25C0990C007B3F10 /* RightChevron.swift */; };
		941F72EC25BB83090049F6A4 /* ItemDetailView.swift in Sources */ = {isa = PBXBuildFile; fileRef = 941F72EB25BB83090049F6A4 /* ItemDetailView.swift */; };
		9421EA7425B8BC0B00E9D6FB /* ConcessionTrackerApp.swift in Sources */ = {isa = PBXBuildFile; fileRef = 9421EA7325B8BC0A00E9D6FB /* ConcessionTrackerApp.swift */; };
		9421EA7625B8BC0B00E9D6FB /* ContentView.swift in Sources */ = {isa = PBXBuildFile; fileRef = 9421EA7525B8BC0B00E9D6FB /* ContentView.swift */; };
		9421EA7825B8BC0B00E9D6FB /* Assets.xcassets in Resources */ = {isa = PBXBuildFile; fileRef = 9421EA7725B8BC0B00E9D6FB /* Assets.xcassets */; };
		9421EA7B25B8BC0B00E9D6FB /* Preview Assets.xcassets in Resources */ = {isa = PBXBuildFile; fileRef = 9421EA7A25B8BC0B00E9D6FB /* Preview Assets.xcassets */; };
		949A0A8425B8BF54000EDF2E /* TypeModel.swift in Sources */ = {isa = PBXBuildFile; fileRef = 949A0A8325B8BF54000EDF2E /* TypeModel.swift */; };
		949A0A8725B8BFB8000EDF2E /* TypeData.swift in Sources */ = {isa = PBXBuildFile; fileRef = 949A0A8625B8BFB8000EDF2E /* TypeData.swift */; };
		949A0A9025B8C158000EDF2E /* SaleModel.swift in Sources */ = {isa = PBXBuildFile; fileRef = 949A0A8C25B8C157000EDF2E /* SaleModel.swift */; };
		949A0A9125B8C158000EDF2E /* CartModel.swift in Sources */ = {isa = PBXBuildFile; fileRef = 949A0A8D25B8C158000EDF2E /* CartModel.swift */; };
		949A0A9225B8C158000EDF2E /* SaleDateManager.swift in Sources */ = {isa = PBXBuildFile; fileRef = 949A0A8E25B8C158000EDF2E /* SaleDateManager.swift */; };
		949A0A9325B8C158000EDF2E /* ItemModel.swift in Sources */ = {isa = PBXBuildFile; fileRef = 949A0A8F25B8C158000EDF2E /* ItemModel.swift */; };
		949A0A9625B8C2B4000EDF2E /* SaleItemModel.swift in Sources */ = {isa = PBXBuildFile; fileRef = 949A0A9525B8C2B4000EDF2E /* SaleItemModel.swift */; };
		949A0A9925B8C2F8000EDF2E /* CartItemModel.swift in Sources */ = {isa = PBXBuildFile; fileRef = 949A0A9825B8C2F8000EDF2E /* CartItemModel.swift */; };
		949A0A9F25B8C844000EDF2E /* AddInventoryView.swift in Sources */ = {isa = PBXBuildFile; fileRef = 949A0A9E25B8C844000EDF2E /* AddInventoryView.swift */; };
		949A0AA225B8C869000EDF2E /* ItemSelectorView.swift in Sources */ = {isa = PBXBuildFile; fileRef = 949A0AA125B8C869000EDF2E /* ItemSelectorView.swift */; };
		949A0AAE25B8C8AA000EDF2E /* SaveItemButton.swift in Sources */ = {isa = PBXBuildFile; fileRef = 949A0AAA25B8C8AA000EDF2E /* SaveItemButton.swift */; };
		94DC961A25B8D342001A4547 /* Modifiers.swift in Sources */ = {isa = PBXBuildFile; fileRef = 94DC961925B8D342001A4547 /* Modifiers.swift */; };
		94DC961E25B8D93B001A4547 /* TypeSelectorView.swift in Sources */ = {isa = PBXBuildFile; fileRef = 94DC961D25B8D93B001A4547 /* TypeSelectorView.swift */; };
		94DC962225BA6530001A4547 /* QuantitySelector.swift in Sources */ = {isa = PBXBuildFile; fileRef = 94DC962125BA6530001A4547 /* QuantitySelector.swift */; };
		94DC962625BA747E001A4547 /* AnimatedCheckmarkView.swift in Sources */ = {isa = PBXBuildFile; fileRef = 94DC962525BA747E001A4547 /* AnimatedCheckmarkView.swift */; };
		94F43548267A9652001438E7 /* PasscodePad.swift in Sources */ = {isa = PBXBuildFile; fileRef = 94F43547267A9652001438E7 /* PasscodePad.swift */; };
		94F4354A267A9657001438E7 /* OnboardingView.swift in Sources */ = {isa = PBXBuildFile; fileRef = 94F43549267A9657001438E7 /* OnboardingView.swift */; };
		94F4354C267A9661001438E7 /* CategorySlider.swift in Sources */ = {isa = PBXBuildFile; fileRef = 94F4354B267A9661001438E7 /* CategorySlider.swift */; };
/* End PBXBuildFile section */

/* Begin PBXFileReference section */
		27E2FBF7E75508960D1C848B /* Pods-ConcessionTracker.release.xcconfig */ = {isa = PBXFileReference; includeInIndex = 1; lastKnownFileType = text.xcconfig; name = "Pods-ConcessionTracker.release.xcconfig"; path = "Target Support Files/Pods-ConcessionTracker/Pods-ConcessionTracker.release.xcconfig"; sourceTree = "<group>"; };
		565120A290F77DC0587A5627 /* Pods-ConcessionTracker.debug.xcconfig */ = {isa = PBXFileReference; includeInIndex = 1; lastKnownFileType = text.xcconfig; name = "Pods-ConcessionTracker.debug.xcconfig"; path = "Target Support Files/Pods-ConcessionTracker/Pods-ConcessionTracker.debug.xcconfig"; sourceTree = "<group>"; };
		806E9312267C016600BAE9CB /* PasscodePadButton.swift */ = {isa = PBXFileReference; lastKnownFileType = sourcecode.swift; path = PasscodePadButton.swift; sourceTree = "<group>"; };
		808F8703267C18940078D388 /* CategoryModel.swift */ = {isa = PBXFileReference; lastKnownFileType = sourcecode.swift; path = CategoryModel.swift; sourceTree = "<group>"; };
		82FE47A2D29D04391196E440 /* Pods_ConcessionTracker.framework */ = {isa = PBXFileReference; explicitFileType = wrapper.framework; includeInIndex = 0; path = Pods_ConcessionTracker.framework; sourceTree = BUILT_PRODUCTS_DIR; };
		940DBF2D25BF3CC9007B3F10 /* CartView.swift */ = {isa = PBXFileReference; fileEncoding = 4; indentWidth = 4; lastKnownFileType = sourcecode.swift; path = CartView.swift; sourceTree = "<group>"; };
		940DBF3025BF3CD3007B3F10 /* MakeASaleView.swift */ = {isa = PBXFileReference; fileEncoding = 4; lastKnownFileType = sourcecode.swift; path = MakeASaleView.swift; sourceTree = "<group>"; };
		940DBF3325BF3D80007B3F10 /* ItemButton.swift */ = {isa = PBXFileReference; fileEncoding = 4; lastKnownFileType = sourcecode.swift; path = ItemButton.swift; sourceTree = "<group>"; };
		940DBF3625BF3E2B007B3F10 /* Extensions.swift */ = {isa = PBXFileReference; fileEncoding = 4; lastKnownFileType = sourcecode.swift; path = Extensions.swift; sourceTree = "<group>"; };
		940DBF3925BF3EC8007B3F10 /* CartItemView.swift */ = {isa = PBXFileReference; fileEncoding = 4; lastKnownFileType = sourcecode.swift; path = CartItemView.swift; sourceTree = "<group>"; };
		940DBF3C25BF3F8B007B3F10 /* MenuView.swift */ = {isa = PBXFileReference; fileEncoding = 4; lastKnownFileType = sourcecode.swift; path = MenuView.swift; sourceTree = "<group>"; };
		940DBF3F25BF4231007B3F10 /* TypePickerView.swift */ = {isa = PBXFileReference; lastKnownFileType = sourcecode.swift; path = TypePickerView.swift; sourceTree = "<group>"; };
		940DBF4325BF62F5007B3F10 /* ConfirmationView.swift */ = {isa = PBXFileReference; lastKnownFileType = sourcecode.swift; path = ConfirmationView.swift; sourceTree = "<group>"; };
		940DBF4625BF646B007B3F10 /* ActiveReceiptView.swift */ = {isa = PBXFileReference; lastKnownFileType = sourcecode.swift; path = ActiveReceiptView.swift; sourceTree = "<group>"; };
		940DBF4A25BF688E007B3F10 /* InventoryListView.swift */ = {isa = PBXFileReference; fileEncoding = 4; lastKnownFileType = sourcecode.swift; path = InventoryListView.swift; sourceTree = "<group>"; };
		940DBF5225BF80F5007B3F10 /* EditItemView.swift */ = {isa = PBXFileReference; lastKnownFileType = sourcecode.swift; path = EditItemView.swift; sourceTree = "<group>"; };
		940DBF5525BF9588007B3F10 /* InventoryStatusView.swift */ = {isa = PBXFileReference; fileEncoding = 4; lastKnownFileType = sourcecode.swift; path = InventoryStatusView.swift; sourceTree = "<group>"; };
		940DBF5625BF9589007B3F10 /* SalesHistoryView.swift */ = {isa = PBXFileReference; fileEncoding = 4; lastKnownFileType = sourcecode.swift; path = SalesHistoryView.swift; sourceTree = "<group>"; };
		940DBF5725BF9589007B3F10 /* SaleRowView.swift */ = {isa = PBXFileReference; fileEncoding = 4; lastKnownFileType = sourcecode.swift; path = SaleRowView.swift; sourceTree = "<group>"; };
		940DBF5D25C0990C007B3F10 /* RightChevron.swift */ = {isa = PBXFileReference; lastKnownFileType = sourcecode.swift; path = RightChevron.swift; sourceTree = "<group>"; };
		941F72EB25BB83090049F6A4 /* ItemDetailView.swift */ = {isa = PBXFileReference; lastKnownFileType = sourcecode.swift; path = ItemDetailView.swift; sourceTree = "<group>"; };
		9421EA7025B8BC0A00E9D6FB /* ConcessionTracker.app */ = {isa = PBXFileReference; explicitFileType = wrapper.application; includeInIndex = 0; path = ConcessionTracker.app; sourceTree = BUILT_PRODUCTS_DIR; };
		9421EA7325B8BC0A00E9D6FB /* ConcessionTrackerApp.swift */ = {isa = PBXFileReference; lastKnownFileType = sourcecode.swift; path = ConcessionTrackerApp.swift; sourceTree = "<group>"; };
		9421EA7525B8BC0B00E9D6FB /* ContentView.swift */ = {isa = PBXFileReference; lastKnownFileType = sourcecode.swift; path = ContentView.swift; sourceTree = "<group>"; };
		9421EA7725B8BC0B00E9D6FB /* Assets.xcassets */ = {isa = PBXFileReference; lastKnownFileType = folder.assetcatalog; path = Assets.xcassets; sourceTree = "<group>"; };
		9421EA7A25B8BC0B00E9D6FB /* Preview Assets.xcassets */ = {isa = PBXFileReference; lastKnownFileType = folder.assetcatalog; path = "Preview Assets.xcassets"; sourceTree = "<group>"; };
		9421EA7C25B8BC0B00E9D6FB /* Info.plist */ = {isa = PBXFileReference; lastKnownFileType = text.plist.xml; path = Info.plist; sourceTree = "<group>"; };
		949A0A8325B8BF54000EDF2E /* TypeModel.swift */ = {isa = PBXFileReference; lastKnownFileType = sourcecode.swift; path = TypeModel.swift; sourceTree = "<group>"; };
		949A0A8625B8BFB8000EDF2E /* TypeData.swift */ = {isa = PBXFileReference; lastKnownFileType = sourcecode.swift; path = TypeData.swift; sourceTree = "<group>"; };
		949A0A8C25B8C157000EDF2E /* SaleModel.swift */ = {isa = PBXFileReference; fileEncoding = 4; lastKnownFileType = sourcecode.swift; path = SaleModel.swift; sourceTree = "<group>"; };
		949A0A8D25B8C158000EDF2E /* CartModel.swift */ = {isa = PBXFileReference; fileEncoding = 4; lastKnownFileType = sourcecode.swift; path = CartModel.swift; sourceTree = "<group>"; };
		949A0A8E25B8C158000EDF2E /* SaleDateManager.swift */ = {isa = PBXFileReference; fileEncoding = 4; lastKnownFileType = sourcecode.swift; path = SaleDateManager.swift; sourceTree = "<group>"; };
		949A0A8F25B8C158000EDF2E /* ItemModel.swift */ = {isa = PBXFileReference; fileEncoding = 4; lastKnownFileType = sourcecode.swift; path = ItemModel.swift; sourceTree = "<group>"; };
		949A0A9525B8C2B4000EDF2E /* SaleItemModel.swift */ = {isa = PBXFileReference; lastKnownFileType = sourcecode.swift; path = SaleItemModel.swift; sourceTree = "<group>"; };
		949A0A9825B8C2F8000EDF2E /* CartItemModel.swift */ = {isa = PBXFileReference; lastKnownFileType = sourcecode.swift; path = CartItemModel.swift; sourceTree = "<group>"; };
		949A0A9E25B8C844000EDF2E /* AddInventoryView.swift */ = {isa = PBXFileReference; fileEncoding = 4; lastKnownFileType = sourcecode.swift; path = AddInventoryView.swift; sourceTree = "<group>"; };
		949A0AA125B8C869000EDF2E /* ItemSelectorView.swift */ = {isa = PBXFileReference; fileEncoding = 4; lastKnownFileType = sourcecode.swift; path = ItemSelectorView.swift; sourceTree = "<group>"; };
		949A0AAA25B8C8AA000EDF2E /* SaveItemButton.swift */ = {isa = PBXFileReference; fileEncoding = 4; lastKnownFileType = sourcecode.swift; path = SaveItemButton.swift; sourceTree = "<group>"; };
		94DC961925B8D342001A4547 /* Modifiers.swift */ = {isa = PBXFileReference; lastKnownFileType = sourcecode.swift; path = Modifiers.swift; sourceTree = "<group>"; };
		94DC961D25B8D93B001A4547 /* TypeSelectorView.swift */ = {isa = PBXFileReference; lastKnownFileType = sourcecode.swift; path = TypeSelectorView.swift; sourceTree = "<group>"; };
		94DC962125BA6530001A4547 /* QuantitySelector.swift */ = {isa = PBXFileReference; lastKnownFileType = sourcecode.swift; path = QuantitySelector.swift; sourceTree = "<group>"; };
		94DC962525BA747E001A4547 /* AnimatedCheckmarkView.swift */ = {isa = PBXFileReference; lastKnownFileType = sourcecode.swift; path = AnimatedCheckmarkView.swift; sourceTree = "<group>"; };
		94F43547267A9652001438E7 /* PasscodePad.swift */ = {isa = PBXFileReference; fileEncoding = 4; lastKnownFileType = sourcecode.swift; path = PasscodePad.swift; sourceTree = "<group>"; };
		94F43549267A9657001438E7 /* OnboardingView.swift */ = {isa = PBXFileReference; fileEncoding = 4; lastKnownFileType = sourcecode.swift; path = OnboardingView.swift; sourceTree = "<group>"; };
		94F4354B267A9661001438E7 /* CategorySlider.swift */ = {isa = PBXFileReference; fileEncoding = 4; lastKnownFileType = sourcecode.swift; path = CategorySlider.swift; sourceTree = "<group>"; };
/* End PBXFileReference section */

/* Begin PBXFrameworksBuildPhase section */
		9421EA6D25B8BC0A00E9D6FB /* Frameworks */ = {
			isa = PBXFrameworksBuildPhase;
			buildActionMask = 2147483647;
			files = (
				82E30FC69E20E4C5504771EB /* Pods_ConcessionTracker.framework in Frameworks */,
			);
			runOnlyForDeploymentPostprocessing = 0;
		};
/* End PBXFrameworksBuildPhase section */

/* Begin PBXGroup section */
		1E561EBB9BF3FE87E4FB3E33 /* Frameworks */ = {
			isa = PBXGroup;
			children = (
				82FE47A2D29D04391196E440 /* Pods_ConcessionTracker.framework */,
			);
			name = Frameworks;
			sourceTree = "<group>";
		};
		528B155CE8030A432449F74D /* Pods */ = {
			isa = PBXGroup;
			children = (
				565120A290F77DC0587A5627 /* Pods-ConcessionTracker.debug.xcconfig */,
				27E2FBF7E75508960D1C848B /* Pods-ConcessionTracker.release.xcconfig */,
			);
			path = Pods;
			sourceTree = "<group>";
		};
		806E9311267C012E00BAE9CB /* Custom Components */ = {
			isa = PBXGroup;
			children = (
				940DBF3325BF3D80007B3F10 /* ItemButton.swift */,
				949A0AAA25B8C8AA000EDF2E /* SaveItemButton.swift */,
				94DC962125BA6530001A4547 /* QuantitySelector.swift */,
				94DC962525BA747E001A4547 /* AnimatedCheckmarkView.swift */,
				94F43547267A9652001438E7 /* PasscodePad.swift */,
				806E9312267C016600BAE9CB /* PasscodePadButton.swift */,
				940DBF3F25BF4231007B3F10 /* TypePickerView.swift */,
				94F4354B267A9661001438E7 /* CategorySlider.swift */,
				940DBF5D25C0990C007B3F10 /* RightChevron.swift */,
			);
			path = "Custom Components";
			sourceTree = "<group>";
		};
		9421EA6725B8BC0A00E9D6FB = {
			isa = PBXGroup;
			children = (
				9421EA7225B8BC0A00E9D6FB /* ConcessionTracker */,
				9421EA7125B8BC0A00E9D6FB /* Products */,
				528B155CE8030A432449F74D /* Pods */,
				1E561EBB9BF3FE87E4FB3E33 /* Frameworks */,
			);
			sourceTree = "<group>";
		};
		9421EA7125B8BC0A00E9D6FB /* Products */ = {
			isa = PBXGroup;
			children = (
				9421EA7025B8BC0A00E9D6FB /* ConcessionTracker.app */,
			);
			name = Products;
			sourceTree = "<group>";
		};
		9421EA7225B8BC0A00E9D6FB /* ConcessionTracker */ = {
			isa = PBXGroup;
			children = (
				949A0A8225B8BE89000EDF2E /* Model */,
				949A0A8125B8BE84000EDF2E /* View */,
				949A0A8025B8BE77000EDF2E /* Data */,
				9421EA7325B8BC0A00E9D6FB /* ConcessionTrackerApp.swift */,
				9421EA7725B8BC0B00E9D6FB /* Assets.xcassets */,
				9421EA7C25B8BC0B00E9D6FB /* Info.plist */,
				9421EA7925B8BC0B00E9D6FB /* Preview Content */,
				94DC961925B8D342001A4547 /* Modifiers.swift */,
				940DBF3625BF3E2B007B3F10 /* Extensions.swift */,
			);
			path = ConcessionTracker;
			sourceTree = "<group>";
		};
		9421EA7925B8BC0B00E9D6FB /* Preview Content */ = {
			isa = PBXGroup;
			children = (
				9421EA7A25B8BC0B00E9D6FB /* Preview Assets.xcassets */,
			);
			path = "Preview Content";
			sourceTree = "<group>";
		};
		949A0A8025B8BE77000EDF2E /* Data */ = {
			isa = PBXGroup;
			children = (
				949A0A8625B8BFB8000EDF2E /* TypeData.swift */,
			);
			path = Data;
			sourceTree = "<group>";
		};
		949A0A8125B8BE84000EDF2E /* View */ = {
			isa = PBXGroup;
			children = (
				806E9311267C012E00BAE9CB /* Custom Components */,
				9421EA7525B8BC0B00E9D6FB /* ContentView.swift */,
				94F43549267A9657001438E7 /* OnboardingView.swift */,
				940DBF3025BF3CD3007B3F10 /* MakeASaleView.swift */,
				949A0A9E25B8C844000EDF2E /* AddInventoryView.swift */,
				941F72EB25BB83090049F6A4 /* ItemDetailView.swift */,
				949A0AA125B8C869000EDF2E /* ItemSelectorView.swift */,
				94DC961D25B8D93B001A4547 /* TypeSelectorView.swift */,
				940DBF2D25BF3CC9007B3F10 /* CartView.swift */,
				940DBF4325BF62F5007B3F10 /* ConfirmationView.swift */,
				940DBF4625BF646B007B3F10 /* ActiveReceiptView.swift */,
				940DBF3925BF3EC8007B3F10 /* CartItemView.swift */,
				940DBF3C25BF3F8B007B3F10 /* MenuView.swift */,
				940DBF4A25BF688E007B3F10 /* InventoryListView.swift */,
				940DBF5225BF80F5007B3F10 /* EditItemView.swift */,
				940DBF5525BF9588007B3F10 /* InventoryStatusView.swift */,
				940DBF5725BF9589007B3F10 /* SaleRowView.swift */,
				940DBF5625BF9589007B3F10 /* SalesHistoryView.swift */,
			);
			path = View;
			sourceTree = "<group>";
		};
		949A0A8225B8BE89000EDF2E /* Model */ = {
			isa = PBXGroup;
			children = (
				949A0A8325B8BF54000EDF2E /* TypeModel.swift */,
				949A0A8D25B8C158000EDF2E /* CartModel.swift */,
				949A0A8F25B8C158000EDF2E /* ItemModel.swift */,
				808F8703267C18940078D388 /* CategoryModel.swift */,
				949A0A8E25B8C158000EDF2E /* SaleDateManager.swift */,
				949A0A8C25B8C157000EDF2E /* SaleModel.swift */,
				949A0A9525B8C2B4000EDF2E /* SaleItemModel.swift */,
				949A0A9825B8C2F8000EDF2E /* CartItemModel.swift */,
			);
			path = Model;
			sourceTree = "<group>";
		};
/* End PBXGroup section */

/* Begin PBXNativeTarget section */
		9421EA6F25B8BC0A00E9D6FB /* ConcessionTracker */ = {
			isa = PBXNativeTarget;
			buildConfigurationList = 9421EA7F25B8BC0B00E9D6FB /* Build configuration list for PBXNativeTarget "ConcessionTracker" */;
			buildPhases = (
				D80E243B5855605102FCB6A2 /* [CP] Check Pods Manifest.lock */,
				9421EA6C25B8BC0A00E9D6FB /* Sources */,
				9421EA6D25B8BC0A00E9D6FB /* Frameworks */,
				9421EA6E25B8BC0A00E9D6FB /* Resources */,
				8F6C2A511BD2EFCACBE9E880 /* [CP] Embed Pods Frameworks */,
			);
			buildRules = (
			);
			dependencies = (
			);
			name = ConcessionTracker;
			productName = ConcessionTracker;
			productReference = 9421EA7025B8BC0A00E9D6FB /* ConcessionTracker.app */;
			productType = "com.apple.product-type.application";
		};
/* End PBXNativeTarget section */

/* Begin PBXProject section */
		9421EA6825B8BC0A00E9D6FB /* Project object */ = {
			isa = PBXProject;
			attributes = {
				LastSwiftUpdateCheck = 1230;
				LastUpgradeCheck = 1230;
				TargetAttributes = {
					9421EA6F25B8BC0A00E9D6FB = {
						CreatedOnToolsVersion = 12.3;
					};
				};
			};
			buildConfigurationList = 9421EA6B25B8BC0A00E9D6FB /* Build configuration list for PBXProject "ConcessionTracker" */;
			compatibilityVersion = "Xcode 9.3";
			developmentRegion = en;
			hasScannedForEncodings = 0;
			knownRegions = (
				en,
				Base,
			);
			mainGroup = 9421EA6725B8BC0A00E9D6FB;
			productRefGroup = 9421EA7125B8BC0A00E9D6FB /* Products */;
			projectDirPath = "";
			projectRoot = "";
			targets = (
				9421EA6F25B8BC0A00E9D6FB /* ConcessionTracker */,
			);
		};
/* End PBXProject section */

/* Begin PBXResourcesBuildPhase section */
		9421EA6E25B8BC0A00E9D6FB /* Resources */ = {
			isa = PBXResourcesBuildPhase;
			buildActionMask = 2147483647;
			files = (
				9421EA7B25B8BC0B00E9D6FB /* Preview Assets.xcassets in Resources */,
				9421EA7825B8BC0B00E9D6FB /* Assets.xcassets in Resources */,
			);
			runOnlyForDeploymentPostprocessing = 0;
		};
/* End PBXResourcesBuildPhase section */

/* Begin PBXShellScriptBuildPhase section */
		8F6C2A511BD2EFCACBE9E880 /* [CP] Embed Pods Frameworks */ = {
			isa = PBXShellScriptBuildPhase;
			buildActionMask = 2147483647;
			files = (
			);
			inputFileListPaths = (
				"${PODS_ROOT}/Target Support Files/Pods-ConcessionTracker/Pods-ConcessionTracker-frameworks-${CONFIGURATION}-input-files.xcfilelist",
			);
			name = "[CP] Embed Pods Frameworks";
			outputFileListPaths = (
				"${PODS_ROOT}/Target Support Files/Pods-ConcessionTracker/Pods-ConcessionTracker-frameworks-${CONFIGURATION}-output-files.xcfilelist",
			);
			runOnlyForDeploymentPostprocessing = 0;
			shellPath = /bin/sh;
			shellScript = "\"${PODS_ROOT}/Target Support Files/Pods-ConcessionTracker/Pods-ConcessionTracker-frameworks.sh\"\n";
			showEnvVarsInLog = 0;
		};
		D80E243B5855605102FCB6A2 /* [CP] Check Pods Manifest.lock */ = {
			isa = PBXShellScriptBuildPhase;
			buildActionMask = 2147483647;
			files = (
			);
			inputFileListPaths = (
			);
			inputPaths = (
				"${PODS_PODFILE_DIR_PATH}/Podfile.lock",
				"${PODS_ROOT}/Manifest.lock",
			);
			name = "[CP] Check Pods Manifest.lock";
			outputFileListPaths = (
			);
			outputPaths = (
				"$(DERIVED_FILE_DIR)/Pods-ConcessionTracker-checkManifestLockResult.txt",
			);
			runOnlyForDeploymentPostprocessing = 0;
			shellPath = /bin/sh;
			shellScript = "diff \"${PODS_PODFILE_DIR_PATH}/Podfile.lock\" \"${PODS_ROOT}/Manifest.lock\" > /dev/null\nif [ $? != 0 ] ; then\n    # print error to STDERR\n    echo \"error: The sandbox is not in sync with the Podfile.lock. Run 'pod install' or update your CocoaPods installation.\" >&2\n    exit 1\nfi\n# This output is used by Xcode 'outputs' to avoid re-running this script phase.\necho \"SUCCESS\" > \"${SCRIPT_OUTPUT_FILE_0}\"\n";
			showEnvVarsInLog = 0;
		};
/* End PBXShellScriptBuildPhase section */

/* Begin PBXSourcesBuildPhase section */
		9421EA6C25B8BC0A00E9D6FB /* Sources */ = {
			isa = PBXSourcesBuildPhase;
			buildActionMask = 2147483647;
			files = (
				940DBF3D25BF3F8C007B3F10 /* MenuView.swift in Sources */,
				949A0A9F25B8C844000EDF2E /* AddInventoryView.swift in Sources */,
				806E9313267C016600BAE9CB /* PasscodePadButton.swift in Sources */,
				949A0AAE25B8C8AA000EDF2E /* SaveItemButton.swift in Sources */,
				9421EA7625B8BC0B00E9D6FB /* ContentView.swift in Sources */,
				949A0AA225B8C869000EDF2E /* ItemSelectorView.swift in Sources */,
				940DBF3A25BF3EC8007B3F10 /* CartItemView.swift in Sources */,
				940DBF4B25BF688E007B3F10 /* InventoryListView.swift in Sources */,
				949A0A9125B8C158000EDF2E /* CartModel.swift in Sources */,
				940DBF5E25C0990C007B3F10 /* RightChevron.swift in Sources */,
				940DBF3125BF3CD3007B3F10 /* MakeASaleView.swift in Sources */,
				94DC962225BA6530001A4547 /* QuantitySelector.swift in Sources */,
				940DBF5925BF9589007B3F10 /* SalesHistoryView.swift in Sources */,
				94DC961E25B8D93B001A4547 /* TypeSelectorView.swift in Sources */,
				94F4354A267A9657001438E7 /* OnboardingView.swift in Sources */,
				940DBF4725BF646B007B3F10 /* ActiveReceiptView.swift in Sources */,
				940DBF4025BF4231007B3F10 /* TypePickerView.swift in Sources */,
				949A0A9325B8C158000EDF2E /* ItemModel.swift in Sources */,
				949A0A9025B8C158000EDF2E /* SaleModel.swift in Sources */,
				949A0A8725B8BFB8000EDF2E /* TypeData.swift in Sources */,
				941F72EC25BB83090049F6A4 /* ItemDetailView.swift in Sources */,
				940DBF3425BF3D80007B3F10 /* ItemButton.swift in Sources */,
				9421EA7425B8BC0B00E9D6FB /* ConcessionTrackerApp.swift in Sources */,
				940DBF4425BF62F5007B3F10 /* ConfirmationView.swift in Sources */,
				949A0A9625B8C2B4000EDF2E /* SaleItemModel.swift in Sources */,
				94F4354C267A9661001438E7 /* CategorySlider.swift in Sources */,
				940DBF5825BF9589007B3F10 /* InventoryStatusView.swift in Sources */,
				940DBF5A25BF9589007B3F10 /* SaleRowView.swift in Sources */,
				94F43548267A9652001438E7 /* PasscodePad.swift in Sources */,
				949A0A9225B8C158000EDF2E /* SaleDateManager.swift in Sources */,
				940DBF5325BF80F5007B3F10 /* EditItemView.swift in Sources */,
				94DC961A25B8D342001A4547 /* Modifiers.swift in Sources */,
				940DBF2E25BF3CC9007B3F10 /* CartView.swift in Sources */,
				94DC962625BA747E001A4547 /* AnimatedCheckmarkView.swift in Sources */,
				949A0A9925B8C2F8000EDF2E /* CartItemModel.swift in Sources */,
				808F8704267C18940078D388 /* CategoryModel.swift in Sources */,
				949A0A8425B8BF54000EDF2E /* TypeModel.swift in Sources */,
				940DBF3725BF3E2B007B3F10 /* Extensions.swift in Sources */,
			);
			runOnlyForDeploymentPostprocessing = 0;
		};
/* End PBXSourcesBuildPhase section */

/* Begin XCBuildConfiguration section */
		9421EA7D25B8BC0B00E9D6FB /* Debug */ = {
			isa = XCBuildConfiguration;
			buildSettings = {
				ALWAYS_SEARCH_USER_PATHS = NO;
				CLANG_ANALYZER_NONNULL = YES;
				CLANG_ANALYZER_NUMBER_OBJECT_CONVERSION = YES_AGGRESSIVE;
				CLANG_CXX_LANGUAGE_STANDARD = "gnu++14";
				CLANG_CXX_LIBRARY = "libc++";
				CLANG_ENABLE_MODULES = YES;
				CLANG_ENABLE_OBJC_ARC = YES;
				CLANG_ENABLE_OBJC_WEAK = YES;
				CLANG_WARN_BLOCK_CAPTURE_AUTORELEASING = YES;
				CLANG_WARN_BOOL_CONVERSION = YES;
				CLANG_WARN_COMMA = YES;
				CLANG_WARN_CONSTANT_CONVERSION = YES;
				CLANG_WARN_DEPRECATED_OBJC_IMPLEMENTATIONS = YES;
				CLANG_WARN_DIRECT_OBJC_ISA_USAGE = YES_ERROR;
				CLANG_WARN_DOCUMENTATION_COMMENTS = YES;
				CLANG_WARN_EMPTY_BODY = YES;
				CLANG_WARN_ENUM_CONVERSION = YES;
				CLANG_WARN_INFINITE_RECURSION = YES;
				CLANG_WARN_INT_CONVERSION = YES;
				CLANG_WARN_NON_LITERAL_NULL_CONVERSION = YES;
				CLANG_WARN_OBJC_IMPLICIT_RETAIN_SELF = YES;
				CLANG_WARN_OBJC_LITERAL_CONVERSION = YES;
				CLANG_WARN_OBJC_ROOT_CLASS = YES_ERROR;
				CLANG_WARN_QUOTED_INCLUDE_IN_FRAMEWORK_HEADER = YES;
				CLANG_WARN_RANGE_LOOP_ANALYSIS = YES;
				CLANG_WARN_STRICT_PROTOTYPES = YES;
				CLANG_WARN_SUSPICIOUS_MOVE = YES;
				CLANG_WARN_UNGUARDED_AVAILABILITY = YES_AGGRESSIVE;
				CLANG_WARN_UNREACHABLE_CODE = YES;
				CLANG_WARN__DUPLICATE_METHOD_MATCH = YES;
				COPY_PHASE_STRIP = NO;
				DEBUG_INFORMATION_FORMAT = dwarf;
				ENABLE_STRICT_OBJC_MSGSEND = YES;
				ENABLE_TESTABILITY = YES;
				GCC_C_LANGUAGE_STANDARD = gnu11;
				GCC_DYNAMIC_NO_PIC = NO;
				GCC_NO_COMMON_BLOCKS = YES;
				GCC_OPTIMIZATION_LEVEL = 0;
				GCC_PREPROCESSOR_DEFINITIONS = (
					"DEBUG=1",
					"$(inherited)",
				);
				GCC_WARN_64_TO_32_BIT_CONVERSION = YES;
				GCC_WARN_ABOUT_RETURN_TYPE = YES_ERROR;
				GCC_WARN_UNDECLARED_SELECTOR = YES;
				GCC_WARN_UNINITIALIZED_AUTOS = YES_AGGRESSIVE;
				GCC_WARN_UNUSED_FUNCTION = YES;
				GCC_WARN_UNUSED_VARIABLE = YES;
				IPHONEOS_DEPLOYMENT_TARGET = 14.3;
				MTL_ENABLE_DEBUG_INFO = INCLUDE_SOURCE;
				MTL_FAST_MATH = YES;
				ONLY_ACTIVE_ARCH = YES;
				SDKROOT = iphoneos;
				SWIFT_ACTIVE_COMPILATION_CONDITIONS = DEBUG;
				SWIFT_OPTIMIZATION_LEVEL = "-Onone";
			};
			name = Debug;
		};
		9421EA7E25B8BC0B00E9D6FB /* Release */ = {
			isa = XCBuildConfiguration;
			buildSettings = {
				ALWAYS_SEARCH_USER_PATHS = NO;
				CLANG_ANALYZER_NONNULL = YES;
				CLANG_ANALYZER_NUMBER_OBJECT_CONVERSION = YES_AGGRESSIVE;
				CLANG_CXX_LANGUAGE_STANDARD = "gnu++14";
				CLANG_CXX_LIBRARY = "libc++";
				CLANG_ENABLE_MODULES = YES;
				CLANG_ENABLE_OBJC_ARC = YES;
				CLANG_ENABLE_OBJC_WEAK = YES;
				CLANG_WARN_BLOCK_CAPTURE_AUTORELEASING = YES;
				CLANG_WARN_BOOL_CONVERSION = YES;
				CLANG_WARN_COMMA = YES;
				CLANG_WARN_CONSTANT_CONVERSION = YES;
				CLANG_WARN_DEPRECATED_OBJC_IMPLEMENTATIONS = YES;
				CLANG_WARN_DIRECT_OBJC_ISA_USAGE = YES_ERROR;
				CLANG_WARN_DOCUMENTATION_COMMENTS = YES;
				CLANG_WARN_EMPTY_BODY = YES;
				CLANG_WARN_ENUM_CONVERSION = YES;
				CLANG_WARN_INFINITE_RECURSION = YES;
				CLANG_WARN_INT_CONVERSION = YES;
				CLANG_WARN_NON_LITERAL_NULL_CONVERSION = YES;
				CLANG_WARN_OBJC_IMPLICIT_RETAIN_SELF = YES;
				CLANG_WARN_OBJC_LITERAL_CONVERSION = YES;
				CLANG_WARN_OBJC_ROOT_CLASS = YES_ERROR;
				CLANG_WARN_QUOTED_INCLUDE_IN_FRAMEWORK_HEADER = YES;
				CLANG_WARN_RANGE_LOOP_ANALYSIS = YES;
				CLANG_WARN_STRICT_PROTOTYPES = YES;
				CLANG_WARN_SUSPICIOUS_MOVE = YES;
				CLANG_WARN_UNGUARDED_AVAILABILITY = YES_AGGRESSIVE;
				CLANG_WARN_UNREACHABLE_CODE = YES;
				CLANG_WARN__DUPLICATE_METHOD_MATCH = YES;
				COPY_PHASE_STRIP = NO;
				DEBUG_INFORMATION_FORMAT = "dwarf-with-dsym";
				ENABLE_NS_ASSERTIONS = NO;
				ENABLE_STRICT_OBJC_MSGSEND = YES;
				GCC_C_LANGUAGE_STANDARD = gnu11;
				GCC_NO_COMMON_BLOCKS = YES;
				GCC_WARN_64_TO_32_BIT_CONVERSION = YES;
				GCC_WARN_ABOUT_RETURN_TYPE = YES_ERROR;
				GCC_WARN_UNDECLARED_SELECTOR = YES;
				GCC_WARN_UNINITIALIZED_AUTOS = YES_AGGRESSIVE;
				GCC_WARN_UNUSED_FUNCTION = YES;
				GCC_WARN_UNUSED_VARIABLE = YES;
				IPHONEOS_DEPLOYMENT_TARGET = 14.3;
				MTL_ENABLE_DEBUG_INFO = NO;
				MTL_FAST_MATH = YES;
				SDKROOT = iphoneos;
				SWIFT_COMPILATION_MODE = wholemodule;
				SWIFT_OPTIMIZATION_LEVEL = "-O";
				VALIDATE_PRODUCT = YES;
			};
			name = Release;
		};
		9421EA8025B8BC0B00E9D6FB /* Debug */ = {
			isa = XCBuildConfiguration;
			baseConfigurationReference = 565120A290F77DC0587A5627 /* Pods-ConcessionTracker.debug.xcconfig */;
			buildSettings = {
				ASSETCATALOG_COMPILER_APPICON_NAME = AppIcon;
				ASSETCATALOG_COMPILER_GLOBAL_ACCENT_COLOR_NAME = AccentColor;
				CODE_SIGN_STYLE = Automatic;
				DEVELOPMENT_ASSET_PATHS = "\"ConcessionTracker/Preview Content\"";
				DEVELOPMENT_TEAM = FV4ACN6AD6;
				ENABLE_PREVIEWS = YES;
				INFOPLIST_FILE = ConcessionTracker/Info.plist;
				IPHONEOS_DEPLOYMENT_TARGET = 14.3;
				LD_RUNPATH_SEARCH_PATHS = (
					"$(inherited)",
					"@executable_path/Frameworks",
				);
				PRODUCT_BUNDLE_IDENTIFIER = co.xavware.ConcessionTracker;
				PRODUCT_NAME = "$(TARGET_NAME)";
				SWIFT_VERSION = 5.0;
				TARGETED_DEVICE_FAMILY = "1,2";
			};
			name = Debug;
		};
		9421EA8125B8BC0B00E9D6FB /* Release */ = {
			isa = XCBuildConfiguration;
			baseConfigurationReference = 27E2FBF7E75508960D1C848B /* Pods-ConcessionTracker.release.xcconfig */;
			buildSettings = {
				ASSETCATALOG_COMPILER_APPICON_NAME = AppIcon;
				ASSETCATALOG_COMPILER_GLOBAL_ACCENT_COLOR_NAME = AccentColor;
				CODE_SIGN_STYLE = Automatic;
				DEVELOPMENT_ASSET_PATHS = "\"ConcessionTracker/Preview Content\"";
				DEVELOPMENT_TEAM = FV4ACN6AD6;
				ENABLE_PREVIEWS = YES;
				INFOPLIST_FILE = ConcessionTracker/Info.plist;
				IPHONEOS_DEPLOYMENT_TARGET = 14.3;
				LD_RUNPATH_SEARCH_PATHS = (
					"$(inherited)",
					"@executable_path/Frameworks",
				);
				PRODUCT_BUNDLE_IDENTIFIER = co.xavware.ConcessionTracker;
				PRODUCT_NAME = "$(TARGET_NAME)";
				SWIFT_VERSION = 5.0;
				TARGETED_DEVICE_FAMILY = "1,2";
			};
			name = Release;
		};
/* End XCBuildConfiguration section */

/* Begin XCConfigurationList section */
		9421EA6B25B8BC0A00E9D6FB /* Build configuration list for PBXProject "ConcessionTracker" */ = {
			isa = XCConfigurationList;
			buildConfigurations = (
				9421EA7D25B8BC0B00E9D6FB /* Debug */,
				9421EA7E25B8BC0B00E9D6FB /* Release */,
			);
			defaultConfigurationIsVisible = 0;
			defaultConfigurationName = Release;
		};
		9421EA7F25B8BC0B00E9D6FB /* Build configuration list for PBXNativeTarget "ConcessionTracker" */ = {
			isa = XCConfigurationList;
			buildConfigurations = (
				9421EA8025B8BC0B00E9D6FB /* Debug */,
				9421EA8125B8BC0B00E9D6FB /* Release */,
			);
			defaultConfigurationIsVisible = 0;
			defaultConfigurationName = Release;
		};
/* End XCConfigurationList section */
	};
	rootObject = 9421EA6825B8BC0A00E9D6FB /* Project object */;
}
