// !$*UTF8*$!
{
	archiveVersion = 1;
	classes = {
	};
	objectVersion = 56;
	objects = {

/* Begin PBXBuildFile section */
		802EDC0229FA32160048A9A8 /* SaleDateManager.swift in Sources */ = {isa = PBXBuildFile; fileRef = 802EDC0129FA32160048A9A8 /* SaleDateManager.swift */; };
		802EDC0729FB79E40048A9A8 /* Global.swift in Sources */ = {isa = PBXBuildFile; fileRef = 802EDC0629FB79E40048A9A8 /* Global.swift */; };
		802EDC0A2A02166D0048A9A8 /* LogoView.swift in Sources */ = {isa = PBXBuildFile; fileRef = 802EDC092A02166D0048A9A8 /* LogoView.swift */; };
		80A5516D29F7628E00C21448 /* QuantitySelector.swift in Sources */ = {isa = PBXBuildFile; fileRef = 80A5516C29F7628E00C21448 /* QuantitySelector.swift */; };
		80B5EF7129F0C318007D9842 /* InventoryXApp.swift in Sources */ = {isa = PBXBuildFile; fileRef = 80B5EF7029F0C318007D9842 /* InventoryXApp.swift */; };
		80B5EF7529F0C319007D9842 /* Assets.xcassets in Resources */ = {isa = PBXBuildFile; fileRef = 80B5EF7429F0C319007D9842 /* Assets.xcassets */; };
		80B5EF7829F0C319007D9842 /* Preview Assets.xcassets in Resources */ = {isa = PBXBuildFile; fileRef = 80B5EF7729F0C319007D9842 /* Preview Assets.xcassets */; };
		80B5EF9929F0CED3007D9842 /* Realm in Frameworks */ = {isa = PBXBuildFile; productRef = 80B5EF9829F0CED3007D9842 /* Realm */; };
		80B5EF9B29F0CED3007D9842 /* RealmSwift in Frameworks */ = {isa = PBXBuildFile; productRef = 80B5EF9A29F0CED3007D9842 /* RealmSwift */; };
		80B5EFB529F0D0CA007D9842 /* SalesHistoryView.swift in Sources */ = {isa = PBXBuildFile; fileRef = 80B5EFA329F0D0C9007D9842 /* SalesHistoryView.swift */; };
		80D5025A29F8CE2B0095A547 /* SectionHeader.swift in Sources */ = {isa = PBXBuildFile; fileRef = 80D5025929F8CE2B0095A547 /* SectionHeader.swift */; };
		80DBB97F29F70EE000497695 /* OnboardingView.swift in Sources */ = {isa = PBXBuildFile; fileRef = 80DBB97E29F70EE000497695 /* OnboardingView.swift */; };
		80F6026629FFFD8A004C759D /* MakeASaleView.swift in Sources */ = {isa = PBXBuildFile; fileRef = 80F6026529FFFD8A004C759D /* MakeASaleView.swift */; };
		80F6026829FFFFBD004C759D /* MenuView.swift in Sources */ = {isa = PBXBuildFile; fileRef = 80F6026729FFFFBD004C759D /* MenuView.swift */; };
		80F734132A017CF10072C62B /* InventoryView.swift in Sources */ = {isa = PBXBuildFile; fileRef = 80F734122A017CF10072C62B /* InventoryView.swift */; };
		80F734192A01A58C0072C62B /* ItemDetailView.swift in Sources */ = {isa = PBXBuildFile; fileRef = 80F734182A01A58C0072C62B /* ItemDetailView.swift */; };
		80FFBD082A1D013A00992440 /* SaleEntity.swift in Sources */ = {isa = PBXBuildFile; fileRef = 80FFBD072A1D013A00992440 /* SaleEntity.swift */; };
		80FFBD0A2A1D2F2700992440 /* ItemEntity.swift in Sources */ = {isa = PBXBuildFile; fileRef = 80FFBD092A1D2F2700992440 /* ItemEntity.swift */; };
		94341C0A2BA588DE00334505 /* TextMod.swift in Sources */ = {isa = PBXBuildFile; fileRef = 94341C092BA588DE00334505 /* TextMod.swift */; };
		94341C0C2BA588F600334505 /* ColorConstants.swift in Sources */ = {isa = PBXBuildFile; fileRef = 94341C0B2BA588F600334505 /* ColorConstants.swift */; };
		94341C102BA5895500334505 /* UIColor+Ext.swift in Sources */ = {isa = PBXBuildFile; fileRef = 94341C0F2BA5895500334505 /* UIColor+Ext.swift */; };
		94341C122BA5897000334505 /* RoundedButtonMod.swift in Sources */ = {isa = PBXBuildFile; fileRef = 94341C112BA5897000334505 /* RoundedButtonMod.swift */; };
		94341C142BA6075200334505 /* AnimatedTextField.swift in Sources */ = {isa = PBXBuildFile; fileRef = 94341C132BA6075200334505 /* AnimatedTextField.swift */; };
		94341C1B2BA629F000334505 /* NumberPadView.swift in Sources */ = {isa = PBXBuildFile; fileRef = 94341C172BA629F000334505 /* NumberPadView.swift */; };
		94341C1C2BA629F000334505 /* PasscodeView.swift in Sources */ = {isa = PBXBuildFile; fileRef = 94341C182BA629F000334505 /* PasscodeView.swift */; };
		944DCEFC2A30565400885730 /* NavigationManager.swift in Sources */ = {isa = PBXBuildFile; fileRef = 944DCEFB2A30565400885730 /* NavigationManager.swift */; };
		944F8CE72A2AA94E007AD864 /* SaleDetailView.swift in Sources */ = {isa = PBXBuildFile; fileRef = 944F8CE62A2AA94E007AD864 /* SaleDetailView.swift */; };
		944F8CE92A2AB6B3007AD864 /* BackButton.swift in Sources */ = {isa = PBXBuildFile; fileRef = 944F8CE82A2AB6B3007AD864 /* BackButton.swift */; };
		944F8CEB2A2C4AE4007AD864 /* SettingsView.swift in Sources */ = {isa = PBXBuildFile; fileRef = 944F8CEA2A2C4AE4007AD864 /* SettingsView.swift */; };
		944F8CED2A2C54E2007AD864 /* InventoryStatusView.swift in Sources */ = {isa = PBXBuildFile; fileRef = 944F8CEC2A2C54E2007AD864 /* InventoryStatusView.swift */; };
		944F8D642A2ED424007AD864 /* CartView.swift in Sources */ = {isa = PBXBuildFile; fileRef = 944F8D632A2ED424007AD864 /* CartView.swift */; };
		9465244F2BA658EE00F24CDD /* ResponsiveView.swift in Sources */ = {isa = PBXBuildFile; fileRef = 9465244E2BA658EE00F24CDD /* ResponsiveView.swift */; };
		946524512BA6651B00F24CDD /* ActiveOrderView.swift in Sources */ = {isa = PBXBuildFile; fileRef = 946524502BA6651B00F24CDD /* ActiveOrderView.swift */; };
		9465246F2BA7E55C00F24CDD /* DepartmentButtonMod.swift in Sources */ = {isa = PBXBuildFile; fileRef = 9465246E2BA7E55C00F24CDD /* DepartmentButtonMod.swift */; };
		946524712BA8036800F24CDD /* LockScreenView.swift in Sources */ = {isa = PBXBuildFile; fileRef = 946524702BA8036800F24CDD /* LockScreenView.swift */; };
		946524732BA803D000F24CDD /* DateTimeLabel.swift in Sources */ = {isa = PBXBuildFile; fileRef = 946524722BA803D000F24CDD /* DateTimeLabel.swift */; };
		94AC8DBD29FB25D4006A166E /* RealmMigrator.swift in Sources */ = {isa = PBXBuildFile; fileRef = 94AC8DBC29FB25D4006A166E /* RealmMigrator.swift */; };
		94B3DE932A47C2CB00BBCB3A /* AddItemView.swift in Sources */ = {isa = PBXBuildFile; fileRef = 94B3DE922A47C2CB00BBCB3A /* AddItemView.swift */; };
		94C7625A2BA8999B00A61F7D /* DataService.swift in Sources */ = {isa = PBXBuildFile; fileRef = 94C762592BA8999B00A61F7D /* DataService.swift */; };
		94C7625C2BA8A9F800A61F7D /* AuthService.swift in Sources */ = {isa = PBXBuildFile; fileRef = 94C7625B2BA8A9F800A61F7D /* AuthService.swift */; };
		94C7625E2BA8BEDB00A61F7D /* LogService.swift in Sources */ = {isa = PBXBuildFile; fileRef = 94C7625D2BA8BEDB00A61F7D /* LogService.swift */; };
		94C762602BA8C41100A61F7D /* MakeASaleViewModel.swift in Sources */ = {isa = PBXBuildFile; fileRef = 94C7625F2BA8C41100A61F7D /* MakeASaleViewModel.swift */; };
		94D3F1052A1C6A1C00AF4393 /* DepartmentEntity.swift in Sources */ = {isa = PBXBuildFile; fileRef = 94D3F1042A1C6A1C00AF4393 /* DepartmentEntity.swift */; };
		94D3F10A2A1DBE4300AF4393 /* ContentView.swift in Sources */ = {isa = PBXBuildFile; fileRef = 94D3F1092A1DBE4300AF4393 /* ContentView.swift */; };
		94F569272A21D41500E9DE98 /* Theme.swift in Sources */ = {isa = PBXBuildFile; fileRef = 94F569262A21D41500E9DE98 /* Theme.swift */; };
/* End PBXBuildFile section */

/* Begin PBXFileReference section */
		802EDC0129FA32160048A9A8 /* SaleDateManager.swift */ = {isa = PBXFileReference; lastKnownFileType = sourcecode.swift; path = SaleDateManager.swift; sourceTree = "<group>"; };
		802EDC0629FB79E40048A9A8 /* Global.swift */ = {isa = PBXFileReference; lastKnownFileType = sourcecode.swift; path = Global.swift; sourceTree = "<group>"; };
		802EDC082A01EFB00048A9A8 /* Info.plist */ = {isa = PBXFileReference; lastKnownFileType = text.plist; path = Info.plist; sourceTree = "<group>"; };
		802EDC092A02166D0048A9A8 /* LogoView.swift */ = {isa = PBXFileReference; lastKnownFileType = sourcecode.swift; path = LogoView.swift; sourceTree = "<group>"; };
		80A5516C29F7628E00C21448 /* QuantitySelector.swift */ = {isa = PBXFileReference; lastKnownFileType = sourcecode.swift; path = QuantitySelector.swift; sourceTree = "<group>"; };
		80B5EF6D29F0C318007D9842 /* InventoryX.app */ = {isa = PBXFileReference; explicitFileType = wrapper.application; includeInIndex = 0; path = InventoryX.app; sourceTree = BUILT_PRODUCTS_DIR; };
		80B5EF7029F0C318007D9842 /* InventoryXApp.swift */ = {isa = PBXFileReference; lastKnownFileType = sourcecode.swift; path = InventoryXApp.swift; sourceTree = "<group>"; };
		80B5EF7429F0C319007D9842 /* Assets.xcassets */ = {isa = PBXFileReference; lastKnownFileType = folder.assetcatalog; path = Assets.xcassets; sourceTree = "<group>"; };
		80B5EF7729F0C319007D9842 /* Preview Assets.xcassets */ = {isa = PBXFileReference; lastKnownFileType = folder.assetcatalog; path = "Preview Assets.xcassets"; sourceTree = "<group>"; };
		80B5EFA329F0D0C9007D9842 /* SalesHistoryView.swift */ = {isa = PBXFileReference; fileEncoding = 4; lastKnownFileType = sourcecode.swift; path = SalesHistoryView.swift; sourceTree = "<group>"; };
		80D5025929F8CE2B0095A547 /* SectionHeader.swift */ = {isa = PBXFileReference; lastKnownFileType = sourcecode.swift; path = SectionHeader.swift; sourceTree = "<group>"; };
		80DBB97E29F70EE000497695 /* OnboardingView.swift */ = {isa = PBXFileReference; lastKnownFileType = sourcecode.swift; path = OnboardingView.swift; sourceTree = "<group>"; };
		80F6026529FFFD8A004C759D /* MakeASaleView.swift */ = {isa = PBXFileReference; lastKnownFileType = sourcecode.swift; path = MakeASaleView.swift; sourceTree = "<group>"; };
		80F6026729FFFFBD004C759D /* MenuView.swift */ = {isa = PBXFileReference; lastKnownFileType = sourcecode.swift; path = MenuView.swift; sourceTree = "<group>"; };
		80F734122A017CF10072C62B /* InventoryView.swift */ = {isa = PBXFileReference; lastKnownFileType = sourcecode.swift; path = InventoryView.swift; sourceTree = "<group>"; };
		80F734182A01A58C0072C62B /* ItemDetailView.swift */ = {isa = PBXFileReference; lastKnownFileType = sourcecode.swift; path = ItemDetailView.swift; sourceTree = "<group>"; };
		80FFBD072A1D013A00992440 /* SaleEntity.swift */ = {isa = PBXFileReference; lastKnownFileType = sourcecode.swift; path = SaleEntity.swift; sourceTree = "<group>"; };
		80FFBD092A1D2F2700992440 /* ItemEntity.swift */ = {isa = PBXFileReference; lastKnownFileType = sourcecode.swift; path = ItemEntity.swift; sourceTree = "<group>"; };
		94341C092BA588DE00334505 /* TextMod.swift */ = {isa = PBXFileReference; fileEncoding = 4; lastKnownFileType = sourcecode.swift; path = TextMod.swift; sourceTree = "<group>"; };
		94341C0B2BA588F600334505 /* ColorConstants.swift */ = {isa = PBXFileReference; fileEncoding = 4; lastKnownFileType = sourcecode.swift; path = ColorConstants.swift; sourceTree = "<group>"; };
		94341C0F2BA5895500334505 /* UIColor+Ext.swift */ = {isa = PBXFileReference; fileEncoding = 4; lastKnownFileType = sourcecode.swift; path = "UIColor+Ext.swift"; sourceTree = "<group>"; };
		94341C112BA5897000334505 /* RoundedButtonMod.swift */ = {isa = PBXFileReference; fileEncoding = 4; lastKnownFileType = sourcecode.swift; path = RoundedButtonMod.swift; sourceTree = "<group>"; };
		94341C132BA6075200334505 /* AnimatedTextField.swift */ = {isa = PBXFileReference; fileEncoding = 4; lastKnownFileType = sourcecode.swift; path = AnimatedTextField.swift; sourceTree = "<group>"; };
		94341C172BA629F000334505 /* NumberPadView.swift */ = {isa = PBXFileReference; fileEncoding = 4; lastKnownFileType = sourcecode.swift; path = NumberPadView.swift; sourceTree = "<group>"; };
		94341C182BA629F000334505 /* PasscodeView.swift */ = {isa = PBXFileReference; fileEncoding = 4; lastKnownFileType = sourcecode.swift; path = PasscodeView.swift; sourceTree = "<group>"; };
		944DCEFB2A30565400885730 /* NavigationManager.swift */ = {isa = PBXFileReference; lastKnownFileType = sourcecode.swift; path = NavigationManager.swift; sourceTree = "<group>"; };
		944F8CE62A2AA94E007AD864 /* SaleDetailView.swift */ = {isa = PBXFileReference; lastKnownFileType = sourcecode.swift; path = SaleDetailView.swift; sourceTree = "<group>"; };
		944F8CE82A2AB6B3007AD864 /* BackButton.swift */ = {isa = PBXFileReference; lastKnownFileType = sourcecode.swift; path = BackButton.swift; sourceTree = "<group>"; };
		944F8CEA2A2C4AE4007AD864 /* SettingsView.swift */ = {isa = PBXFileReference; lastKnownFileType = sourcecode.swift; path = SettingsView.swift; sourceTree = "<group>"; };
		944F8CEC2A2C54E2007AD864 /* InventoryStatusView.swift */ = {isa = PBXFileReference; lastKnownFileType = sourcecode.swift; path = InventoryStatusView.swift; sourceTree = "<group>"; };
		944F8D632A2ED424007AD864 /* CartView.swift */ = {isa = PBXFileReference; lastKnownFileType = sourcecode.swift; path = CartView.swift; sourceTree = "<group>"; };
		9465244E2BA658EE00F24CDD /* ResponsiveView.swift */ = {isa = PBXFileReference; lastKnownFileType = sourcecode.swift; path = ResponsiveView.swift; sourceTree = "<group>"; };
		946524502BA6651B00F24CDD /* ActiveOrderView.swift */ = {isa = PBXFileReference; lastKnownFileType = sourcecode.swift; path = ActiveOrderView.swift; sourceTree = "<group>"; };
		9465246E2BA7E55C00F24CDD /* DepartmentButtonMod.swift */ = {isa = PBXFileReference; lastKnownFileType = sourcecode.swift; path = DepartmentButtonMod.swift; sourceTree = "<group>"; };
		946524702BA8036800F24CDD /* LockScreenView.swift */ = {isa = PBXFileReference; lastKnownFileType = sourcecode.swift; path = LockScreenView.swift; sourceTree = "<group>"; };
		946524722BA803D000F24CDD /* DateTimeLabel.swift */ = {isa = PBXFileReference; lastKnownFileType = sourcecode.swift; path = DateTimeLabel.swift; sourceTree = "<group>"; };
		94AC8DBC29FB25D4006A166E /* RealmMigrator.swift */ = {isa = PBXFileReference; lastKnownFileType = sourcecode.swift; path = RealmMigrator.swift; sourceTree = "<group>"; };
		94B3DE922A47C2CB00BBCB3A /* AddItemView.swift */ = {isa = PBXFileReference; lastKnownFileType = sourcecode.swift; path = AddItemView.swift; sourceTree = "<group>"; };
		94C762592BA8999B00A61F7D /* DataService.swift */ = {isa = PBXFileReference; lastKnownFileType = sourcecode.swift; path = DataService.swift; sourceTree = "<group>"; };
		94C7625B2BA8A9F800A61F7D /* AuthService.swift */ = {isa = PBXFileReference; lastKnownFileType = sourcecode.swift; path = AuthService.swift; sourceTree = "<group>"; };
		94C7625D2BA8BEDB00A61F7D /* LogService.swift */ = {isa = PBXFileReference; lastKnownFileType = sourcecode.swift; path = LogService.swift; sourceTree = "<group>"; };
		94C7625F2BA8C41100A61F7D /* MakeASaleViewModel.swift */ = {isa = PBXFileReference; lastKnownFileType = sourcecode.swift; path = MakeASaleViewModel.swift; sourceTree = "<group>"; };
		94D3F1042A1C6A1C00AF4393 /* DepartmentEntity.swift */ = {isa = PBXFileReference; lastKnownFileType = sourcecode.swift; path = DepartmentEntity.swift; sourceTree = "<group>"; };
		94D3F1092A1DBE4300AF4393 /* ContentView.swift */ = {isa = PBXFileReference; fileEncoding = 4; lastKnownFileType = sourcecode.swift; path = ContentView.swift; sourceTree = "<group>"; };
		94F569262A21D41500E9DE98 /* Theme.swift */ = {isa = PBXFileReference; lastKnownFileType = sourcecode.swift; path = Theme.swift; sourceTree = "<group>"; };
/* End PBXFileReference section */

/* Begin PBXFrameworksBuildPhase section */
		80B5EF6A29F0C318007D9842 /* Frameworks */ = {
			isa = PBXFrameworksBuildPhase;
			buildActionMask = 2147483647;
			files = (
				80B5EF9B29F0CED3007D9842 /* RealmSwift in Frameworks */,
				80B5EF9929F0CED3007D9842 /* Realm in Frameworks */,
			);
			runOnlyForDeploymentPostprocessing = 0;
		};
/* End PBXFrameworksBuildPhase section */

/* Begin PBXGroup section */
		80A9A8622A1B1A3800E0F96A /* Models */ = {
			isa = PBXGroup;
			children = (
				94D3F1042A1C6A1C00AF4393 /* DepartmentEntity.swift */,
				80FFBD072A1D013A00992440 /* SaleEntity.swift */,
				80FFBD092A1D2F2700992440 /* ItemEntity.swift */,
			);
			path = Models;
			sourceTree = "<group>";
		};
		80B5EF6429F0C318007D9842 = {
			isa = PBXGroup;
			children = (
				80B5EF6F29F0C318007D9842 /* InventoryX */,
				80B5EF6E29F0C318007D9842 /* Products */,
			);
			sourceTree = "<group>";
		};
		80B5EF6E29F0C318007D9842 /* Products */ = {
			isa = PBXGroup;
			children = (
				80B5EF6D29F0C318007D9842 /* InventoryX.app */,
			);
			name = Products;
			sourceTree = "<group>";
		};
		80B5EF6F29F0C318007D9842 /* InventoryX */ = {
			isa = PBXGroup;
			children = (
				9465244B2BA646F100F24CDD /* New-PosLi */,
				802EDC082A01EFB00048A9A8 /* Info.plist */,
				80B5EF8329F0CC1C007D9842 /* App */,
				80A9A8622A1B1A3800E0F96A /* Models */,
				94AC8DBB29FB25C2006A166E /* Realm */,
				94D3F1082A1DB0C400AF4393 /* Services */,
				80DBB97729F6EF9200497695 /* Views */,
				80B5EF7429F0C319007D9842 /* Assets.xcassets */,
				80B5EF7629F0C319007D9842 /* Preview Content */,
			);
			path = InventoryX;
			sourceTree = "<group>";
		};
		80B5EF7629F0C319007D9842 /* Preview Content */ = {
			isa = PBXGroup;
			children = (
				80B5EF7729F0C319007D9842 /* Preview Assets.xcassets */,
			);
			path = "Preview Content";
			sourceTree = "<group>";
		};
		80B5EF8329F0CC1C007D9842 /* App */ = {
			isa = PBXGroup;
			children = (
				80B5EF7029F0C318007D9842 /* InventoryXApp.swift */,
				802EDC0629FB79E40048A9A8 /* Global.swift */,
				94F569262A21D41500E9DE98 /* Theme.swift */,
			);
			path = App;
			sourceTree = "<group>";
		};
		80DBB97729F6EF9200497695 /* Views */ = {
			isa = PBXGroup;
			children = (
				944F8CE52A2AA939007AD864 /* DetailViews */,
				94AC8DBA29FB21C3006A166E /* CustomComponents */,
				94B3DE922A47C2CB00BBCB3A /* AddItemView.swift */,
				94341C152BA629F000334505 /* Passcode */,
				944F8D632A2ED424007AD864 /* CartView.swift */,
				94D3F1092A1DBE4300AF4393 /* ContentView.swift */,
				80F734122A017CF10072C62B /* InventoryView.swift */,
				80F734182A01A58C0072C62B /* ItemDetailView.swift */,
				80F6026729FFFFBD004C759D /* MenuView.swift */,
				80F6026529FFFD8A004C759D /* MakeASaleView.swift */,
				94341C0B2BA588F600334505 /* ColorConstants.swift */,
				94341C112BA5897000334505 /* RoundedButtonMod.swift */,
				94341C132BA6075200334505 /* AnimatedTextField.swift */,
				80DBB97E29F70EE000497695 /* OnboardingView.swift */,
				94341C0F2BA5895500334505 /* UIColor+Ext.swift */,
				94341C092BA588DE00334505 /* TextMod.swift */,
				80B5EFA329F0D0C9007D9842 /* SalesHistoryView.swift */,
				944F8CEA2A2C4AE4007AD864 /* SettingsView.swift */,
				944F8CEC2A2C54E2007AD864 /* InventoryStatusView.swift */,
				946524722BA803D000F24CDD /* DateTimeLabel.swift */,
			);
			path = Views;
			sourceTree = "<group>";
		};
		94341C152BA629F000334505 /* Passcode */ = {
			isa = PBXGroup;
			children = (
				94341C172BA629F000334505 /* NumberPadView.swift */,
				94341C182BA629F000334505 /* PasscodeView.swift */,
			);
			path = Passcode;
			sourceTree = "<group>";
		};
		944F8CE52A2AA939007AD864 /* DetailViews */ = {
			isa = PBXGroup;
			children = (
				944F8CE62A2AA94E007AD864 /* SaleDetailView.swift */,
			);
			path = DetailViews;
			sourceTree = "<group>";
		};
		9465244B2BA646F100F24CDD /* New-PosLi */ = {
			isa = PBXGroup;
			children = (
				946524502BA6651B00F24CDD /* ActiveOrderView.swift */,
				94C7625B2BA8A9F800A61F7D /* AuthService.swift */,
				9465246E2BA7E55C00F24CDD /* DepartmentButtonMod.swift */,
				94C762592BA8999B00A61F7D /* DataService.swift */,
				94C7625D2BA8BEDB00A61F7D /* LogService.swift */,
				946524702BA8036800F24CDD /* LockScreenView.swift */,
				94C7625F2BA8C41100A61F7D /* MakeASaleViewModel.swift */,
				9465244E2BA658EE00F24CDD /* ResponsiveView.swift */,
			);
			path = "New-PosLi";
			sourceTree = "<group>";
		};
		94AC8DBA29FB21C3006A166E /* CustomComponents */ = {
			isa = PBXGroup;
			children = (
				944F8CE82A2AB6B3007AD864 /* BackButton.swift */,
				802EDC092A02166D0048A9A8 /* LogoView.swift */,
				80A5516C29F7628E00C21448 /* QuantitySelector.swift */,
				80D5025929F8CE2B0095A547 /* SectionHeader.swift */,
			);
			path = CustomComponents;
			sourceTree = "<group>";
		};
		94AC8DBB29FB25C2006A166E /* Realm */ = {
			isa = PBXGroup;
			children = (
				94AC8DBC29FB25D4006A166E /* RealmMigrator.swift */,
			);
			path = Realm;
			sourceTree = "<group>";
		};
		94D3F1082A1DB0C400AF4393 /* Services */ = {
			isa = PBXGroup;
			children = (
				802EDC0129FA32160048A9A8 /* SaleDateManager.swift */,
				944DCEFB2A30565400885730 /* NavigationManager.swift */,
			);
			path = Services;
			sourceTree = "<group>";
		};
/* End PBXGroup section */

/* Begin PBXNativeTarget section */
		80B5EF6C29F0C318007D9842 /* InventoryX */ = {
			isa = PBXNativeTarget;
			buildConfigurationList = 80B5EF8029F0C319007D9842 /* Build configuration list for PBXNativeTarget "InventoryX" */;
			buildPhases = (
				80B5EF6929F0C318007D9842 /* Sources */,
				80B5EF6A29F0C318007D9842 /* Frameworks */,
				80B5EF6B29F0C318007D9842 /* Resources */,
			);
			buildRules = (
			);
			dependencies = (
			);
			name = InventoryX;
			packageProductDependencies = (
				80B5EF9829F0CED3007D9842 /* Realm */,
				80B5EF9A29F0CED3007D9842 /* RealmSwift */,
			);
			productName = InventoryX;
			productReference = 80B5EF6D29F0C318007D9842 /* InventoryX.app */;
			productType = "com.apple.product-type.application";
		};
/* End PBXNativeTarget section */

/* Begin PBXProject section */
		80B5EF6529F0C318007D9842 /* Project object */ = {
			isa = PBXProject;
			attributes = {
				BuildIndependentTargetsInParallel = 1;
				LastSwiftUpdateCheck = 1420;
				LastUpgradeCheck = 1420;
				TargetAttributes = {
					80B5EF6C29F0C318007D9842 = {
						CreatedOnToolsVersion = 14.2;
					};
				};
			};
			buildConfigurationList = 80B5EF6829F0C318007D9842 /* Build configuration list for PBXProject "InventoryX" */;
			compatibilityVersion = "Xcode 14.0";
			developmentRegion = en;
			hasScannedForEncodings = 0;
			knownRegions = (
				en,
				Base,
			);
			mainGroup = 80B5EF6429F0C318007D9842;
			packageReferences = (
				80B5EF9729F0CED3007D9842 /* XCRemoteSwiftPackageReference "realm-swift" */,
			);
			productRefGroup = 80B5EF6E29F0C318007D9842 /* Products */;
			projectDirPath = "";
			projectRoot = "";
			targets = (
				80B5EF6C29F0C318007D9842 /* InventoryX */,
			);
		};
/* End PBXProject section */

/* Begin PBXResourcesBuildPhase section */
		80B5EF6B29F0C318007D9842 /* Resources */ = {
			isa = PBXResourcesBuildPhase;
			buildActionMask = 2147483647;
			files = (
				80B5EF7829F0C319007D9842 /* Preview Assets.xcassets in Resources */,
				80B5EF7529F0C319007D9842 /* Assets.xcassets in Resources */,
			);
			runOnlyForDeploymentPostprocessing = 0;
		};
/* End PBXResourcesBuildPhase section */

/* Begin PBXSourcesBuildPhase section */
		80B5EF6929F0C318007D9842 /* Sources */ = {
			isa = PBXSourcesBuildPhase;
			buildActionMask = 2147483647;
			files = (
				94D3F10A2A1DBE4300AF4393 /* ContentView.swift in Sources */,
				80B5EFB529F0D0CA007D9842 /* SalesHistoryView.swift in Sources */,
				802EDC0229FA32160048A9A8 /* SaleDateManager.swift in Sources */,
				80D5025A29F8CE2B0095A547 /* SectionHeader.swift in Sources */,
				944F8D642A2ED424007AD864 /* CartView.swift in Sources */,
				80DBB97F29F70EE000497695 /* OnboardingView.swift in Sources */,
				94C762602BA8C41100A61F7D /* MakeASaleViewModel.swift in Sources */,
				80A5516D29F7628E00C21448 /* QuantitySelector.swift in Sources */,
				94341C1B2BA629F000334505 /* NumberPadView.swift in Sources */,
				80FFBD0A2A1D2F2700992440 /* ItemEntity.swift in Sources */,
				94C7625A2BA8999B00A61F7D /* DataService.swift in Sources */,
				94341C102BA5895500334505 /* UIColor+Ext.swift in Sources */,
				94C7625C2BA8A9F800A61F7D /* AuthService.swift in Sources */,
				94B3DE932A47C2CB00BBCB3A /* AddItemView.swift in Sources */,
				80FFBD082A1D013A00992440 /* SaleEntity.swift in Sources */,
				80F734192A01A58C0072C62B /* ItemDetailView.swift in Sources */,
				802EDC0729FB79E40048A9A8 /* Global.swift in Sources */,
				946524732BA803D000F24CDD /* DateTimeLabel.swift in Sources */,
				944F8CE92A2AB6B3007AD864 /* BackButton.swift in Sources */,
				946524512BA6651B00F24CDD /* ActiveOrderView.swift in Sources */,
				946524712BA8036800F24CDD /* LockScreenView.swift in Sources */,
				94F569272A21D41500E9DE98 /* Theme.swift in Sources */,
				94C7625E2BA8BEDB00A61F7D /* LogService.swift in Sources */,
				944F8CEB2A2C4AE4007AD864 /* SettingsView.swift in Sources */,
				9465246F2BA7E55C00F24CDD /* DepartmentButtonMod.swift in Sources */,
				80F734132A017CF10072C62B /* InventoryView.swift in Sources */,
				944F8CE72A2AA94E007AD864 /* SaleDetailView.swift in Sources */,
				944DCEFC2A30565400885730 /* NavigationManager.swift in Sources */,
				94341C0C2BA588F600334505 /* ColorConstants.swift in Sources */,
				80F6026629FFFD8A004C759D /* MakeASaleView.swift in Sources */,
				94341C0A2BA588DE00334505 /* TextMod.swift in Sources */,
				802EDC0A2A02166D0048A9A8 /* LogoView.swift in Sources */,
				94341C1C2BA629F000334505 /* PasscodeView.swift in Sources */,
				9465244F2BA658EE00F24CDD /* ResponsiveView.swift in Sources */,
				80B5EF7129F0C318007D9842 /* InventoryXApp.swift in Sources */,
				94D3F1052A1C6A1C00AF4393 /* DepartmentEntity.swift in Sources */,
				94341C122BA5897000334505 /* RoundedButtonMod.swift in Sources */,
				80F6026829FFFFBD004C759D /* MenuView.swift in Sources */,
				94341C142BA6075200334505 /* AnimatedTextField.swift in Sources */,
				94AC8DBD29FB25D4006A166E /* RealmMigrator.swift in Sources */,
				944F8CED2A2C54E2007AD864 /* InventoryStatusView.swift in Sources */,
			);
			runOnlyForDeploymentPostprocessing = 0;
		};
/* End PBXSourcesBuildPhase section */

/* Begin XCBuildConfiguration section */
		80B5EF7E29F0C319007D9842 /* Debug */ = {
			isa = XCBuildConfiguration;
			buildSettings = {
				ALWAYS_SEARCH_USER_PATHS = NO;
				CLANG_ANALYZER_NONNULL = YES;
				CLANG_ANALYZER_NUMBER_OBJECT_CONVERSION = YES_AGGRESSIVE;
				CLANG_CXX_LANGUAGE_STANDARD = "gnu++20";
				CLANG_ENABLE_MODULES = YES;
				CLANG_ENABLE_OBJC_ARC = YES;
				CLANG_ENABLE_OBJC_WEAK = YES;
				CLANG_WARN_BLOCK_CAPTURE_AUTORELEASING = YES;
				CLANG_WARN_BOOL_CONVERSION = YES;
				CLANG_WARN_COMMA = YES;
				CLANG_WARN_CONSTANT_CONVERSION = YES;
				CLANG_WARN_DEPRECATED_OBJC_IMPLEMENTATIONS = YES;
				CLANG_WARN_DIRECT_OBJC_ISA_USAGE = YES_ERROR;
				CLANG_WARN_DOCUMENTATION_COMMENTS = YES;
				CLANG_WARN_EMPTY_BODY = YES;
				CLANG_WARN_ENUM_CONVERSION = YES;
				CLANG_WARN_INFINITE_RECURSION = YES;
				CLANG_WARN_INT_CONVERSION = YES;
				CLANG_WARN_NON_LITERAL_NULL_CONVERSION = YES;
				CLANG_WARN_OBJC_IMPLICIT_RETAIN_SELF = YES;
				CLANG_WARN_OBJC_LITERAL_CONVERSION = YES;
				CLANG_WARN_OBJC_ROOT_CLASS = YES_ERROR;
				CLANG_WARN_QUOTED_INCLUDE_IN_FRAMEWORK_HEADER = YES;
				CLANG_WARN_RANGE_LOOP_ANALYSIS = YES;
				CLANG_WARN_STRICT_PROTOTYPES = YES;
				CLANG_WARN_SUSPICIOUS_MOVE = YES;
				CLANG_WARN_UNGUARDED_AVAILABILITY = YES_AGGRESSIVE;
				CLANG_WARN_UNREACHABLE_CODE = YES;
				CLANG_WARN__DUPLICATE_METHOD_MATCH = YES;
				COPY_PHASE_STRIP = NO;
				DEBUG_INFORMATION_FORMAT = dwarf;
				ENABLE_STRICT_OBJC_MSGSEND = YES;
				ENABLE_TESTABILITY = YES;
				GCC_C_LANGUAGE_STANDARD = gnu11;
				GCC_DYNAMIC_NO_PIC = NO;
				GCC_NO_COMMON_BLOCKS = YES;
				GCC_OPTIMIZATION_LEVEL = 0;
				GCC_PREPROCESSOR_DEFINITIONS = (
					"DEBUG=1",
					"$(inherited)",
				);
				GCC_WARN_64_TO_32_BIT_CONVERSION = YES;
				GCC_WARN_ABOUT_RETURN_TYPE = YES_ERROR;
				GCC_WARN_UNDECLARED_SELECTOR = YES;
				GCC_WARN_UNINITIALIZED_AUTOS = YES_AGGRESSIVE;
				GCC_WARN_UNUSED_FUNCTION = YES;
				GCC_WARN_UNUSED_VARIABLE = YES;
				IPHONEOS_DEPLOYMENT_TARGET = 16.2;
				MTL_ENABLE_DEBUG_INFO = INCLUDE_SOURCE;
				MTL_FAST_MATH = YES;
				ONLY_ACTIVE_ARCH = YES;
				SDKROOT = iphoneos;
				SWIFT_ACTIVE_COMPILATION_CONDITIONS = DEBUG;
				SWIFT_OPTIMIZATION_LEVEL = "-Onone";
			};
			name = Debug;
		};
		80B5EF7F29F0C319007D9842 /* Release */ = {
			isa = XCBuildConfiguration;
			buildSettings = {
				ALWAYS_SEARCH_USER_PATHS = NO;
				CLANG_ANALYZER_NONNULL = YES;
				CLANG_ANALYZER_NUMBER_OBJECT_CONVERSION = YES_AGGRESSIVE;
				CLANG_CXX_LANGUAGE_STANDARD = "gnu++20";
				CLANG_ENABLE_MODULES = YES;
				CLANG_ENABLE_OBJC_ARC = YES;
				CLANG_ENABLE_OBJC_WEAK = YES;
				CLANG_WARN_BLOCK_CAPTURE_AUTORELEASING = YES;
				CLANG_WARN_BOOL_CONVERSION = YES;
				CLANG_WARN_COMMA = YES;
				CLANG_WARN_CONSTANT_CONVERSION = YES;
				CLANG_WARN_DEPRECATED_OBJC_IMPLEMENTATIONS = YES;
				CLANG_WARN_DIRECT_OBJC_ISA_USAGE = YES_ERROR;
				CLANG_WARN_DOCUMENTATION_COMMENTS = YES;
				CLANG_WARN_EMPTY_BODY = YES;
				CLANG_WARN_ENUM_CONVERSION = YES;
				CLANG_WARN_INFINITE_RECURSION = YES;
				CLANG_WARN_INT_CONVERSION = YES;
				CLANG_WARN_NON_LITERAL_NULL_CONVERSION = YES;
				CLANG_WARN_OBJC_IMPLICIT_RETAIN_SELF = YES;
				CLANG_WARN_OBJC_LITERAL_CONVERSION = YES;
				CLANG_WARN_OBJC_ROOT_CLASS = YES_ERROR;
				CLANG_WARN_QUOTED_INCLUDE_IN_FRAMEWORK_HEADER = YES;
				CLANG_WARN_RANGE_LOOP_ANALYSIS = YES;
				CLANG_WARN_STRICT_PROTOTYPES = YES;
				CLANG_WARN_SUSPICIOUS_MOVE = YES;
				CLANG_WARN_UNGUARDED_AVAILABILITY = YES_AGGRESSIVE;
				CLANG_WARN_UNREACHABLE_CODE = YES;
				CLANG_WARN__DUPLICATE_METHOD_MATCH = YES;
				COPY_PHASE_STRIP = NO;
				DEBUG_INFORMATION_FORMAT = "dwarf-with-dsym";
				ENABLE_NS_ASSERTIONS = NO;
				ENABLE_STRICT_OBJC_MSGSEND = YES;
				GCC_C_LANGUAGE_STANDARD = gnu11;
				GCC_NO_COMMON_BLOCKS = YES;
				GCC_WARN_64_TO_32_BIT_CONVERSION = YES;
				GCC_WARN_ABOUT_RETURN_TYPE = YES_ERROR;
				GCC_WARN_UNDECLARED_SELECTOR = YES;
				GCC_WARN_UNINITIALIZED_AUTOS = YES_AGGRESSIVE;
				GCC_WARN_UNUSED_FUNCTION = YES;
				GCC_WARN_UNUSED_VARIABLE = YES;
				IPHONEOS_DEPLOYMENT_TARGET = 16.2;
				MTL_ENABLE_DEBUG_INFO = NO;
				MTL_FAST_MATH = YES;
				SDKROOT = iphoneos;
				SWIFT_COMPILATION_MODE = wholemodule;
				SWIFT_OPTIMIZATION_LEVEL = "-O";
				VALIDATE_PRODUCT = YES;
			};
			name = Release;
		};
		80B5EF8129F0C319007D9842 /* Debug */ = {
			isa = XCBuildConfiguration;
			buildSettings = {
				ASSETCATALOG_COMPILER_APPICON_NAME = AppIcon;
				ASSETCATALOG_COMPILER_GLOBAL_ACCENT_COLOR_NAME = AccentColor;
				CODE_SIGN_IDENTITY = "Apple Development";
				CODE_SIGN_STYLE = Automatic;
				CURRENT_PROJECT_VERSION = 1;
				DEVELOPMENT_ASSET_PATHS = "\"InventoryX/Preview Content\"";
				DEVELOPMENT_TEAM = B7G7S38G7L;
				ENABLE_PREVIEWS = YES;
				GENERATE_INFOPLIST_FILE = YES;
				INFOPLIST_FILE = InventoryX/Info.plist;
				INFOPLIST_KEY_LSApplicationCategoryType = "public.app-category.business";
				INFOPLIST_KEY_UIApplicationSceneManifest_Generation = YES;
				INFOPLIST_KEY_UIApplicationSupportsIndirectInputEvents = YES;
				INFOPLIST_KEY_UILaunchScreen_Generation = YES;
				INFOPLIST_KEY_UIRequiresFullScreen = YES;
				INFOPLIST_KEY_UISupportedInterfaceOrientations = "UIInterfaceOrientationLandscapeLeft UIInterfaceOrientationLandscapeRight";
				LD_RUNPATH_SEARCH_PATHS = (
					"$(inherited)",
					"@executable_path/Frameworks",
				);
				MARKETING_VERSION = 1.0;
				PRODUCT_BUNDLE_IDENTIFIER = com.xavware.InventoryX;
				PRODUCT_NAME = "$(TARGET_NAME)";
				PROVISIONING_PROFILE_SPECIFIER = "";
				SWIFT_EMIT_LOC_STRINGS = YES;
				SWIFT_VERSION = 5.0;
				TARGETED_DEVICE_FAMILY = "1,2";
			};
			name = Debug;
		};
		80B5EF8229F0C319007D9842 /* Release */ = {
			isa = XCBuildConfiguration;
			buildSettings = {
				ASSETCATALOG_COMPILER_APPICON_NAME = AppIcon;
				ASSETCATALOG_COMPILER_GLOBAL_ACCENT_COLOR_NAME = AccentColor;
				CODE_SIGN_IDENTITY = "Apple Development";
				CODE_SIGN_STYLE = Automatic;
				CURRENT_PROJECT_VERSION = 1;
				DEVELOPMENT_ASSET_PATHS = "\"InventoryX/Preview Content\"";
				DEVELOPMENT_TEAM = B7G7S38G7L;
				ENABLE_PREVIEWS = YES;
				GENERATE_INFOPLIST_FILE = YES;
				INFOPLIST_FILE = InventoryX/Info.plist;
				INFOPLIST_KEY_LSApplicationCategoryType = "public.app-category.business";
				INFOPLIST_KEY_UIApplicationSceneManifest_Generation = YES;
				INFOPLIST_KEY_UIApplicationSupportsIndirectInputEvents = YES;
				INFOPLIST_KEY_UILaunchScreen_Generation = YES;
				INFOPLIST_KEY_UIRequiresFullScreen = YES;
				INFOPLIST_KEY_UISupportedInterfaceOrientations = "UIInterfaceOrientationLandscapeLeft UIInterfaceOrientationLandscapeRight";
				LD_RUNPATH_SEARCH_PATHS = (
					"$(inherited)",
					"@executable_path/Frameworks",
				);
				MARKETING_VERSION = 1.0;
				PRODUCT_BUNDLE_IDENTIFIER = com.xavware.InventoryX;
				PRODUCT_NAME = "$(TARGET_NAME)";
				PROVISIONING_PROFILE_SPECIFIER = "";
				SWIFT_EMIT_LOC_STRINGS = YES;
				SWIFT_VERSION = 5.0;
				TARGETED_DEVICE_FAMILY = "1,2";
			};
			name = Release;
		};
/* End XCBuildConfiguration section */

/* Begin XCConfigurationList section */
		80B5EF6829F0C318007D9842 /* Build configuration list for PBXProject "InventoryX" */ = {
			isa = XCConfigurationList;
			buildConfigurations = (
				80B5EF7E29F0C319007D9842 /* Debug */,
				80B5EF7F29F0C319007D9842 /* Release */,
			);
			defaultConfigurationIsVisible = 0;
			defaultConfigurationName = Release;
		};
		80B5EF8029F0C319007D9842 /* Build configuration list for PBXNativeTarget "InventoryX" */ = {
			isa = XCConfigurationList;
			buildConfigurations = (
				80B5EF8129F0C319007D9842 /* Debug */,
				80B5EF8229F0C319007D9842 /* Release */,
			);
			defaultConfigurationIsVisible = 0;
			defaultConfigurationName = Release;
		};
/* End XCConfigurationList section */

/* Begin XCRemoteSwiftPackageReference section */
		80B5EF9729F0CED3007D9842 /* XCRemoteSwiftPackageReference "realm-swift" */ = {
			isa = XCRemoteSwiftPackageReference;
			repositoryURL = "https://github.com/realm/realm-swift.git";
			requirement = {
				kind = upToNextMajorVersion;
				minimumVersion = 10.41.0;
			};
		};
/* End XCRemoteSwiftPackageReference section */

/* Begin XCSwiftPackageProductDependency section */
		80B5EF9829F0CED3007D9842 /* Realm */ = {
			isa = XCSwiftPackageProductDependency;
			package = 80B5EF9729F0CED3007D9842 /* XCRemoteSwiftPackageReference "realm-swift" */;
			productName = Realm;
		};
		80B5EF9A29F0CED3007D9842 /* RealmSwift */ = {
			isa = XCSwiftPackageProductDependency;
			package = 80B5EF9729F0CED3007D9842 /* XCRemoteSwiftPackageReference "realm-swift" */;
			productName = RealmSwift;
		};
/* End XCSwiftPackageProductDependency section */
	};
	rootObject = 80B5EF6529F0C318007D9842 /* Project object */;
}
