// !$*UTF8*$!
{
	archiveVersion = 1;
	classes = {
	};
	objectVersion = 56;
	objects = {

/* Begin PBXBuildFile section */
		802EDC0229FA32160048A9A8 /* SaleDateManager.swift in Sources */ = {isa = PBXBuildFile; fileRef = 802EDC0129FA32160048A9A8 /* SaleDateManager.swift */; };
		80B5EF7129F0C318007D9842 /* InventoryXApp.swift in Sources */ = {isa = PBXBuildFile; fileRef = 80B5EF7029F0C318007D9842 /* InventoryXApp.swift */; };
		80B5EF7529F0C319007D9842 /* Assets.xcassets in Resources */ = {isa = PBXBuildFile; fileRef = 80B5EF7429F0C319007D9842 /* Assets.xcassets */; };
		80B5EF7829F0C319007D9842 /* Preview Assets.xcassets in Resources */ = {isa = PBXBuildFile; fileRef = 80B5EF7729F0C319007D9842 /* Preview Assets.xcassets */; };
		80B5EF9929F0CED3007D9842 /* Realm in Frameworks */ = {isa = PBXBuildFile; productRef = 80B5EF9829F0CED3007D9842 /* Realm */; };
		80B5EF9B29F0CED3007D9842 /* RealmSwift in Frameworks */ = {isa = PBXBuildFile; productRef = 80B5EF9A29F0CED3007D9842 /* RealmSwift */; };
		940C97042BFD9B4200A0BEAF /* ItemTableView.swift in Sources */ = {isa = PBXBuildFile; fileRef = 940C97032BFD9B4200A0BEAF /* ItemTableView.swift */; };
		940C970B2BFF9E0C00A0BEAF /* DepartmentTableView.swift in Sources */ = {isa = PBXBuildFile; fileRef = 940C970A2BFF9E0C00A0BEAF /* DepartmentTableView.swift */; };
		941A62722BF9E1E40040DC6C /* LazySplitView.swift in Sources */ = {isa = PBXBuildFile; fileRef = 941A626E2BF9E1E30040DC6C /* LazySplitView.swift */; };
		941A62772BFA37FC0040DC6C /* POSView.swift in Sources */ = {isa = PBXBuildFile; fileRef = 941A62762BFA37FC0040DC6C /* POSView.swift */; };
		942C595F2C18103000229C79 /* LazySplit Notes in Resources */ = {isa = PBXBuildFile; fileRef = 942C595E2C18103000229C79 /* LazySplit Notes */; };
		94341C122BA5897000334505 /* PrimaryButton-Mod.swift in Sources */ = {isa = PBXBuildFile; fileRef = 94341C112BA5897000334505 /* PrimaryButton-Mod.swift */; };
		944324AE2C179123001D9C2A /* DetailPath.swift in Sources */ = {isa = PBXBuildFile; fileRef = 944324AD2C179123001D9C2A /* DetailPath.swift */; };
		94462F742BF7AA0200D0068F /* AppError.swift in Sources */ = {isa = PBXBuildFile; fileRef = 94462F6D2BF7AA0200D0068F /* AppError.swift */; };
		94462F752BF7AA0200D0068F /* CartState.swift in Sources */ = {isa = PBXBuildFile; fileRef = 94462F6E2BF7AA0200D0068F /* CartState.swift */; };
		94462F762BF7AA0200D0068F /* DisplayState.swift in Sources */ = {isa = PBXBuildFile; fileRef = 94462F6F2BF7AA0200D0068F /* DisplayState.swift */; };
		94462F772BF7AA0200D0068F /* MenuState.swift in Sources */ = {isa = PBXBuildFile; fileRef = 94462F702BF7AA0200D0068F /* MenuState.swift */; };
		94462F782BF7AA0200D0068F /* OnboardingState.swift in Sources */ = {isa = PBXBuildFile; fileRef = 94462F712BF7AA0200D0068F /* OnboardingState.swift */; };
		94462F792BF7AA0200D0068F /* PasscodeViewState.swift in Sources */ = {isa = PBXBuildFile; fileRef = 94462F722BF7AA0200D0068F /* PasscodeViewState.swift */; };
		94462F992BF7AB9C00D0068F /* AddItemViewModel.swift in Sources */ = {isa = PBXBuildFile; fileRef = 94462F7A2BF7AB9B00D0068F /* AddItemViewModel.swift */; };
		94462F9A2BF7AB9C00D0068F /* CompanyDetailViewModel.swift in Sources */ = {isa = PBXBuildFile; fileRef = 94462F7B2BF7AB9B00D0068F /* CompanyDetailViewModel.swift */; };
		94462F9B2BF7AB9C00D0068F /* DepartmentDetailViewModel.swift in Sources */ = {isa = PBXBuildFile; fileRef = 94462F7C2BF7AB9B00D0068F /* DepartmentDetailViewModel.swift */; };
		94462F9C2BF7AB9C00D0068F /* InventoryListViewModel.swift in Sources */ = {isa = PBXBuildFile; fileRef = 94462F7D2BF7AB9B00D0068F /* InventoryListViewModel.swift */; };
		94462F9D2BF7AB9C00D0068F /* MoveItemsViewModel.swift in Sources */ = {isa = PBXBuildFile; fileRef = 94462F7E2BF7AB9B00D0068F /* MoveItemsViewModel.swift */; };
		94462F9E2BF7AB9C00D0068F /* PointOfSaleViewModel.swift in Sources */ = {isa = PBXBuildFile; fileRef = 94462F7F2BF7AB9B00D0068F /* PointOfSaleViewModel.swift */; };
		94462F9F2BF7AB9C00D0068F /* RootViewModel.swift in Sources */ = {isa = PBXBuildFile; fileRef = 94462F802BF7AB9B00D0068F /* RootViewModel.swift */; };
		94462FA02BF7AB9C00D0068F /* SettingsViewModel.swift in Sources */ = {isa = PBXBuildFile; fileRef = 94462F812BF7AB9B00D0068F /* SettingsViewModel.swift */; };
		94462FA12BF7AB9C00D0068F /* DateTimeLabel.swift in Sources */ = {isa = PBXBuildFile; fileRef = 94462F832BF7AB9C00D0068F /* DateTimeLabel.swift */; };
		94462FA22BF7AB9C00D0068F /* DepartmentPicker.swift in Sources */ = {isa = PBXBuildFile; fileRef = 94462F842BF7AB9C00D0068F /* DepartmentPicker.swift */; };
		94462FA32BF7AB9C00D0068F /* LogoView.swift in Sources */ = {isa = PBXBuildFile; fileRef = 94462F852BF7AB9C00D0068F /* LogoView.swift */; };
		94462FA42BF7AB9C00D0068F /* NumberPadView.swift in Sources */ = {isa = PBXBuildFile; fileRef = 94462F862BF7AB9C00D0068F /* NumberPadView.swift */; };
		94462FA52BF7AB9C00D0068F /* ResponsiveView.swift in Sources */ = {isa = PBXBuildFile; fileRef = 94462F872BF7AB9C00D0068F /* ResponsiveView.swift */; };
		94462FA62BF7AB9C00D0068F /* ThemeTextField.swift in Sources */ = {isa = PBXBuildFile; fileRef = 94462F882BF7AB9C00D0068F /* ThemeTextField.swift */; };
		94462FA72BF7AB9C00D0068F /* ItemDetailView.swift in Sources */ = {isa = PBXBuildFile; fileRef = 94462F8A2BF7AB9C00D0068F /* ItemDetailView.swift */; };
		94462FA82BF7AB9C00D0068F /* CartSidebarView.swift in Sources */ = {isa = PBXBuildFile; fileRef = 94462F8B2BF7AB9C00D0068F /* CartSidebarView.swift */; };
		94462FA92BF7AB9C00D0068F /* CompanyDetailView.swift in Sources */ = {isa = PBXBuildFile; fileRef = 94462F8C2BF7AB9C00D0068F /* CompanyDetailView.swift */; };
		94462FAA2BF7AB9C00D0068F /* DepartmentDetailView.swift in Sources */ = {isa = PBXBuildFile; fileRef = 94462F8D2BF7AB9C00D0068F /* DepartmentDetailView.swift */; };
		94462FAB2BF7AB9C00D0068F /* InventoryListView.swift in Sources */ = {isa = PBXBuildFile; fileRef = 94462F8E2BF7AB9C00D0068F /* InventoryListView.swift */; };
		94462FAC2BF7AB9C00D0068F /* ItemGridView.swift in Sources */ = {isa = PBXBuildFile; fileRef = 94462F8F2BF7AB9C00D0068F /* ItemGridView.swift */; };
		94462FAD2BF7AB9C00D0068F /* LockScreenView.swift in Sources */ = {isa = PBXBuildFile; fileRef = 94462F902BF7AB9C00D0068F /* LockScreenView.swift */; };
		94462FAE2BF7AB9C00D0068F /* MenuView.swift in Sources */ = {isa = PBXBuildFile; fileRef = 94462F912BF7AB9C00D0068F /* MenuView.swift */; };
		94462FAF2BF7AB9C00D0068F /* MoveItemsView.swift in Sources */ = {isa = PBXBuildFile; fileRef = 94462F922BF7AB9C00D0068F /* MoveItemsView.swift */; };
		94462FB02BF7AB9C00D0068F /* OnboardingView.swift in Sources */ = {isa = PBXBuildFile; fileRef = 94462F932BF7AB9C00D0068F /* OnboardingView.swift */; };
		94462FB12BF7AB9C00D0068F /* PasscodeView.swift in Sources */ = {isa = PBXBuildFile; fileRef = 94462F942BF7AB9C00D0068F /* PasscodeView.swift */; };
		94462FB32BF7AB9C00D0068F /* RootView.swift in Sources */ = {isa = PBXBuildFile; fileRef = 94462F962BF7AB9C00D0068F /* RootView.swift */; };
		94462FB42BF7AB9C00D0068F /* SettingsView.swift in Sources */ = {isa = PBXBuildFile; fileRef = 94462F972BF7AB9C00D0068F /* SettingsView.swift */; };
		94462FBA2BF7AC3600D0068F /* DepartmentData.swift in Sources */ = {isa = PBXBuildFile; fileRef = 94462FB52BF7AC3600D0068F /* DepartmentData.swift */; };
		94462FBB2BF7AC3600D0068F /* ItemData.swift in Sources */ = {isa = PBXBuildFile; fileRef = 94462FB62BF7AC3600D0068F /* ItemData.swift */; };
		94462FBC2BF7AC3600D0068F /* RealmActor_Ext.swift in Sources */ = {isa = PBXBuildFile; fileRef = 94462FB72BF7AC3600D0068F /* RealmActor_Ext.swift */; };
		94462FBD2BF7AC3600D0068F /* SaleData.swift in Sources */ = {isa = PBXBuildFile; fileRef = 94462FB82BF7AC3600D0068F /* SaleData.swift */; };
		94462FC32BF7AC8100D0068F /* CompanyEntity.swift in Sources */ = {isa = PBXBuildFile; fileRef = 94462FBE2BF7AC8100D0068F /* CompanyEntity.swift */; };
		94462FC42BF7AC8100D0068F /* DepartmentEntity.swift in Sources */ = {isa = PBXBuildFile; fileRef = 94462FBF2BF7AC8100D0068F /* DepartmentEntity.swift */; };
		94462FC52BF7AC8100D0068F /* ItemEntity.swift in Sources */ = {isa = PBXBuildFile; fileRef = 94462FC02BF7AC8100D0068F /* ItemEntity.swift */; };
		94462FC62BF7AC8100D0068F /* SaleEntity.swift in Sources */ = {isa = PBXBuildFile; fileRef = 94462FC12BF7AC8100D0068F /* SaleEntity.swift */; };
		9446D04C2BD36CA0007D1131 /* PaneOutline-Mod.swift in Sources */ = {isa = PBXBuildFile; fileRef = 9446D04B2BD36CA0007D1131 /* PaneOutline-Mod.swift */; };
		944F8CE72A2AA94E007AD864 /* SaleDetailView.swift in Sources */ = {isa = PBXBuildFile; fileRef = 944F8CE62A2AA94E007AD864 /* SaleDetailView.swift */; };
		9453BEC42BB3C79F007C63A4 /* Algorithms in Frameworks */ = {isa = PBXBuildFile; productRef = 9453BEC32BB3C79F007C63A4 /* Algorithms */; };
		945FFF312BFCDA36005050F3 /* ConfirmSaleView.swift in Sources */ = {isa = PBXBuildFile; fileRef = 945FFF302BFCDA36005050F3 /* ConfirmSaleView.swift */; };
		945FFF332BFCFEEE005050F3 /* CartItemListView.swift in Sources */ = {isa = PBXBuildFile; fileRef = 945FFF322BFCFEEE005050F3 /* CartItemListView.swift */; };
		9465246F2BA7E55C00F24CDD /* DepartmentButton-Mod.swift in Sources */ = {isa = PBXBuildFile; fileRef = 9465246E2BA7E55C00F24CDD /* DepartmentButton-Mod.swift */; };
		9467C4122BC5C59D00A7541E /* MenuButton-Mod.swift in Sources */ = {isa = PBXBuildFile; fileRef = 9467C4112BC5C59D00A7541E /* MenuButton-Mod.swift */; };
		94860BA02BB14EDF00B1138A /* GlowingOutline-Mod.swift in Sources */ = {isa = PBXBuildFile; fileRef = 94860B9F2BB14EDF00B1138A /* GlowingOutline-Mod.swift */; };
		948688672BB6B0B70030C8C6 /* AlertModel.swift in Sources */ = {isa = PBXBuildFile; fileRef = 948688662BB6B0B70030C8C6 /* AlertModel.swift */; };
		948688692BB6B0CC0030C8C6 /* AlertView.swift in Sources */ = {isa = PBXBuildFile; fileRef = 948688682BB6B0CC0030C8C6 /* AlertView.swift */; };
		9486886B2BB6B1650030C8C6 /* UIFeedbackService.swift in Sources */ = {isa = PBXBuildFile; fileRef = 9486886A2BB6B1650030C8C6 /* UIFeedbackService.swift */; };
		9486886D2BC33C5B0030C8C6 /* TableStyle-Mod.swift in Sources */ = {isa = PBXBuildFile; fileRef = 9486886C2BC33C5B0030C8C6 /* TableStyle-Mod.swift */; };
		9490BAE02BB32044003C925A /* SecondaryButton-Mod.swift in Sources */ = {isa = PBXBuildFile; fileRef = 9490BADF2BB32044003C925A /* SecondaryButton-Mod.swift */; };
		94A939DB2BD6F21F0027A5E4 /* Date+Ext.swift in Sources */ = {isa = PBXBuildFile; fileRef = 94A939DA2BD6F21F0027A5E4 /* Date+Ext.swift */; };
		94A939DE2BD6F4DB0027A5E4 /* SalesViewModel.swift in Sources */ = {isa = PBXBuildFile; fileRef = 94A939DD2BD6F4DB0027A5E4 /* SalesViewModel.swift */; };
		94A939E02BD6F94E0027A5E4 /* DailyChartView.swift in Sources */ = {isa = PBXBuildFile; fileRef = 94A939DF2BD6F94E0027A5E4 /* DailyChartView.swift */; };
		94A939E22BD6F9600027A5E4 /* WeeklyChartView.swift in Sources */ = {isa = PBXBuildFile; fileRef = 94A939E12BD6F9600027A5E4 /* WeeklyChartView.swift */; };
		94A939E42BD6F97B0027A5E4 /* MonthlyChartView.swift in Sources */ = {isa = PBXBuildFile; fileRef = 94A939E32BD6F97B0027A5E4 /* MonthlyChartView.swift */; };
		94A939E82BD8BB440027A5E4 /* UIColorOverride.swift in Sources */ = {isa = PBXBuildFile; fileRef = 94A939E72BD8BB440027A5E4 /* UIColorOverride.swift */; };
		94AC8DBD29FB25D4006A166E /* RealmMigrator.swift in Sources */ = {isa = PBXBuildFile; fileRef = 94AC8DBC29FB25D4006A166E /* RealmMigrator.swift */; };
		94C7625C2BA8A9F800A61F7D /* AuthService.swift in Sources */ = {isa = PBXBuildFile; fileRef = 94C7625B2BA8A9F800A61F7D /* AuthService.swift */; };
		94C7625E2BA8BEDB00A61F7D /* LogService.swift in Sources */ = {isa = PBXBuildFile; fileRef = 94C7625D2BA8BEDB00A61F7D /* LogService.swift */; };
		94D1FDB22BCC8D13001DFEA5 /* LaunchScreen.storyboard in Resources */ = {isa = PBXBuildFile; fileRef = 94D1FDB12BCC8D13001DFEA5 /* LaunchScreen.storyboard */; };
		94E8BEAE2BCD90EA00041614 /* RealmActor.swift in Sources */ = {isa = PBXBuildFile; fileRef = 94E8BEAD2BCD90EA00041614 /* RealmActor.swift */; };
		94F624462BAF1B1E0069C81E /* SalesHistoryView.swift in Sources */ = {isa = PBXBuildFile; fileRef = 94F624452BAF1B1E0069C81E /* SalesHistoryView.swift */; };
		94F6244C2BB12D710069C81E /* String+Ext.swift in Sources */ = {isa = PBXBuildFile; fileRef = 94F6244B2BB12D710069C81E /* String+Ext.swift */; };
		94F6244E2BB12DAA0069C81E /* Double+Ext.swift in Sources */ = {isa = PBXBuildFile; fileRef = 94F6244D2BB12DAA0069C81E /* Double+Ext.swift */; };
		94F624502BB12DC20069C81E /* View+Ext.swift in Sources */ = {isa = PBXBuildFile; fileRef = 94F6244F2BB12DC20069C81E /* View+Ext.swift */; };
		94F624592BB12FB90069C81E /* Title-Mod.swift in Sources */ = {isa = PBXBuildFile; fileRef = 94F624582BB12FB90069C81E /* Title-Mod.swift */; };
/* End PBXBuildFile section */

/* Begin PBXFileReference section */
		802EDC0129FA32160048A9A8 /* SaleDateManager.swift */ = {isa = PBXFileReference; lastKnownFileType = sourcecode.swift; path = SaleDateManager.swift; sourceTree = "<group>"; };
		802EDC082A01EFB00048A9A8 /* Info.plist */ = {isa = PBXFileReference; lastKnownFileType = text.plist; path = Info.plist; sourceTree = "<group>"; };
		80B5EF6D29F0C318007D9842 /* InventoryX.app */ = {isa = PBXFileReference; explicitFileType = wrapper.application; includeInIndex = 0; path = InventoryX.app; sourceTree = BUILT_PRODUCTS_DIR; };
		80B5EF7029F0C318007D9842 /* InventoryXApp.swift */ = {isa = PBXFileReference; lastKnownFileType = sourcecode.swift; path = InventoryXApp.swift; sourceTree = "<group>"; };
		80B5EF7429F0C319007D9842 /* Assets.xcassets */ = {isa = PBXFileReference; lastKnownFileType = folder.assetcatalog; path = Assets.xcassets; sourceTree = "<group>"; };
		80B5EF7729F0C319007D9842 /* Preview Assets.xcassets */ = {isa = PBXFileReference; lastKnownFileType = folder.assetcatalog; path = "Preview Assets.xcassets"; sourceTree = "<group>"; };
		940C97032BFD9B4200A0BEAF /* ItemTableView.swift */ = {isa = PBXFileReference; lastKnownFileType = sourcecode.swift; path = ItemTableView.swift; sourceTree = "<group>"; };
		940C970A2BFF9E0C00A0BEAF /* DepartmentTableView.swift */ = {isa = PBXFileReference; lastKnownFileType = sourcecode.swift; path = DepartmentTableView.swift; sourceTree = "<group>"; };
		941A626E2BF9E1E30040DC6C /* LazySplitView.swift */ = {isa = PBXFileReference; fileEncoding = 4; lastKnownFileType = sourcecode.swift; path = LazySplitView.swift; sourceTree = "<group>"; };
		941A62762BFA37FC0040DC6C /* POSView.swift */ = {isa = PBXFileReference; lastKnownFileType = sourcecode.swift; path = POSView.swift; sourceTree = "<group>"; };
		942C595E2C18103000229C79 /* LazySplit Notes */ = {isa = PBXFileReference; lastKnownFileType = text; path = "LazySplit Notes"; sourceTree = "<group>"; };
		94341C112BA5897000334505 /* PrimaryButton-Mod.swift */ = {isa = PBXFileReference; fileEncoding = 4; lastKnownFileType = sourcecode.swift; path = "PrimaryButton-Mod.swift"; sourceTree = "<group>"; };
		944324AD2C179123001D9C2A /* DetailPath.swift */ = {isa = PBXFileReference; fileEncoding = 4; lastKnownFileType = sourcecode.swift; path = DetailPath.swift; sourceTree = "<group>"; };
		94462F6D2BF7AA0200D0068F /* AppError.swift */ = {isa = PBXFileReference; fileEncoding = 4; lastKnownFileType = sourcecode.swift; path = AppError.swift; sourceTree = "<group>"; };
		94462F6E2BF7AA0200D0068F /* CartState.swift */ = {isa = PBXFileReference; fileEncoding = 4; lastKnownFileType = sourcecode.swift; path = CartState.swift; sourceTree = "<group>"; };
		94462F6F2BF7AA0200D0068F /* DisplayState.swift */ = {isa = PBXFileReference; fileEncoding = 4; lastKnownFileType = sourcecode.swift; path = DisplayState.swift; sourceTree = "<group>"; };
		94462F702BF7AA0200D0068F /* MenuState.swift */ = {isa = PBXFileReference; fileEncoding = 4; lastKnownFileType = sourcecode.swift; path = MenuState.swift; sourceTree = "<group>"; };
		94462F712BF7AA0200D0068F /* OnboardingState.swift */ = {isa = PBXFileReference; fileEncoding = 4; lastKnownFileType = sourcecode.swift; path = OnboardingState.swift; sourceTree = "<group>"; };
		94462F722BF7AA0200D0068F /* PasscodeViewState.swift */ = {isa = PBXFileReference; fileEncoding = 4; lastKnownFileType = sourcecode.swift; path = PasscodeViewState.swift; sourceTree = "<group>"; };
		94462F7A2BF7AB9B00D0068F /* AddItemViewModel.swift */ = {isa = PBXFileReference; fileEncoding = 4; lastKnownFileType = sourcecode.swift; path = AddItemViewModel.swift; sourceTree = "<group>"; };
		94462F7B2BF7AB9B00D0068F /* CompanyDetailViewModel.swift */ = {isa = PBXFileReference; fileEncoding = 4; lastKnownFileType = sourcecode.swift; path = CompanyDetailViewModel.swift; sourceTree = "<group>"; };
		94462F7C2BF7AB9B00D0068F /* DepartmentDetailViewModel.swift */ = {isa = PBXFileReference; fileEncoding = 4; lastKnownFileType = sourcecode.swift; path = DepartmentDetailViewModel.swift; sourceTree = "<group>"; };
		94462F7D2BF7AB9B00D0068F /* InventoryListViewModel.swift */ = {isa = PBXFileReference; fileEncoding = 4; lastKnownFileType = sourcecode.swift; path = InventoryListViewModel.swift; sourceTree = "<group>"; };
		94462F7E2BF7AB9B00D0068F /* MoveItemsViewModel.swift */ = {isa = PBXFileReference; fileEncoding = 4; lastKnownFileType = sourcecode.swift; path = MoveItemsViewModel.swift; sourceTree = "<group>"; };
		94462F7F2BF7AB9B00D0068F /* PointOfSaleViewModel.swift */ = {isa = PBXFileReference; fileEncoding = 4; lastKnownFileType = sourcecode.swift; path = PointOfSaleViewModel.swift; sourceTree = "<group>"; };
		94462F802BF7AB9B00D0068F /* RootViewModel.swift */ = {isa = PBXFileReference; fileEncoding = 4; lastKnownFileType = sourcecode.swift; path = RootViewModel.swift; sourceTree = "<group>"; };
		94462F812BF7AB9B00D0068F /* SettingsViewModel.swift */ = {isa = PBXFileReference; fileEncoding = 4; lastKnownFileType = sourcecode.swift; path = SettingsViewModel.swift; sourceTree = "<group>"; };
		94462F832BF7AB9C00D0068F /* DateTimeLabel.swift */ = {isa = PBXFileReference; fileEncoding = 4; lastKnownFileType = sourcecode.swift; path = DateTimeLabel.swift; sourceTree = "<group>"; };
		94462F842BF7AB9C00D0068F /* DepartmentPicker.swift */ = {isa = PBXFileReference; fileEncoding = 4; lastKnownFileType = sourcecode.swift; path = DepartmentPicker.swift; sourceTree = "<group>"; };
		94462F852BF7AB9C00D0068F /* LogoView.swift */ = {isa = PBXFileReference; fileEncoding = 4; lastKnownFileType = sourcecode.swift; path = LogoView.swift; sourceTree = "<group>"; };
		94462F862BF7AB9C00D0068F /* NumberPadView.swift */ = {isa = PBXFileReference; fileEncoding = 4; lastKnownFileType = sourcecode.swift; path = NumberPadView.swift; sourceTree = "<group>"; };
		94462F872BF7AB9C00D0068F /* ResponsiveView.swift */ = {isa = PBXFileReference; fileEncoding = 4; lastKnownFileType = sourcecode.swift; path = ResponsiveView.swift; sourceTree = "<group>"; };
		94462F882BF7AB9C00D0068F /* ThemeTextField.swift */ = {isa = PBXFileReference; fileEncoding = 4; lastKnownFileType = sourcecode.swift; path = ThemeTextField.swift; sourceTree = "<group>"; };
		94462F8A2BF7AB9C00D0068F /* ItemDetailView.swift */ = {isa = PBXFileReference; fileEncoding = 4; lastKnownFileType = sourcecode.swift; path = ItemDetailView.swift; sourceTree = "<group>"; };
		94462F8B2BF7AB9C00D0068F /* CartSidebarView.swift */ = {isa = PBXFileReference; fileEncoding = 4; lastKnownFileType = sourcecode.swift; path = CartSidebarView.swift; sourceTree = "<group>"; };
		94462F8C2BF7AB9C00D0068F /* CompanyDetailView.swift */ = {isa = PBXFileReference; fileEncoding = 4; lastKnownFileType = sourcecode.swift; path = CompanyDetailView.swift; sourceTree = "<group>"; };
		94462F8D2BF7AB9C00D0068F /* DepartmentDetailView.swift */ = {isa = PBXFileReference; fileEncoding = 4; lastKnownFileType = sourcecode.swift; path = DepartmentDetailView.swift; sourceTree = "<group>"; };
		94462F8E2BF7AB9C00D0068F /* InventoryListView.swift */ = {isa = PBXFileReference; fileEncoding = 4; lastKnownFileType = sourcecode.swift; path = InventoryListView.swift; sourceTree = "<group>"; };
		94462F8F2BF7AB9C00D0068F /* ItemGridView.swift */ = {isa = PBXFileReference; fileEncoding = 4; lastKnownFileType = sourcecode.swift; path = ItemGridView.swift; sourceTree = "<group>"; };
		94462F902BF7AB9C00D0068F /* LockScreenView.swift */ = {isa = PBXFileReference; fileEncoding = 4; lastKnownFileType = sourcecode.swift; path = LockScreenView.swift; sourceTree = "<group>"; };
		94462F912BF7AB9C00D0068F /* MenuView.swift */ = {isa = PBXFileReference; fileEncoding = 4; lastKnownFileType = sourcecode.swift; path = MenuView.swift; sourceTree = "<group>"; };
		94462F922BF7AB9C00D0068F /* MoveItemsView.swift */ = {isa = PBXFileReference; fileEncoding = 4; lastKnownFileType = sourcecode.swift; path = MoveItemsView.swift; sourceTree = "<group>"; };
		94462F932BF7AB9C00D0068F /* OnboardingView.swift */ = {isa = PBXFileReference; fileEncoding = 4; lastKnownFileType = sourcecode.swift; path = OnboardingView.swift; sourceTree = "<group>"; };
		94462F942BF7AB9C00D0068F /* PasscodeView.swift */ = {isa = PBXFileReference; fileEncoding = 4; lastKnownFileType = sourcecode.swift; path = PasscodeView.swift; sourceTree = "<group>"; };
		94462F962BF7AB9C00D0068F /* RootView.swift */ = {isa = PBXFileReference; fileEncoding = 4; lastKnownFileType = sourcecode.swift; path = RootView.swift; sourceTree = "<group>"; };
		94462F972BF7AB9C00D0068F /* SettingsView.swift */ = {isa = PBXFileReference; fileEncoding = 4; lastKnownFileType = sourcecode.swift; path = SettingsView.swift; sourceTree = "<group>"; };
		94462FB52BF7AC3600D0068F /* DepartmentData.swift */ = {isa = PBXFileReference; fileEncoding = 4; lastKnownFileType = sourcecode.swift; path = DepartmentData.swift; sourceTree = "<group>"; };
		94462FB62BF7AC3600D0068F /* ItemData.swift */ = {isa = PBXFileReference; fileEncoding = 4; lastKnownFileType = sourcecode.swift; path = ItemData.swift; sourceTree = "<group>"; };
		94462FB72BF7AC3600D0068F /* RealmActor_Ext.swift */ = {isa = PBXFileReference; fileEncoding = 4; lastKnownFileType = sourcecode.swift; path = RealmActor_Ext.swift; sourceTree = "<group>"; };
		94462FB82BF7AC3600D0068F /* SaleData.swift */ = {isa = PBXFileReference; fileEncoding = 4; lastKnownFileType = sourcecode.swift; path = SaleData.swift; sourceTree = "<group>"; };
		94462FBE2BF7AC8100D0068F /* CompanyEntity.swift */ = {isa = PBXFileReference; fileEncoding = 4; lastKnownFileType = sourcecode.swift; path = CompanyEntity.swift; sourceTree = "<group>"; };
		94462FBF2BF7AC8100D0068F /* DepartmentEntity.swift */ = {isa = PBXFileReference; fileEncoding = 4; lastKnownFileType = sourcecode.swift; path = DepartmentEntity.swift; sourceTree = "<group>"; };
		94462FC02BF7AC8100D0068F /* ItemEntity.swift */ = {isa = PBXFileReference; fileEncoding = 4; lastKnownFileType = sourcecode.swift; path = ItemEntity.swift; sourceTree = "<group>"; };
		94462FC12BF7AC8100D0068F /* SaleEntity.swift */ = {isa = PBXFileReference; fileEncoding = 4; lastKnownFileType = sourcecode.swift; path = SaleEntity.swift; sourceTree = "<group>"; };
		9446D04B2BD36CA0007D1131 /* PaneOutline-Mod.swift */ = {isa = PBXFileReference; lastKnownFileType = sourcecode.swift; path = "PaneOutline-Mod.swift"; sourceTree = "<group>"; };
		944F8CE62A2AA94E007AD864 /* SaleDetailView.swift */ = {isa = PBXFileReference; lastKnownFileType = sourcecode.swift; path = SaleDetailView.swift; sourceTree = "<group>"; };
		945FFF302BFCDA36005050F3 /* ConfirmSaleView.swift */ = {isa = PBXFileReference; lastKnownFileType = sourcecode.swift; path = ConfirmSaleView.swift; sourceTree = "<group>"; };
		945FFF322BFCFEEE005050F3 /* CartItemListView.swift */ = {isa = PBXFileReference; lastKnownFileType = sourcecode.swift; path = CartItemListView.swift; sourceTree = "<group>"; };
		9465246E2BA7E55C00F24CDD /* DepartmentButton-Mod.swift */ = {isa = PBXFileReference; lastKnownFileType = sourcecode.swift; path = "DepartmentButton-Mod.swift"; sourceTree = "<group>"; };
		9467C4112BC5C59D00A7541E /* MenuButton-Mod.swift */ = {isa = PBXFileReference; lastKnownFileType = sourcecode.swift; path = "MenuButton-Mod.swift"; sourceTree = "<group>"; };
		94860B9F2BB14EDF00B1138A /* GlowingOutline-Mod.swift */ = {isa = PBXFileReference; lastKnownFileType = sourcecode.swift; path = "GlowingOutline-Mod.swift"; sourceTree = "<group>"; };
		948688662BB6B0B70030C8C6 /* AlertModel.swift */ = {isa = PBXFileReference; fileEncoding = 4; lastKnownFileType = sourcecode.swift; path = AlertModel.swift; sourceTree = "<group>"; };
		948688682BB6B0CC0030C8C6 /* AlertView.swift */ = {isa = PBXFileReference; fileEncoding = 4; lastKnownFileType = sourcecode.swift; path = AlertView.swift; sourceTree = "<group>"; };
		9486886A2BB6B1650030C8C6 /* UIFeedbackService.swift */ = {isa = PBXFileReference; fileEncoding = 4; lastKnownFileType = sourcecode.swift; path = UIFeedbackService.swift; sourceTree = "<group>"; };
		9486886C2BC33C5B0030C8C6 /* TableStyle-Mod.swift */ = {isa = PBXFileReference; lastKnownFileType = sourcecode.swift; path = "TableStyle-Mod.swift"; sourceTree = "<group>"; };
		9490BADF2BB32044003C925A /* SecondaryButton-Mod.swift */ = {isa = PBXFileReference; lastKnownFileType = sourcecode.swift; path = "SecondaryButton-Mod.swift"; sourceTree = "<group>"; };
		94A939DA2BD6F21F0027A5E4 /* Date+Ext.swift */ = {isa = PBXFileReference; lastKnownFileType = sourcecode.swift; path = "Date+Ext.swift"; sourceTree = "<group>"; };
		94A939DD2BD6F4DB0027A5E4 /* SalesViewModel.swift */ = {isa = PBXFileReference; lastKnownFileType = sourcecode.swift; path = SalesViewModel.swift; sourceTree = "<group>"; };
		94A939DF2BD6F94E0027A5E4 /* DailyChartView.swift */ = {isa = PBXFileReference; lastKnownFileType = sourcecode.swift; path = DailyChartView.swift; sourceTree = "<group>"; };
		94A939E12BD6F9600027A5E4 /* WeeklyChartView.swift */ = {isa = PBXFileReference; lastKnownFileType = sourcecode.swift; path = WeeklyChartView.swift; sourceTree = "<group>"; };
		94A939E32BD6F97B0027A5E4 /* MonthlyChartView.swift */ = {isa = PBXFileReference; lastKnownFileType = sourcecode.swift; path = MonthlyChartView.swift; sourceTree = "<group>"; };
		94A939E72BD8BB440027A5E4 /* UIColorOverride.swift */ = {isa = PBXFileReference; lastKnownFileType = sourcecode.swift; path = UIColorOverride.swift; sourceTree = "<group>"; };
		94AC8DBC29FB25D4006A166E /* RealmMigrator.swift */ = {isa = PBXFileReference; lastKnownFileType = sourcecode.swift; path = RealmMigrator.swift; sourceTree = "<group>"; };
		94C7625B2BA8A9F800A61F7D /* AuthService.swift */ = {isa = PBXFileReference; lastKnownFileType = sourcecode.swift; path = AuthService.swift; sourceTree = "<group>"; };
		94C7625D2BA8BEDB00A61F7D /* LogService.swift */ = {isa = PBXFileReference; lastKnownFileType = sourcecode.swift; path = LogService.swift; sourceTree = "<group>"; };
		94D1FDB12BCC8D13001DFEA5 /* LaunchScreen.storyboard */ = {isa = PBXFileReference; lastKnownFileType = file.storyboard; path = LaunchScreen.storyboard; sourceTree = "<group>"; };
		94E8BEAD2BCD90EA00041614 /* RealmActor.swift */ = {isa = PBXFileReference; lastKnownFileType = sourcecode.swift; path = RealmActor.swift; sourceTree = "<group>"; };
		94F624452BAF1B1E0069C81E /* SalesHistoryView.swift */ = {isa = PBXFileReference; lastKnownFileType = sourcecode.swift; path = SalesHistoryView.swift; sourceTree = "<group>"; };
		94F6244B2BB12D710069C81E /* String+Ext.swift */ = {isa = PBXFileReference; lastKnownFileType = sourcecode.swift; path = "String+Ext.swift"; sourceTree = "<group>"; };
		94F6244D2BB12DAA0069C81E /* Double+Ext.swift */ = {isa = PBXFileReference; lastKnownFileType = sourcecode.swift; path = "Double+Ext.swift"; sourceTree = "<group>"; };
		94F6244F2BB12DC20069C81E /* View+Ext.swift */ = {isa = PBXFileReference; lastKnownFileType = sourcecode.swift; path = "View+Ext.swift"; sourceTree = "<group>"; };
		94F624582BB12FB90069C81E /* Title-Mod.swift */ = {isa = PBXFileReference; lastKnownFileType = sourcecode.swift; path = "Title-Mod.swift"; sourceTree = "<group>"; };
/* End PBXFileReference section */

/* Begin PBXFrameworksBuildPhase section */
		80B5EF6A29F0C318007D9842 /* Frameworks */ = {
			isa = PBXFrameworksBuildPhase;
			buildActionMask = 2147483647;
			files = (
				9453BEC42BB3C79F007C63A4 /* Algorithms in Frameworks */,
				80B5EF9B29F0CED3007D9842 /* RealmSwift in Frameworks */,
				80B5EF9929F0CED3007D9842 /* Realm in Frameworks */,
			);
			runOnlyForDeploymentPostprocessing = 0;
		};
/* End PBXFrameworksBuildPhase section */

/* Begin PBXGroup section */
		80B5EF6429F0C318007D9842 = {
			isa = PBXGroup;
			children = (
				80B5EF6F29F0C318007D9842 /* InventoryX */,
				80B5EF6E29F0C318007D9842 /* Products */,
			);
			sourceTree = "<group>";
		};
		80B5EF6E29F0C318007D9842 /* Products */ = {
			isa = PBXGroup;
			children = (
				80B5EF6D29F0C318007D9842 /* InventoryX.app */,
			);
			name = Products;
			sourceTree = "<group>";
		};
		80B5EF6F29F0C318007D9842 /* InventoryX */ = {
			isa = PBXGroup;
			children = (
				80B5EF7429F0C319007D9842 /* Assets.xcassets */,
				802EDC082A01EFB00048A9A8 /* Info.plist */,
				80B5EF8329F0CC1C007D9842 /* App */,
				94462FB92BF7AC3600D0068F /* Dev */,
				94462F732BF7AA0200D0068F /* Enums */,
				941A62702BF9E1E30040DC6C /* LazyNavView */,
				94462FC22BF7AC8100D0068F /* Models */,
				9453BEC52BB4D9FD007C63A4 /* NextVersion */,
				948861592BACC19800580F38 /* Services */,
				94F624472BB122E40069C81E /* Utilities */,
				94462F982BF7AB9C00D0068F /* Views */,
				94462F822BF7AB9B00D0068F /* ViewModels */,
				80B5EF7629F0C319007D9842 /* Preview Content */,
			);
			path = InventoryX;
			sourceTree = "<group>";
		};
		80B5EF7629F0C319007D9842 /* Preview Content */ = {
			isa = PBXGroup;
			children = (
				80B5EF7729F0C319007D9842 /* Preview Assets.xcassets */,
			);
			path = "Preview Content";
			sourceTree = "<group>";
		};
		80B5EF8329F0CC1C007D9842 /* App */ = {
			isa = PBXGroup;
			children = (
				80B5EF7029F0C318007D9842 /* InventoryXApp.swift */,
				94D1FDB12BCC8D13001DFEA5 /* LaunchScreen.storyboard */,
			);
			path = App;
			sourceTree = "<group>";
		};
		940C97012BFD9A6A00A0BEAF /* DetailViews */ = {
			isa = PBXGroup;
			children = (
				94462F8A2BF7AB9C00D0068F /* ItemDetailView.swift */,
				94462F8C2BF7AB9C00D0068F /* CompanyDetailView.swift */,
				94462F8D2BF7AB9C00D0068F /* DepartmentDetailView.swift */,
			);
			path = DetailViews;
			sourceTree = "<group>";
		};
		940C97022BFD9A7300A0BEAF /* InventoryList */ = {
			isa = PBXGroup;
			children = (
				94462F8E2BF7AB9C00D0068F /* InventoryListView.swift */,
				940C97032BFD9B4200A0BEAF /* ItemTableView.swift */,
				940C970A2BFF9E0C00A0BEAF /* DepartmentTableView.swift */,
			);
			path = InventoryList;
			sourceTree = "<group>";
		};
		941A62702BF9E1E30040DC6C /* LazyNavView */ = {
			isa = PBXGroup;
			children = (
				94A939E72BD8BB440027A5E4 /* UIColorOverride.swift */,
				944324AD2C179123001D9C2A /* DetailPath.swift */,
				941A626E2BF9E1E30040DC6C /* LazySplitView.swift */,
				942C595E2C18103000229C79 /* LazySplit Notes */,
			);
			path = LazyNavView;
			sourceTree = "<group>";
		};
		94462F732BF7AA0200D0068F /* Enums */ = {
			isa = PBXGroup;
			children = (
				94462F6D2BF7AA0200D0068F /* AppError.swift */,
				94462F6E2BF7AA0200D0068F /* CartState.swift */,
				94462F6F2BF7AA0200D0068F /* DisplayState.swift */,
				94462F702BF7AA0200D0068F /* MenuState.swift */,
				94462F712BF7AA0200D0068F /* OnboardingState.swift */,
				94462F722BF7AA0200D0068F /* PasscodeViewState.swift */,
			);
			path = Enums;
			sourceTree = "<group>";
		};
		94462F822BF7AB9B00D0068F /* ViewModels */ = {
			isa = PBXGroup;
			children = (
				94462F7A2BF7AB9B00D0068F /* AddItemViewModel.swift */,
				94462F7B2BF7AB9B00D0068F /* CompanyDetailViewModel.swift */,
				94462F7C2BF7AB9B00D0068F /* DepartmentDetailViewModel.swift */,
				94462F7D2BF7AB9B00D0068F /* InventoryListViewModel.swift */,
				94462F7E2BF7AB9B00D0068F /* MoveItemsViewModel.swift */,
				94462F7F2BF7AB9B00D0068F /* PointOfSaleViewModel.swift */,
				94462F802BF7AB9B00D0068F /* RootViewModel.swift */,
				94462F812BF7AB9B00D0068F /* SettingsViewModel.swift */,
			);
			path = ViewModels;
			sourceTree = "<group>";
		};
		94462F892BF7AB9C00D0068F /* Components */ = {
			isa = PBXGroup;
			children = (
				94462F832BF7AB9C00D0068F /* DateTimeLabel.swift */,
				94462F842BF7AB9C00D0068F /* DepartmentPicker.swift */,
				94462F852BF7AB9C00D0068F /* LogoView.swift */,
				94462F862BF7AB9C00D0068F /* NumberPadView.swift */,
				94462F872BF7AB9C00D0068F /* ResponsiveView.swift */,
				94462F882BF7AB9C00D0068F /* ThemeTextField.swift */,
			);
			path = Components;
			sourceTree = "<group>";
		};
		94462F982BF7AB9C00D0068F /* Views */ = {
			isa = PBXGroup;
			children = (
				945FFF2F2BFCD9D4005050F3 /* PointOfSale */,
				94462F892BF7AB9C00D0068F /* Components */,
				940C97012BFD9A6A00A0BEAF /* DetailViews */,
				940C97022BFD9A7300A0BEAF /* InventoryList */,
				94462F902BF7AB9C00D0068F /* LockScreenView.swift */,
				94462F912BF7AB9C00D0068F /* MenuView.swift */,
				94462F922BF7AB9C00D0068F /* MoveItemsView.swift */,
				94462F932BF7AB9C00D0068F /* OnboardingView.swift */,
				94462F942BF7AB9C00D0068F /* PasscodeView.swift */,
				94462F962BF7AB9C00D0068F /* RootView.swift */,
				94462F972BF7AB9C00D0068F /* SettingsView.swift */,
			);
			name = Views;
			path = "../../../../../Downloads/InventoryX-main/InventoryX/Views";
			sourceTree = "<group>";
		};
		94462FB92BF7AC3600D0068F /* Dev */ = {
			isa = PBXGroup;
			children = (
				94462FB52BF7AC3600D0068F /* DepartmentData.swift */,
				94462FB62BF7AC3600D0068F /* ItemData.swift */,
				94462FB72BF7AC3600D0068F /* RealmActor_Ext.swift */,
				94462FB82BF7AC3600D0068F /* SaleData.swift */,
			);
			path = Dev;
			sourceTree = "<group>";
		};
		94462FC22BF7AC8100D0068F /* Models */ = {
			isa = PBXGroup;
			children = (
				94462FBE2BF7AC8100D0068F /* CompanyEntity.swift */,
				94462FBF2BF7AC8100D0068F /* DepartmentEntity.swift */,
				94462FC02BF7AC8100D0068F /* ItemEntity.swift */,
				94462FC12BF7AC8100D0068F /* SaleEntity.swift */,
			);
			name = Models;
			path = "../../../../../Downloads/InventoryX-main/InventoryX/Models";
			sourceTree = "<group>";
		};
		9453BEC52BB4D9FD007C63A4 /* NextVersion */ = {
			isa = PBXGroup;
			children = (
				9454535D2BED236F004762C0 /* Alerts */,
				94C7625D2BA8BEDB00A61F7D /* LogService.swift */,
				94A939DC2BD6F4C50027A5E4 /* Sales_Old */,
				94A939DD2BD6F4DB0027A5E4 /* SalesViewModel.swift */,
				94A939DF2BD6F94E0027A5E4 /* DailyChartView.swift */,
				94A939E12BD6F9600027A5E4 /* WeeklyChartView.swift */,
				94A939E32BD6F97B0027A5E4 /* MonthlyChartView.swift */,
			);
			path = NextVersion;
			sourceTree = "<group>";
		};
		9454535D2BED236F004762C0 /* Alerts */ = {
			isa = PBXGroup;
			children = (
				948688662BB6B0B70030C8C6 /* AlertModel.swift */,
				9486886A2BB6B1650030C8C6 /* UIFeedbackService.swift */,
				948688682BB6B0CC0030C8C6 /* AlertView.swift */,
			);
			path = Alerts;
			sourceTree = "<group>";
		};
		945FFF2F2BFCD9D4005050F3 /* PointOfSale */ = {
			isa = PBXGroup;
			children = (
				94462F8B2BF7AB9C00D0068F /* CartSidebarView.swift */,
				941A62762BFA37FC0040DC6C /* POSView.swift */,
				94462F8F2BF7AB9C00D0068F /* ItemGridView.swift */,
				945FFF302BFCDA36005050F3 /* ConfirmSaleView.swift */,
				945FFF322BFCFEEE005050F3 /* CartItemListView.swift */,
			);
			path = PointOfSale;
			sourceTree = "<group>";
		};
		948861592BACC19800580F38 /* Services */ = {
			isa = PBXGroup;
			children = (
				94C7625B2BA8A9F800A61F7D /* AuthService.swift */,
				94AC8DBC29FB25D4006A166E /* RealmMigrator.swift */,
				94E8BEAD2BCD90EA00041614 /* RealmActor.swift */,
			);
			path = Services;
			sourceTree = "<group>";
		};
		94A939DC2BD6F4C50027A5E4 /* Sales_Old */ = {
			isa = PBXGroup;
			children = (
				802EDC0129FA32160048A9A8 /* SaleDateManager.swift */,
				944F8CE62A2AA94E007AD864 /* SaleDetailView.swift */,
				94F624452BAF1B1E0069C81E /* SalesHistoryView.swift */,
			);
			path = Sales_Old;
			sourceTree = "<group>";
		};
		94F624472BB122E40069C81E /* Utilities */ = {
			isa = PBXGroup;
			children = (
				94F624532BB12EBB0069C81E /* Extensions */,
				94F6245A2BB130200069C81E /* Modifiers */,
			);
			path = Utilities;
			sourceTree = "<group>";
		};
		94F624532BB12EBB0069C81E /* Extensions */ = {
			isa = PBXGroup;
			children = (
				94F6244D2BB12DAA0069C81E /* Double+Ext.swift */,
				94F6244B2BB12D710069C81E /* String+Ext.swift */,
				94F6244F2BB12DC20069C81E /* View+Ext.swift */,
				94A939DA2BD6F21F0027A5E4 /* Date+Ext.swift */,
			);
			path = Extensions;
			sourceTree = "<group>";
		};
		94F6245A2BB130200069C81E /* Modifiers */ = {
			isa = PBXGroup;
			children = (
				9465246E2BA7E55C00F24CDD /* DepartmentButton-Mod.swift */,
				94860B9F2BB14EDF00B1138A /* GlowingOutline-Mod.swift */,
				9467C4112BC5C59D00A7541E /* MenuButton-Mod.swift */,
				94341C112BA5897000334505 /* PrimaryButton-Mod.swift */,
				9490BADF2BB32044003C925A /* SecondaryButton-Mod.swift */,
				9486886C2BC33C5B0030C8C6 /* TableStyle-Mod.swift */,
				94F624582BB12FB90069C81E /* Title-Mod.swift */,
				9446D04B2BD36CA0007D1131 /* PaneOutline-Mod.swift */,
			);
			path = Modifiers;
			sourceTree = "<group>";
		};
/* End PBXGroup section */

/* Begin PBXNativeTarget section */
		80B5EF6C29F0C318007D9842 /* InventoryX */ = {
			isa = PBXNativeTarget;
			buildConfigurationList = 80B5EF8029F0C319007D9842 /* Build configuration list for PBXNativeTarget "InventoryX" */;
			buildPhases = (
				80B5EF6929F0C318007D9842 /* Sources */,
				80B5EF6A29F0C318007D9842 /* Frameworks */,
				80B5EF6B29F0C318007D9842 /* Resources */,
			);
			buildRules = (
			);
			dependencies = (
			);
			name = InventoryX;
			packageProductDependencies = (
				80B5EF9829F0CED3007D9842 /* Realm */,
				80B5EF9A29F0CED3007D9842 /* RealmSwift */,
				9453BEC32BB3C79F007C63A4 /* Algorithms */,
			);
			productName = InventoryX;
			productReference = 80B5EF6D29F0C318007D9842 /* InventoryX.app */;
			productType = "com.apple.product-type.application";
		};
/* End PBXNativeTarget section */

/* Begin PBXProject section */
		80B5EF6529F0C318007D9842 /* Project object */ = {
			isa = PBXProject;
			attributes = {
				BuildIndependentTargetsInParallel = 1;
				LastSwiftUpdateCheck = 1420;
				LastUpgradeCheck = 1510;
				TargetAttributes = {
					80B5EF6C29F0C318007D9842 = {
						CreatedOnToolsVersion = 14.2;
					};
				};
			};
			buildConfigurationList = 80B5EF6829F0C318007D9842 /* Build configuration list for PBXProject "InventoryX" */;
			compatibilityVersion = "Xcode 14.0";
			developmentRegion = en;
			hasScannedForEncodings = 0;
			knownRegions = (
				en,
				Base,
			);
			mainGroup = 80B5EF6429F0C318007D9842;
			packageReferences = (
				80B5EF9729F0CED3007D9842 /* XCRemoteSwiftPackageReference "realm-swift" */,
				9453BEC22BB3C79F007C63A4 /* XCRemoteSwiftPackageReference "swift-algorithms" */,
			);
			productRefGroup = 80B5EF6E29F0C318007D9842 /* Products */;
			projectDirPath = "";
			projectRoot = "";
			targets = (
				80B5EF6C29F0C318007D9842 /* InventoryX */,
			);
		};
/* End PBXProject section */

/* Begin PBXResourcesBuildPhase section */
		80B5EF6B29F0C318007D9842 /* Resources */ = {
			isa = PBXResourcesBuildPhase;
			buildActionMask = 2147483647;
			files = (
				942C595F2C18103000229C79 /* LazySplit Notes in Resources */,
				80B5EF7829F0C319007D9842 /* Preview Assets.xcassets in Resources */,
				94D1FDB22BCC8D13001DFEA5 /* LaunchScreen.storyboard in Resources */,
				80B5EF7529F0C319007D9842 /* Assets.xcassets in Resources */,
			);
			runOnlyForDeploymentPostprocessing = 0;
		};
/* End PBXResourcesBuildPhase section */

/* Begin PBXSourcesBuildPhase section */
		80B5EF6929F0C318007D9842 /* Sources */ = {
			isa = PBXSourcesBuildPhase;
			buildActionMask = 2147483647;
			files = (
				94462FAF2BF7AB9C00D0068F /* MoveItemsView.swift in Sources */,
				94462FBC2BF7AC3600D0068F /* RealmActor_Ext.swift in Sources */,
				941A62722BF9E1E40040DC6C /* LazySplitView.swift in Sources */,
				9446D04C2BD36CA0007D1131 /* PaneOutline-Mod.swift in Sources */,
				94462F9D2BF7AB9C00D0068F /* MoveItemsViewModel.swift in Sources */,
				94462FB12BF7AB9C00D0068F /* PasscodeView.swift in Sources */,
				802EDC0229FA32160048A9A8 /* SaleDateManager.swift in Sources */,
				94462FA12BF7AB9C00D0068F /* DateTimeLabel.swift in Sources */,
				940C97042BFD9B4200A0BEAF /* ItemTableView.swift in Sources */,
				94462FC32BF7AC8100D0068F /* CompanyEntity.swift in Sources */,
				94F6244E2BB12DAA0069C81E /* Double+Ext.swift in Sources */,
				94E8BEAE2BCD90EA00041614 /* RealmActor.swift in Sources */,
				94462FBB2BF7AC3600D0068F /* ItemData.swift in Sources */,
				94462FC42BF7AC8100D0068F /* DepartmentEntity.swift in Sources */,
				945FFF332BFCFEEE005050F3 /* CartItemListView.swift in Sources */,
				94462FA32BF7AB9C00D0068F /* LogoView.swift in Sources */,
				94F624592BB12FB90069C81E /* Title-Mod.swift in Sources */,
				948688672BB6B0B70030C8C6 /* AlertModel.swift in Sources */,
				94A939DE2BD6F4DB0027A5E4 /* SalesViewModel.swift in Sources */,
				94462FAB2BF7AB9C00D0068F /* InventoryListView.swift in Sources */,
				94462FB02BF7AB9C00D0068F /* OnboardingView.swift in Sources */,
				94462FC52BF7AC8100D0068F /* ItemEntity.swift in Sources */,
				94462FA62BF7AB9C00D0068F /* ThemeTextField.swift in Sources */,
				94462FA42BF7AB9C00D0068F /* NumberPadView.swift in Sources */,
				945FFF312BFCDA36005050F3 /* ConfirmSaleView.swift in Sources */,
				9490BAE02BB32044003C925A /* SecondaryButton-Mod.swift in Sources */,
				94462F9C2BF7AB9C00D0068F /* InventoryListViewModel.swift in Sources */,
				94462FA92BF7AB9C00D0068F /* CompanyDetailView.swift in Sources */,
				94462F772BF7AA0200D0068F /* MenuState.swift in Sources */,
				94A939E82BD8BB440027A5E4 /* UIColorOverride.swift in Sources */,
				94462F742BF7AA0200D0068F /* AppError.swift in Sources */,
				9486886D2BC33C5B0030C8C6 /* TableStyle-Mod.swift in Sources */,
				9467C4122BC5C59D00A7541E /* MenuButton-Mod.swift in Sources */,
				94860BA02BB14EDF00B1138A /* GlowingOutline-Mod.swift in Sources */,
				94462FBA2BF7AC3600D0068F /* DepartmentData.swift in Sources */,
				94C7625C2BA8A9F800A61F7D /* AuthService.swift in Sources */,
				94462F762BF7AA0200D0068F /* DisplayState.swift in Sources */,
				9486886B2BB6B1650030C8C6 /* UIFeedbackService.swift in Sources */,
				94462FC62BF7AC8100D0068F /* SaleEntity.swift in Sources */,
				94462FAD2BF7AB9C00D0068F /* LockScreenView.swift in Sources */,
				94462FBD2BF7AC3600D0068F /* SaleData.swift in Sources */,
				948688692BB6B0CC0030C8C6 /* AlertView.swift in Sources */,
				94462F9F2BF7AB9C00D0068F /* RootViewModel.swift in Sources */,
				94C7625E2BA8BEDB00A61F7D /* LogService.swift in Sources */,
				94462FA72BF7AB9C00D0068F /* ItemDetailView.swift in Sources */,
				94462F782BF7AA0200D0068F /* OnboardingState.swift in Sources */,
				94A939DB2BD6F21F0027A5E4 /* Date+Ext.swift in Sources */,
				94462FB42BF7AB9C00D0068F /* SettingsView.swift in Sources */,
				94A939E42BD6F97B0027A5E4 /* MonthlyChartView.swift in Sources */,
				94F624462BAF1B1E0069C81E /* SalesHistoryView.swift in Sources */,
				94462FAE2BF7AB9C00D0068F /* MenuView.swift in Sources */,
				94462FA82BF7AB9C00D0068F /* CartSidebarView.swift in Sources */,
				94A939E22BD6F9600027A5E4 /* WeeklyChartView.swift in Sources */,
				94462FB32BF7AB9C00D0068F /* RootView.swift in Sources */,
				9465246F2BA7E55C00F24CDD /* DepartmentButton-Mod.swift in Sources */,
				944F8CE72A2AA94E007AD864 /* SaleDetailView.swift in Sources */,
				94A939E02BD6F94E0027A5E4 /* DailyChartView.swift in Sources */,
				94462F992BF7AB9C00D0068F /* AddItemViewModel.swift in Sources */,
				94462F9E2BF7AB9C00D0068F /* PointOfSaleViewModel.swift in Sources */,
				94462F9B2BF7AB9C00D0068F /* DepartmentDetailViewModel.swift in Sources */,
				94462FA52BF7AB9C00D0068F /* ResponsiveView.swift in Sources */,
				94F624502BB12DC20069C81E /* View+Ext.swift in Sources */,
				94462F752BF7AA0200D0068F /* CartState.swift in Sources */,
				94F6244C2BB12D710069C81E /* String+Ext.swift in Sources */,
				94462FAA2BF7AB9C00D0068F /* DepartmentDetailView.swift in Sources */,
				944324AE2C179123001D9C2A /* DetailPath.swift in Sources */,
				80B5EF7129F0C318007D9842 /* InventoryXApp.swift in Sources */,
				94462FAC2BF7AB9C00D0068F /* ItemGridView.swift in Sources */,
				940C970B2BFF9E0C00A0BEAF /* DepartmentTableView.swift in Sources */,
				94462F792BF7AA0200D0068F /* PasscodeViewState.swift in Sources */,
				94462FA22BF7AB9C00D0068F /* DepartmentPicker.swift in Sources */,
				941A62772BFA37FC0040DC6C /* POSView.swift in Sources */,
				94462F9A2BF7AB9C00D0068F /* CompanyDetailViewModel.swift in Sources */,
				94341C122BA5897000334505 /* PrimaryButton-Mod.swift in Sources */,
				94AC8DBD29FB25D4006A166E /* RealmMigrator.swift in Sources */,
				94462FA02BF7AB9C00D0068F /* SettingsViewModel.swift in Sources */,
			);
			runOnlyForDeploymentPostprocessing = 0;
		};
/* End PBXSourcesBuildPhase section */

/* Begin XCBuildConfiguration section */
		80B5EF7E29F0C319007D9842 /* Debug */ = {
			isa = XCBuildConfiguration;
			buildSettings = {
				ALWAYS_SEARCH_USER_PATHS = NO;
				ASSETCATALOG_COMPILER_APPICON_NAME = "";
				ASSETCATALOG_COMPILER_GENERATE_SWIFT_ASSET_SYMBOL_EXTENSIONS = YES;
				CLANG_ANALYZER_NONNULL = YES;
				CLANG_ANALYZER_NUMBER_OBJECT_CONVERSION = YES_AGGRESSIVE;
				CLANG_CXX_LANGUAGE_STANDARD = "gnu++20";
				CLANG_ENABLE_MODULES = YES;
				CLANG_ENABLE_OBJC_ARC = YES;
				CLANG_ENABLE_OBJC_WEAK = YES;
				CLANG_WARN_BLOCK_CAPTURE_AUTORELEASING = YES;
				CLANG_WARN_BOOL_CONVERSION = YES;
				CLANG_WARN_COMMA = YES;
				CLANG_WARN_CONSTANT_CONVERSION = YES;
				CLANG_WARN_DEPRECATED_OBJC_IMPLEMENTATIONS = YES;
				CLANG_WARN_DIRECT_OBJC_ISA_USAGE = YES_ERROR;
				CLANG_WARN_DOCUMENTATION_COMMENTS = YES;
				CLANG_WARN_EMPTY_BODY = YES;
				CLANG_WARN_ENUM_CONVERSION = YES;
				CLANG_WARN_INFINITE_RECURSION = YES;
				CLANG_WARN_INT_CONVERSION = YES;
				CLANG_WARN_NON_LITERAL_NULL_CONVERSION = YES;
				CLANG_WARN_OBJC_IMPLICIT_RETAIN_SELF = YES;
				CLANG_WARN_OBJC_LITERAL_CONVERSION = YES;
				CLANG_WARN_OBJC_ROOT_CLASS = YES_ERROR;
				CLANG_WARN_QUOTED_INCLUDE_IN_FRAMEWORK_HEADER = YES;
				CLANG_WARN_RANGE_LOOP_ANALYSIS = YES;
				CLANG_WARN_STRICT_PROTOTYPES = YES;
				CLANG_WARN_SUSPICIOUS_MOVE = YES;
				CLANG_WARN_UNGUARDED_AVAILABILITY = YES_AGGRESSIVE;
				CLANG_WARN_UNREACHABLE_CODE = YES;
				CLANG_WARN__DUPLICATE_METHOD_MATCH = YES;
				COPY_PHASE_STRIP = NO;
				DEBUG_INFORMATION_FORMAT = dwarf;
				ENABLE_STRICT_OBJC_MSGSEND = YES;
				ENABLE_TESTABILITY = YES;
				ENABLE_USER_SCRIPT_SANDBOXING = YES;
				GCC_C_LANGUAGE_STANDARD = gnu11;
				GCC_DYNAMIC_NO_PIC = NO;
				GCC_NO_COMMON_BLOCKS = YES;
				GCC_OPTIMIZATION_LEVEL = 0;
				GCC_PREPROCESSOR_DEFINITIONS = (
					"DEBUG=1",
					"$(inherited)",
				);
				GCC_WARN_64_TO_32_BIT_CONVERSION = YES;
				GCC_WARN_ABOUT_RETURN_TYPE = YES_ERROR;
				GCC_WARN_UNDECLARED_SELECTOR = YES;
				GCC_WARN_UNINITIALIZED_AUTOS = YES_AGGRESSIVE;
				GCC_WARN_UNUSED_FUNCTION = YES;
				GCC_WARN_UNUSED_VARIABLE = YES;
				IPHONEOS_DEPLOYMENT_TARGET = 17.4;
				MTL_ENABLE_DEBUG_INFO = INCLUDE_SOURCE;
				MTL_FAST_MATH = YES;
				ONLY_ACTIVE_ARCH = YES;
				SDKROOT = iphoneos;
				SWIFT_ACTIVE_COMPILATION_CONDITIONS = DEBUG;
				SWIFT_OPTIMIZATION_LEVEL = "-Onone";
			};
			name = Debug;
		};
		80B5EF7F29F0C319007D9842 /* Release */ = {
			isa = XCBuildConfiguration;
			buildSettings = {
				ALWAYS_SEARCH_USER_PATHS = NO;
				ASSETCATALOG_COMPILER_APPICON_NAME = "";
				ASSETCATALOG_COMPILER_GENERATE_SWIFT_ASSET_SYMBOL_EXTENSIONS = YES;
				CLANG_ANALYZER_NONNULL = YES;
				CLANG_ANALYZER_NUMBER_OBJECT_CONVERSION = YES_AGGRESSIVE;
				CLANG_CXX_LANGUAGE_STANDARD = "gnu++20";
				CLANG_ENABLE_MODULES = YES;
				CLANG_ENABLE_OBJC_ARC = YES;
				CLANG_ENABLE_OBJC_WEAK = YES;
				CLANG_WARN_BLOCK_CAPTURE_AUTORELEASING = YES;
				CLANG_WARN_BOOL_CONVERSION = YES;
				CLANG_WARN_COMMA = YES;
				CLANG_WARN_CONSTANT_CONVERSION = YES;
				CLANG_WARN_DEPRECATED_OBJC_IMPLEMENTATIONS = YES;
				CLANG_WARN_DIRECT_OBJC_ISA_USAGE = YES_ERROR;
				CLANG_WARN_DOCUMENTATION_COMMENTS = YES;
				CLANG_WARN_EMPTY_BODY = YES;
				CLANG_WARN_ENUM_CONVERSION = YES;
				CLANG_WARN_INFINITE_RECURSION = YES;
				CLANG_WARN_INT_CONVERSION = YES;
				CLANG_WARN_NON_LITERAL_NULL_CONVERSION = YES;
				CLANG_WARN_OBJC_IMPLICIT_RETAIN_SELF = YES;
				CLANG_WARN_OBJC_LITERAL_CONVERSION = YES;
				CLANG_WARN_OBJC_ROOT_CLASS = YES_ERROR;
				CLANG_WARN_QUOTED_INCLUDE_IN_FRAMEWORK_HEADER = YES;
				CLANG_WARN_RANGE_LOOP_ANALYSIS = YES;
				CLANG_WARN_STRICT_PROTOTYPES = YES;
				CLANG_WARN_SUSPICIOUS_MOVE = YES;
				CLANG_WARN_UNGUARDED_AVAILABILITY = YES_AGGRESSIVE;
				CLANG_WARN_UNREACHABLE_CODE = YES;
				CLANG_WARN__DUPLICATE_METHOD_MATCH = YES;
				COPY_PHASE_STRIP = NO;
				DEBUG_INFORMATION_FORMAT = "dwarf-with-dsym";
				ENABLE_NS_ASSERTIONS = NO;
				ENABLE_STRICT_OBJC_MSGSEND = YES;
				ENABLE_USER_SCRIPT_SANDBOXING = YES;
				GCC_C_LANGUAGE_STANDARD = gnu11;
				GCC_NO_COMMON_BLOCKS = YES;
				GCC_WARN_64_TO_32_BIT_CONVERSION = YES;
				GCC_WARN_ABOUT_RETURN_TYPE = YES_ERROR;
				GCC_WARN_UNDECLARED_SELECTOR = YES;
				GCC_WARN_UNINITIALIZED_AUTOS = YES_AGGRESSIVE;
				GCC_WARN_UNUSED_FUNCTION = YES;
				GCC_WARN_UNUSED_VARIABLE = YES;
				IPHONEOS_DEPLOYMENT_TARGET = 17.4;
				MTL_ENABLE_DEBUG_INFO = NO;
				MTL_FAST_MATH = YES;
				SDKROOT = iphoneos;
				SWIFT_COMPILATION_MODE = wholemodule;
				SWIFT_OPTIMIZATION_LEVEL = "-O";
				VALIDATE_PRODUCT = YES;
			};
			name = Release;
		};
		80B5EF8129F0C319007D9842 /* Debug */ = {
			isa = XCBuildConfiguration;
			buildSettings = {
				ASSETCATALOG_COMPILER_APPICON_NAME = AppIcon;
				ASSETCATALOG_COMPILER_GLOBAL_ACCENT_COLOR_NAME = AccentColor;
				CODE_SIGN_IDENTITY = "Apple Development";
				CODE_SIGN_STYLE = Automatic;
				CURRENT_PROJECT_VERSION = 1;
				DEVELOPMENT_ASSET_PATHS = "\"InventoryX/Preview Content\"";
				DEVELOPMENT_TEAM = B7G7S38G7L;
				ENABLE_PREVIEWS = YES;
				GENERATE_INFOPLIST_FILE = YES;
				INFOPLIST_FILE = InventoryX/Info.plist;
				INFOPLIST_KEY_CFBundleDisplayName = Invex;
				INFOPLIST_KEY_LSApplicationCategoryType = "public.app-category.business";
				INFOPLIST_KEY_UIApplicationSceneManifest_Generation = YES;
				INFOPLIST_KEY_UIApplicationSupportsIndirectInputEvents = YES;
				INFOPLIST_KEY_UILaunchScreen_Generation = YES;
				INFOPLIST_KEY_UILaunchStoryboardName = LaunchScreen.storyboard;
				INFOPLIST_KEY_UIRequiresFullScreen = YES;
				INFOPLIST_KEY_UIStatusBarHidden = YES;
				INFOPLIST_KEY_UISupportedInterfaceOrientations = "UIInterfaceOrientationLandscapeLeft UIInterfaceOrientationLandscapeRight UIInterfaceOrientationPortrait UIInterfaceOrientationPortraitUpsideDown";
				LD_RUNPATH_SEARCH_PATHS = (
					"$(inherited)",
					"@executable_path/Frameworks",
				);
				MARKETING_VERSION = 1.0;
				PRODUCT_BUNDLE_IDENTIFIER = com.xavware.InventoryX;
				PRODUCT_NAME = "$(TARGET_NAME)";
				PROVISIONING_PROFILE_SPECIFIER = "";
				SUPPORTED_PLATFORMS = "iphoneos iphonesimulator";
				SUPPORTS_MACCATALYST = NO;
				SUPPORTS_XR_DESIGNED_FOR_IPHONE_IPAD = NO;
				SWIFT_EMIT_LOC_STRINGS = YES;
				SWIFT_VERSION = 5.0;
				TARGETED_DEVICE_FAMILY = "1,2";
			};
			name = Debug;
		};
		80B5EF8229F0C319007D9842 /* Release */ = {
			isa = XCBuildConfiguration;
			buildSettings = {
				ASSETCATALOG_COMPILER_APPICON_NAME = AppIcon;
				ASSETCATALOG_COMPILER_GLOBAL_ACCENT_COLOR_NAME = AccentColor;
				CODE_SIGN_IDENTITY = "Apple Development";
				CODE_SIGN_STYLE = Automatic;
				CURRENT_PROJECT_VERSION = 1;
				DEVELOPMENT_ASSET_PATHS = "\"InventoryX/Preview Content\"";
				DEVELOPMENT_TEAM = B7G7S38G7L;
				ENABLE_PREVIEWS = YES;
				GENERATE_INFOPLIST_FILE = YES;
				INFOPLIST_FILE = InventoryX/Info.plist;
				INFOPLIST_KEY_CFBundleDisplayName = Invex;
				INFOPLIST_KEY_LSApplicationCategoryType = "public.app-category.business";
				INFOPLIST_KEY_UIApplicationSceneManifest_Generation = YES;
				INFOPLIST_KEY_UIApplicationSupportsIndirectInputEvents = YES;
				INFOPLIST_KEY_UILaunchScreen_Generation = YES;
				INFOPLIST_KEY_UILaunchStoryboardName = LaunchScreen.storyboard;
				INFOPLIST_KEY_UIRequiresFullScreen = YES;
				INFOPLIST_KEY_UIStatusBarHidden = YES;
				INFOPLIST_KEY_UISupportedInterfaceOrientations = "UIInterfaceOrientationLandscapeLeft UIInterfaceOrientationLandscapeRight UIInterfaceOrientationPortrait UIInterfaceOrientationPortraitUpsideDown";
				LD_RUNPATH_SEARCH_PATHS = (
					"$(inherited)",
					"@executable_path/Frameworks",
				);
				MARKETING_VERSION = 1.0;
				PRODUCT_BUNDLE_IDENTIFIER = com.xavware.InventoryX;
				PRODUCT_NAME = "$(TARGET_NAME)";
				PROVISIONING_PROFILE_SPECIFIER = "";
				SUPPORTED_PLATFORMS = "iphoneos iphonesimulator";
				SUPPORTS_MACCATALYST = NO;
				SUPPORTS_XR_DESIGNED_FOR_IPHONE_IPAD = NO;
				SWIFT_EMIT_LOC_STRINGS = YES;
				SWIFT_VERSION = 5.0;
				TARGETED_DEVICE_FAMILY = "1,2";
			};
			name = Release;
		};
/* End XCBuildConfiguration section */

/* Begin XCConfigurationList section */
		80B5EF6829F0C318007D9842 /* Build configuration list for PBXProject "InventoryX" */ = {
			isa = XCConfigurationList;
			buildConfigurations = (
				80B5EF7E29F0C319007D9842 /* Debug */,
				80B5EF7F29F0C319007D9842 /* Release */,
			);
			defaultConfigurationIsVisible = 0;
			defaultConfigurationName = Release;
		};
		80B5EF8029F0C319007D9842 /* Build configuration list for PBXNativeTarget "InventoryX" */ = {
			isa = XCConfigurationList;
			buildConfigurations = (
				80B5EF8129F0C319007D9842 /* Debug */,
				80B5EF8229F0C319007D9842 /* Release */,
			);
			defaultConfigurationIsVisible = 0;
			defaultConfigurationName = Release;
		};
/* End XCConfigurationList section */

/* Begin XCRemoteSwiftPackageReference section */
		80B5EF9729F0CED3007D9842 /* XCRemoteSwiftPackageReference "realm-swift" */ = {
			isa = XCRemoteSwiftPackageReference;
			repositoryURL = "https://github.com/realm/realm-swift.git";
			requirement = {
				kind = upToNextMajorVersion;
				minimumVersion = 10.41.0;
			};
		};
		9453BEC22BB3C79F007C63A4 /* XCRemoteSwiftPackageReference "swift-algorithms" */ = {
			isa = XCRemoteSwiftPackageReference;
			repositoryURL = "https://github.com/apple/swift-algorithms.git";
			requirement = {
				kind = upToNextMajorVersion;
				minimumVersion = 1.2.0;
			};
		};
/* End XCRemoteSwiftPackageReference section */

/* Begin XCSwiftPackageProductDependency section */
		80B5EF9829F0CED3007D9842 /* Realm */ = {
			isa = XCSwiftPackageProductDependency;
			package = 80B5EF9729F0CED3007D9842 /* XCRemoteSwiftPackageReference "realm-swift" */;
			productName = Realm;
		};
		80B5EF9A29F0CED3007D9842 /* RealmSwift */ = {
			isa = XCSwiftPackageProductDependency;
			package = 80B5EF9729F0CED3007D9842 /* XCRemoteSwiftPackageReference "realm-swift" */;
			productName = RealmSwift;
		};
		9453BEC32BB3C79F007C63A4 /* Algorithms */ = {
			isa = XCSwiftPackageProductDependency;
			package = 9453BEC22BB3C79F007C63A4 /* XCRemoteSwiftPackageReference "swift-algorithms" */;
			productName = Algorithms;
		};
/* End XCSwiftPackageProductDependency section */
	};
	rootObject = 80B5EF6529F0C318007D9842 /* Project object */;
}
