// !$*UTF8*$!
{
	archiveVersion = 1;
	classes = {
	};
	objectVersion = 56;
	objects = {

/* Begin PBXBuildFile section */
		942189032C23757200C78586 /* .gitignore in Resources */ = {isa = PBXBuildFile; fileRef = 942189022C23757200C78586 /* .gitignore */; };
		9421895A2C2375AD00C78586 /* Date+Ext.swift in Sources */ = {isa = PBXBuildFile; fileRef = 942189092C2375AC00C78586 /* Date+Ext.swift */; };
		9421895B2C2375AD00C78586 /* Double+Ext.swift in Sources */ = {isa = PBXBuildFile; fileRef = 9421890A2C2375AC00C78586 /* Double+Ext.swift */; };
		9421895C2C2375AD00C78586 /* String+Ext.swift in Sources */ = {isa = PBXBuildFile; fileRef = 9421890B2C2375AC00C78586 /* String+Ext.swift */; };
		9421895D2C2375AD00C78586 /* View+Ext.swift in Sources */ = {isa = PBXBuildFile; fileRef = 9421890C2C2375AC00C78586 /* View+Ext.swift */; };
		9421895E2C2375AD00C78586 /* DepartmentButton-Mod.swift in Sources */ = {isa = PBXBuildFile; fileRef = 9421890E2C2375AC00C78586 /* DepartmentButton-Mod.swift */; };
		9421895F2C2375AD00C78586 /* PrimaryButton-Mod.swift in Sources */ = {isa = PBXBuildFile; fileRef = 9421890F2C2375AC00C78586 /* PrimaryButton-Mod.swift */; };
		942189602C2375AD00C78586 /* TableStyle-Mod.swift in Sources */ = {isa = PBXBuildFile; fileRef = 942189102C2375AC00C78586 /* TableStyle-Mod.swift */; };
		942189612C2375AD00C78586 /* DetailViewModel.swift in Sources */ = {isa = PBXBuildFile; fileRef = 942189132C2375AC00C78586 /* DetailViewModel.swift */; };
		942189642C2375AD00C78586 /* InventoryListViewModel.swift in Sources */ = {isa = PBXBuildFile; fileRef = 942189162C2375AC00C78586 /* InventoryListViewModel.swift */; };
		942189652C2375AD00C78586 /* MoveItemsViewModel.swift in Sources */ = {isa = PBXBuildFile; fileRef = 942189172C2375AC00C78586 /* MoveItemsViewModel.swift */; };
		942189662C2375AD00C78586 /* PointOfSaleViewModel.swift in Sources */ = {isa = PBXBuildFile; fileRef = 942189182C2375AC00C78586 /* PointOfSaleViewModel.swift */; };
		942189672C2375AD00C78586 /* RootViewModel.swift in Sources */ = {isa = PBXBuildFile; fileRef = 942189192C2375AC00C78586 /* RootViewModel.swift */; };
		942189682C2375AD00C78586 /* SettingsViewModel.swift in Sources */ = {isa = PBXBuildFile; fileRef = 9421891A2C2375AC00C78586 /* SettingsViewModel.swift */; };
		942189692C2375AD00C78586 /* AppError.swift in Sources */ = {isa = PBXBuildFile; fileRef = 9421891C2C2375AC00C78586 /* AppError.swift */; };
		9421896A2C2375AD00C78586 /* CartState.swift in Sources */ = {isa = PBXBuildFile; fileRef = 9421891D2C2375AC00C78586 /* CartState.swift */; };
		9421896B2C2375AD00C78586 /* DisplayState.swift in Sources */ = {isa = PBXBuildFile; fileRef = 9421891E2C2375AC00C78586 /* DisplayState.swift */; };
		9421896C2C2375AD00C78586 /* PasscodeViewState.swift in Sources */ = {isa = PBXBuildFile; fileRef = 9421891F2C2375AC00C78586 /* PasscodeViewState.swift */; };
		9421896D2C2375AD00C78586 /* InventoryXApp.swift in Sources */ = {isa = PBXBuildFile; fileRef = 942189212C2375AC00C78586 /* InventoryXApp.swift */; };
		9421896E2C2375AD00C78586 /* LaunchScreen.storyboard in Resources */ = {isa = PBXBuildFile; fileRef = 942189222C2375AC00C78586 /* LaunchScreen.storyboard */; };
		9421896F2C2375AD00C78586 /* Assets.xcassets in Resources */ = {isa = PBXBuildFile; fileRef = 942189242C2375AC00C78586 /* Assets.xcassets */; };
		942189702C2375AD00C78586 /* DateTimeLabel.swift in Sources */ = {isa = PBXBuildFile; fileRef = 942189252C2375AC00C78586 /* DateTimeLabel.swift */; };
		942189712C2375AD00C78586 /* DepartmentPicker.swift in Sources */ = {isa = PBXBuildFile; fileRef = 942189262C2375AC00C78586 /* DepartmentPicker.swift */; };
		942189722C2375AD00C78586 /* NumberPadView.swift in Sources */ = {isa = PBXBuildFile; fileRef = 942189272C2375AC00C78586 /* NumberPadView.swift */; };
		942189732C2375AD00C78586 /* ThemeTextField.swift in Sources */ = {isa = PBXBuildFile; fileRef = 942189282C2375AC00C78586 /* ThemeTextField.swift */; };
		942189742C2375AD00C78586 /* CompanyDetailView.swift in Sources */ = {isa = PBXBuildFile; fileRef = 9421892A2C2375AC00C78586 /* CompanyDetailView.swift */; };
		942189752C2375AD00C78586 /* DepartmentDetailView.swift in Sources */ = {isa = PBXBuildFile; fileRef = 9421892B2C2375AC00C78586 /* DepartmentDetailView.swift */; };
		942189762C2375AD00C78586 /* ItemDetailView.swift in Sources */ = {isa = PBXBuildFile; fileRef = 9421892C2C2375AC00C78586 /* ItemDetailView.swift */; };
		942189772C2375AD00C78586 /* DepartmentTableView.swift in Sources */ = {isa = PBXBuildFile; fileRef = 9421892E2C2375AC00C78586 /* DepartmentTableView.swift */; };
		942189782C2375AD00C78586 /* InventoryListView.swift in Sources */ = {isa = PBXBuildFile; fileRef = 9421892F2C2375AC00C78586 /* InventoryListView.swift */; };
		942189792C2375AD00C78586 /* ItemTableView.swift in Sources */ = {isa = PBXBuildFile; fileRef = 942189302C2375AC00C78586 /* ItemTableView.swift */; };
		9421897A2C2375AD00C78586 /* CartItemListView.swift in Sources */ = {isa = PBXBuildFile; fileRef = 942189322C2375AC00C78586 /* CartItemListView.swift */; };
		9421897B2C2375AD00C78586 /* CartSidebarView.swift in Sources */ = {isa = PBXBuildFile; fileRef = 942189332C2375AC00C78586 /* CartSidebarView.swift */; };
		9421897C2C2375AD00C78586 /* ConfirmSaleView.swift in Sources */ = {isa = PBXBuildFile; fileRef = 942189342C2375AC00C78586 /* ConfirmSaleView.swift */; };
		9421897D2C2375AD00C78586 /* ItemGridView.swift in Sources */ = {isa = PBXBuildFile; fileRef = 942189352C2375AC00C78586 /* ItemGridView.swift */; };
		9421897E2C2375AD00C78586 /* POSView.swift in Sources */ = {isa = PBXBuildFile; fileRef = 942189362C2375AC00C78586 /* POSView.swift */; };
		9421897F2C2375AD00C78586 /* LockScreenView.swift in Sources */ = {isa = PBXBuildFile; fileRef = 942189382C2375AC00C78586 /* LockScreenView.swift */; };
		942189802C2375AD00C78586 /* MenuView.swift in Sources */ = {isa = PBXBuildFile; fileRef = 942189392C2375AC00C78586 /* MenuView.swift */; };
		942189812C2375AD00C78586 /* MoveItemsView.swift in Sources */ = {isa = PBXBuildFile; fileRef = 9421893A2C2375AC00C78586 /* MoveItemsView.swift */; };
		942189822C2375AD00C78586 /* OnboardingView.swift in Sources */ = {isa = PBXBuildFile; fileRef = 9421893B2C2375AC00C78586 /* OnboardingView.swift */; };
		942189832C2375AD00C78586 /* PasscodeView.swift in Sources */ = {isa = PBXBuildFile; fileRef = 9421893C2C2375AC00C78586 /* PasscodeView.swift */; };
		942189842C2375AD00C78586 /* RootView.swift in Sources */ = {isa = PBXBuildFile; fileRef = 9421893D2C2375AC00C78586 /* RootView.swift */; };
		942189852C2375AD00C78586 /* SettingsView.swift in Sources */ = {isa = PBXBuildFile; fileRef = 9421893E2C2375AC00C78586 /* SettingsView.swift */; };
		942189882C2375AD00C78586 /* DepartmentData.swift in Sources */ = {isa = PBXBuildFile; fileRef = 942189432C2375AD00C78586 /* DepartmentData.swift */; };
		942189892C2375AD00C78586 /* ItemData.swift in Sources */ = {isa = PBXBuildFile; fileRef = 942189442C2375AD00C78586 /* ItemData.swift */; };
		9421898A2C2375AD00C78586 /* RealmActor_Ext.swift in Sources */ = {isa = PBXBuildFile; fileRef = 942189452C2375AD00C78586 /* RealmActor_Ext.swift */; };
		9421898B2C2375AD00C78586 /* SaleData.swift in Sources */ = {isa = PBXBuildFile; fileRef = 942189462C2375AD00C78586 /* SaleData.swift */; };
		9421898C2C2375AD00C78586 /* Preview Assets.xcassets in Resources */ = {isa = PBXBuildFile; fileRef = 942189482C2375AD00C78586 /* Preview Assets.xcassets */; };
		9421898D2C2375AD00C78586 /* CompanyEntity.swift in Sources */ = {isa = PBXBuildFile; fileRef = 9421894A2C2375AD00C78586 /* CompanyEntity.swift */; };
		9421898E2C2375AD00C78586 /* DepartmentEntity.swift in Sources */ = {isa = PBXBuildFile; fileRef = 9421894B2C2375AD00C78586 /* DepartmentEntity.swift */; };
		9421898F2C2375AD00C78586 /* ItemEntity.swift in Sources */ = {isa = PBXBuildFile; fileRef = 9421894C2C2375AD00C78586 /* ItemEntity.swift */; };
		942189902C2375AD00C78586 /* SaleEntity.swift in Sources */ = {isa = PBXBuildFile; fileRef = 9421894D2C2375AD00C78586 /* SaleEntity.swift */; };
		942189912C2375AD00C78586 /* DetailPath.swift in Sources */ = {isa = PBXBuildFile; fileRef = 9421894F2C2375AD00C78586 /* DetailPath.swift */; };
		942189922C2375AD00C78586 /* LazySplitView.swift in Sources */ = {isa = PBXBuildFile; fileRef = 942189502C2375AD00C78586 /* LazySplitView.swift */; };
		942189932C2375AD00C78586 /* UIColorOverride.swift in Sources */ = {isa = PBXBuildFile; fileRef = 942189512C2375AD00C78586 /* UIColorOverride.swift */; };
		942189942C2375AD00C78586 /* AuthService.swift in Sources */ = {isa = PBXBuildFile; fileRef = 942189532C2375AD00C78586 /* AuthService.swift */; };
		942189952C2375AD00C78586 /* RealmActor.swift in Sources */ = {isa = PBXBuildFile; fileRef = 942189542C2375AD00C78586 /* RealmActor.swift */; };
		942189962C2375AD00C78586 /* RealmMigrator.swift in Sources */ = {isa = PBXBuildFile; fileRef = 942189552C2375AD00C78586 /* RealmMigrator.swift */; };
		943AACD12C6B224C005056F0 /* Section-Mod.swift in Sources */ = {isa = PBXBuildFile; fileRef = 943AACD02C6B224C005056F0 /* Section-Mod.swift */; };
		9453BEC42BB3C79F007C63A4 /* Algorithms in Frameworks */ = {isa = PBXBuildFile; productRef = 9453BEC32BB3C79F007C63A4 /* Algorithms */; };
		94815B572C6B32640085EE3C /* FieldDivider.swift in Sources */ = {isa = PBXBuildFile; fileRef = 94815B562C6B32640085EE3C /* FieldDivider.swift */; };
		94AD4E5F2BF004EA007647E4 /* Realm in Frameworks */ = {isa = PBXBuildFile; productRef = 94AD4E5E2BF004EA007647E4 /* Realm */; };
		94AD4E612BF004EA007647E4 /* RealmSwift in Frameworks */ = {isa = PBXBuildFile; productRef = 94AD4E602BF004EA007647E4 /* RealmSwift */; };
		94FA6CCB2C6C01BE001D3CA8 /* NeoUnderShadow-Mod.swift in Sources */ = {isa = PBXBuildFile; fileRef = 94FA6CCA2C6C01BE001D3CA8 /* NeoUnderShadow-Mod.swift */; };
/* End PBXBuildFile section */

/* Begin PBXFileReference section */
		80B5EF6D29F0C318007D9842 /* InventoryX.app */ = {isa = PBXFileReference; explicitFileType = wrapper.application; includeInIndex = 0; path = InventoryX.app; sourceTree = BUILT_PRODUCTS_DIR; };
		942189022C23757200C78586 /* .gitignore */ = {isa = PBXFileReference; lastKnownFileType = text; path = .gitignore; sourceTree = "<group>"; };
		942189092C2375AC00C78586 /* Date+Ext.swift */ = {isa = PBXFileReference; fileEncoding = 4; lastKnownFileType = sourcecode.swift; path = "Date+Ext.swift"; sourceTree = "<group>"; };
		9421890A2C2375AC00C78586 /* Double+Ext.swift */ = {isa = PBXFileReference; fileEncoding = 4; lastKnownFileType = sourcecode.swift; path = "Double+Ext.swift"; sourceTree = "<group>"; };
		9421890B2C2375AC00C78586 /* String+Ext.swift */ = {isa = PBXFileReference; fileEncoding = 4; lastKnownFileType = sourcecode.swift; path = "String+Ext.swift"; sourceTree = "<group>"; };
		9421890C2C2375AC00C78586 /* View+Ext.swift */ = {isa = PBXFileReference; fileEncoding = 4; lastKnownFileType = sourcecode.swift; path = "View+Ext.swift"; sourceTree = "<group>"; };
		9421890E2C2375AC00C78586 /* DepartmentButton-Mod.swift */ = {isa = PBXFileReference; fileEncoding = 4; lastKnownFileType = sourcecode.swift; path = "DepartmentButton-Mod.swift"; sourceTree = "<group>"; };
		9421890F2C2375AC00C78586 /* PrimaryButton-Mod.swift */ = {isa = PBXFileReference; fileEncoding = 4; lastKnownFileType = sourcecode.swift; path = "PrimaryButton-Mod.swift"; sourceTree = "<group>"; };
		942189102C2375AC00C78586 /* TableStyle-Mod.swift */ = {isa = PBXFileReference; fileEncoding = 4; lastKnownFileType = sourcecode.swift; path = "TableStyle-Mod.swift"; sourceTree = "<group>"; };
		942189132C2375AC00C78586 /* DetailViewModel.swift */ = {isa = PBXFileReference; fileEncoding = 4; lastKnownFileType = sourcecode.swift; path = DetailViewModel.swift; sourceTree = "<group>"; };
		942189162C2375AC00C78586 /* InventoryListViewModel.swift */ = {isa = PBXFileReference; fileEncoding = 4; lastKnownFileType = sourcecode.swift; path = InventoryListViewModel.swift; sourceTree = "<group>"; };
		942189172C2375AC00C78586 /* MoveItemsViewModel.swift */ = {isa = PBXFileReference; fileEncoding = 4; lastKnownFileType = sourcecode.swift; path = MoveItemsViewModel.swift; sourceTree = "<group>"; };
		942189182C2375AC00C78586 /* PointOfSaleViewModel.swift */ = {isa = PBXFileReference; fileEncoding = 4; lastKnownFileType = sourcecode.swift; path = PointOfSaleViewModel.swift; sourceTree = "<group>"; };
		942189192C2375AC00C78586 /* RootViewModel.swift */ = {isa = PBXFileReference; fileEncoding = 4; lastKnownFileType = sourcecode.swift; path = RootViewModel.swift; sourceTree = "<group>"; };
		9421891A2C2375AC00C78586 /* SettingsViewModel.swift */ = {isa = PBXFileReference; fileEncoding = 4; lastKnownFileType = sourcecode.swift; path = SettingsViewModel.swift; sourceTree = "<group>"; };
		9421891C2C2375AC00C78586 /* AppError.swift */ = {isa = PBXFileReference; fileEncoding = 4; lastKnownFileType = sourcecode.swift; path = AppError.swift; sourceTree = "<group>"; };
		9421891D2C2375AC00C78586 /* CartState.swift */ = {isa = PBXFileReference; fileEncoding = 4; lastKnownFileType = sourcecode.swift; path = CartState.swift; sourceTree = "<group>"; };
		9421891E2C2375AC00C78586 /* DisplayState.swift */ = {isa = PBXFileReference; fileEncoding = 4; lastKnownFileType = sourcecode.swift; path = DisplayState.swift; sourceTree = "<group>"; };
		9421891F2C2375AC00C78586 /* PasscodeViewState.swift */ = {isa = PBXFileReference; fileEncoding = 4; lastKnownFileType = sourcecode.swift; path = PasscodeViewState.swift; sourceTree = "<group>"; };
		942189212C2375AC00C78586 /* InventoryXApp.swift */ = {isa = PBXFileReference; fileEncoding = 4; lastKnownFileType = sourcecode.swift; path = InventoryXApp.swift; sourceTree = "<group>"; };
		942189222C2375AC00C78586 /* LaunchScreen.storyboard */ = {isa = PBXFileReference; fileEncoding = 4; lastKnownFileType = file.storyboard; path = LaunchScreen.storyboard; sourceTree = "<group>"; };
		942189242C2375AC00C78586 /* Assets.xcassets */ = {isa = PBXFileReference; lastKnownFileType = folder.assetcatalog; path = Assets.xcassets; sourceTree = "<group>"; };
		942189252C2375AC00C78586 /* DateTimeLabel.swift */ = {isa = PBXFileReference; fileEncoding = 4; lastKnownFileType = sourcecode.swift; path = DateTimeLabel.swift; sourceTree = "<group>"; };
		942189262C2375AC00C78586 /* DepartmentPicker.swift */ = {isa = PBXFileReference; fileEncoding = 4; lastKnownFileType = sourcecode.swift; path = DepartmentPicker.swift; sourceTree = "<group>"; };
		942189272C2375AC00C78586 /* NumberPadView.swift */ = {isa = PBXFileReference; fileEncoding = 4; lastKnownFileType = sourcecode.swift; path = NumberPadView.swift; sourceTree = "<group>"; };
		942189282C2375AC00C78586 /* ThemeTextField.swift */ = {isa = PBXFileReference; fileEncoding = 4; lastKnownFileType = sourcecode.swift; path = ThemeTextField.swift; sourceTree = "<group>"; };
		9421892A2C2375AC00C78586 /* CompanyDetailView.swift */ = {isa = PBXFileReference; fileEncoding = 4; lastKnownFileType = sourcecode.swift; path = CompanyDetailView.swift; sourceTree = "<group>"; };
		9421892B2C2375AC00C78586 /* DepartmentDetailView.swift */ = {isa = PBXFileReference; fileEncoding = 4; lastKnownFileType = sourcecode.swift; path = DepartmentDetailView.swift; sourceTree = "<group>"; };
		9421892C2C2375AC00C78586 /* ItemDetailView.swift */ = {isa = PBXFileReference; fileEncoding = 4; lastKnownFileType = sourcecode.swift; path = ItemDetailView.swift; sourceTree = "<group>"; };
		9421892E2C2375AC00C78586 /* DepartmentTableView.swift */ = {isa = PBXFileReference; fileEncoding = 4; lastKnownFileType = sourcecode.swift; path = DepartmentTableView.swift; sourceTree = "<group>"; };
		9421892F2C2375AC00C78586 /* InventoryListView.swift */ = {isa = PBXFileReference; fileEncoding = 4; lastKnownFileType = sourcecode.swift; path = InventoryListView.swift; sourceTree = "<group>"; };
		942189302C2375AC00C78586 /* ItemTableView.swift */ = {isa = PBXFileReference; fileEncoding = 4; lastKnownFileType = sourcecode.swift; path = ItemTableView.swift; sourceTree = "<group>"; };
		942189322C2375AC00C78586 /* CartItemListView.swift */ = {isa = PBXFileReference; fileEncoding = 4; lastKnownFileType = sourcecode.swift; path = CartItemListView.swift; sourceTree = "<group>"; };
		942189332C2375AC00C78586 /* CartSidebarView.swift */ = {isa = PBXFileReference; fileEncoding = 4; lastKnownFileType = sourcecode.swift; path = CartSidebarView.swift; sourceTree = "<group>"; };
		942189342C2375AC00C78586 /* ConfirmSaleView.swift */ = {isa = PBXFileReference; fileEncoding = 4; lastKnownFileType = sourcecode.swift; path = ConfirmSaleView.swift; sourceTree = "<group>"; };
		942189352C2375AC00C78586 /* ItemGridView.swift */ = {isa = PBXFileReference; fileEncoding = 4; lastKnownFileType = sourcecode.swift; path = ItemGridView.swift; sourceTree = "<group>"; };
		942189362C2375AC00C78586 /* POSView.swift */ = {isa = PBXFileReference; fileEncoding = 4; lastKnownFileType = sourcecode.swift; path = POSView.swift; sourceTree = "<group>"; };
		942189382C2375AC00C78586 /* LockScreenView.swift */ = {isa = PBXFileReference; fileEncoding = 4; lastKnownFileType = sourcecode.swift; path = LockScreenView.swift; sourceTree = "<group>"; };
		942189392C2375AC00C78586 /* MenuView.swift */ = {isa = PBXFileReference; fileEncoding = 4; lastKnownFileType = sourcecode.swift; path = MenuView.swift; sourceTree = "<group>"; };
		9421893A2C2375AC00C78586 /* MoveItemsView.swift */ = {isa = PBXFileReference; fileEncoding = 4; lastKnownFileType = sourcecode.swift; path = MoveItemsView.swift; sourceTree = "<group>"; };
		9421893B2C2375AC00C78586 /* OnboardingView.swift */ = {isa = PBXFileReference; fileEncoding = 4; lastKnownFileType = sourcecode.swift; path = OnboardingView.swift; sourceTree = "<group>"; };
		9421893C2C2375AC00C78586 /* PasscodeView.swift */ = {isa = PBXFileReference; fileEncoding = 4; lastKnownFileType = sourcecode.swift; path = PasscodeView.swift; sourceTree = "<group>"; };
		9421893D2C2375AC00C78586 /* RootView.swift */ = {isa = PBXFileReference; fileEncoding = 4; lastKnownFileType = sourcecode.swift; path = RootView.swift; sourceTree = "<group>"; };
		9421893E2C2375AC00C78586 /* SettingsView.swift */ = {isa = PBXFileReference; fileEncoding = 4; lastKnownFileType = sourcecode.swift; path = SettingsView.swift; sourceTree = "<group>"; };
		942189432C2375AD00C78586 /* DepartmentData.swift */ = {isa = PBXFileReference; fileEncoding = 4; lastKnownFileType = sourcecode.swift; path = DepartmentData.swift; sourceTree = "<group>"; };
		942189442C2375AD00C78586 /* ItemData.swift */ = {isa = PBXFileReference; fileEncoding = 4; lastKnownFileType = sourcecode.swift; path = ItemData.swift; sourceTree = "<group>"; };
		942189452C2375AD00C78586 /* RealmActor_Ext.swift */ = {isa = PBXFileReference; fileEncoding = 4; lastKnownFileType = sourcecode.swift; path = RealmActor_Ext.swift; sourceTree = "<group>"; };
		942189462C2375AD00C78586 /* SaleData.swift */ = {isa = PBXFileReference; fileEncoding = 4; lastKnownFileType = sourcecode.swift; path = SaleData.swift; sourceTree = "<group>"; };
		942189482C2375AD00C78586 /* Preview Assets.xcassets */ = {isa = PBXFileReference; lastKnownFileType = folder.assetcatalog; path = "Preview Assets.xcassets"; sourceTree = "<group>"; };
		9421894A2C2375AD00C78586 /* CompanyEntity.swift */ = {isa = PBXFileReference; fileEncoding = 4; lastKnownFileType = sourcecode.swift; path = CompanyEntity.swift; sourceTree = "<group>"; };
		9421894B2C2375AD00C78586 /* DepartmentEntity.swift */ = {isa = PBXFileReference; fileEncoding = 4; lastKnownFileType = sourcecode.swift; path = DepartmentEntity.swift; sourceTree = "<group>"; };
		9421894C2C2375AD00C78586 /* ItemEntity.swift */ = {isa = PBXFileReference; fileEncoding = 4; lastKnownFileType = sourcecode.swift; path = ItemEntity.swift; sourceTree = "<group>"; };
		9421894D2C2375AD00C78586 /* SaleEntity.swift */ = {isa = PBXFileReference; fileEncoding = 4; lastKnownFileType = sourcecode.swift; path = SaleEntity.swift; sourceTree = "<group>"; };
		9421894F2C2375AD00C78586 /* DetailPath.swift */ = {isa = PBXFileReference; fileEncoding = 4; lastKnownFileType = sourcecode.swift; path = DetailPath.swift; sourceTree = "<group>"; };
		942189502C2375AD00C78586 /* LazySplitView.swift */ = {isa = PBXFileReference; fileEncoding = 4; lastKnownFileType = sourcecode.swift; path = LazySplitView.swift; sourceTree = "<group>"; };
		942189512C2375AD00C78586 /* UIColorOverride.swift */ = {isa = PBXFileReference; fileEncoding = 4; lastKnownFileType = sourcecode.swift; path = UIColorOverride.swift; sourceTree = "<group>"; };
		942189532C2375AD00C78586 /* AuthService.swift */ = {isa = PBXFileReference; fileEncoding = 4; lastKnownFileType = sourcecode.swift; path = AuthService.swift; sourceTree = "<group>"; };
		942189542C2375AD00C78586 /* RealmActor.swift */ = {isa = PBXFileReference; fileEncoding = 4; lastKnownFileType = sourcecode.swift; path = RealmActor.swift; sourceTree = "<group>"; };
		942189552C2375AD00C78586 /* RealmMigrator.swift */ = {isa = PBXFileReference; fileEncoding = 4; lastKnownFileType = sourcecode.swift; path = RealmMigrator.swift; sourceTree = "<group>"; };
		942189972C23766600C78586 /* Info.plist */ = {isa = PBXFileReference; fileEncoding = 4; lastKnownFileType = text.plist.xml; path = Info.plist; sourceTree = "<group>"; };
		943AACD02C6B224C005056F0 /* Section-Mod.swift */ = {isa = PBXFileReference; lastKnownFileType = sourcecode.swift; path = "Section-Mod.swift"; sourceTree = "<group>"; };
		94815B562C6B32640085EE3C /* FieldDivider.swift */ = {isa = PBXFileReference; lastKnownFileType = sourcecode.swift; path = FieldDivider.swift; sourceTree = "<group>"; };
		94FA6CCA2C6C01BE001D3CA8 /* NeoUnderShadow-Mod.swift */ = {isa = PBXFileReference; lastKnownFileType = sourcecode.swift; path = "NeoUnderShadow-Mod.swift"; sourceTree = "<group>"; };
/* End PBXFileReference section */

/* Begin PBXFrameworksBuildPhase section */
		80B5EF6A29F0C318007D9842 /* Frameworks */ = {
			isa = PBXFrameworksBuildPhase;
			buildActionMask = 2147483647;
			files = (
				94AD4E612BF004EA007647E4 /* RealmSwift in Frameworks */,
				94AD4E5F2BF004EA007647E4 /* Realm in Frameworks */,
				9453BEC42BB3C79F007C63A4 /* Algorithms in Frameworks */,
			);
			runOnlyForDeploymentPostprocessing = 0;
		};
/* End PBXFrameworksBuildPhase section */

/* Begin PBXGroup section */
		80B5EF6429F0C318007D9842 = {
			isa = PBXGroup;
			children = (
				942189022C23757200C78586 /* .gitignore */,
				80B5EF6F29F0C318007D9842 /* InventoryX */,
				80B5EF6E29F0C318007D9842 /* Products */,
			);
			sourceTree = "<group>";
		};
		80B5EF6E29F0C318007D9842 /* Products */ = {
			isa = PBXGroup;
			children = (
				80B5EF6D29F0C318007D9842 /* InventoryX.app */,
			);
			name = Products;
			sourceTree = "<group>";
		};
		80B5EF6F29F0C318007D9842 /* InventoryX */ = {
			isa = PBXGroup;
			children = (
				942189232C2375AC00C78586 /* App */,
				942189242C2375AC00C78586 /* Assets.xcassets */,
				942189472C2375AD00C78586 /* Dev */,
				942189202C2375AC00C78586 /* Enums */,
				942189522C2375AD00C78586 /* LazyNavView */,
				9421894E2C2375AD00C78586 /* Models */,
				942189562C2375AD00C78586 /* Services */,
				9421891B2C2375AC00C78586 /* ViewModels */,
				9421893F2C2375AC00C78586 /* Views */,
				942189972C23766600C78586 /* Info.plist */,
				942189122C2375AC00C78586 /* Utilities */,
				942189492C2375AD00C78586 /* Preview Content */,
			);
			path = InventoryX;
			sourceTree = "<group>";
		};
		9421890D2C2375AC00C78586 /* Extensions */ = {
			isa = PBXGroup;
			children = (
				942189092C2375AC00C78586 /* Date+Ext.swift */,
				9421890A2C2375AC00C78586 /* Double+Ext.swift */,
				9421890B2C2375AC00C78586 /* String+Ext.swift */,
				9421890C2C2375AC00C78586 /* View+Ext.swift */,
			);
			path = Extensions;
			sourceTree = "<group>";
		};
		942189112C2375AC00C78586 /* Modifiers */ = {
			isa = PBXGroup;
			children = (
				9421890E2C2375AC00C78586 /* DepartmentButton-Mod.swift */,
				9421890F2C2375AC00C78586 /* PrimaryButton-Mod.swift */,
				942189102C2375AC00C78586 /* TableStyle-Mod.swift */,
				943AACD02C6B224C005056F0 /* Section-Mod.swift */,
				94FA6CCA2C6C01BE001D3CA8 /* NeoUnderShadow-Mod.swift */,
			);
			path = Modifiers;
			sourceTree = "<group>";
		};
		942189122C2375AC00C78586 /* Utilities */ = {
			isa = PBXGroup;
			children = (
				9421890D2C2375AC00C78586 /* Extensions */,
				942189112C2375AC00C78586 /* Modifiers */,
			);
			path = Utilities;
			sourceTree = "<group>";
		};
		9421891B2C2375AC00C78586 /* ViewModels */ = {
			isa = PBXGroup;
			children = (
				942189132C2375AC00C78586 /* DetailViewModel.swift */,
				942189162C2375AC00C78586 /* InventoryListViewModel.swift */,
				942189172C2375AC00C78586 /* MoveItemsViewModel.swift */,
				942189182C2375AC00C78586 /* PointOfSaleViewModel.swift */,
				942189192C2375AC00C78586 /* RootViewModel.swift */,
				9421891A2C2375AC00C78586 /* SettingsViewModel.swift */,
			);
			path = ViewModels;
			sourceTree = "<group>";
		};
		942189202C2375AC00C78586 /* Enums */ = {
			isa = PBXGroup;
			children = (
				9421891C2C2375AC00C78586 /* AppError.swift */,
				9421891D2C2375AC00C78586 /* CartState.swift */,
				9421891E2C2375AC00C78586 /* DisplayState.swift */,
				9421891F2C2375AC00C78586 /* PasscodeViewState.swift */,
			);
			path = Enums;
			sourceTree = "<group>";
		};
		942189232C2375AC00C78586 /* App */ = {
			isa = PBXGroup;
			children = (
				942189212C2375AC00C78586 /* InventoryXApp.swift */,
				942189222C2375AC00C78586 /* LaunchScreen.storyboard */,
			);
			path = App;
			sourceTree = "<group>";
		};
		942189292C2375AC00C78586 /* Components */ = {
			isa = PBXGroup;
			children = (
				942189252C2375AC00C78586 /* DateTimeLabel.swift */,
				942189262C2375AC00C78586 /* DepartmentPicker.swift */,
				942189272C2375AC00C78586 /* NumberPadView.swift */,
				942189282C2375AC00C78586 /* ThemeTextField.swift */,
				94815B562C6B32640085EE3C /* FieldDivider.swift */,
			);
			path = Components;
			sourceTree = "<group>";
		};
		9421892D2C2375AC00C78586 /* DetailViews */ = {
			isa = PBXGroup;
			children = (
				9421892A2C2375AC00C78586 /* CompanyDetailView.swift */,
				9421892B2C2375AC00C78586 /* DepartmentDetailView.swift */,
				9421892C2C2375AC00C78586 /* ItemDetailView.swift */,
			);
			path = DetailViews;
			sourceTree = "<group>";
		};
		942189312C2375AC00C78586 /* InventoryList */ = {
			isa = PBXGroup;
			children = (
				9421892E2C2375AC00C78586 /* DepartmentTableView.swift */,
				9421892F2C2375AC00C78586 /* InventoryListView.swift */,
				942189302C2375AC00C78586 /* ItemTableView.swift */,
			);
			path = InventoryList;
			sourceTree = "<group>";
		};
		942189372C2375AC00C78586 /* PointOfSale */ = {
			isa = PBXGroup;
			children = (
				942189322C2375AC00C78586 /* CartItemListView.swift */,
				942189332C2375AC00C78586 /* CartSidebarView.swift */,
				942189342C2375AC00C78586 /* ConfirmSaleView.swift */,
				942189352C2375AC00C78586 /* ItemGridView.swift */,
				942189362C2375AC00C78586 /* POSView.swift */,
			);
			path = PointOfSale;
			sourceTree = "<group>";
		};
		9421893F2C2375AC00C78586 /* Views */ = {
			isa = PBXGroup;
			children = (
				942189292C2375AC00C78586 /* Components */,
				9421892D2C2375AC00C78586 /* DetailViews */,
				942189312C2375AC00C78586 /* InventoryList */,
				942189372C2375AC00C78586 /* PointOfSale */,
				942189392C2375AC00C78586 /* MenuView.swift */,
				942189382C2375AC00C78586 /* LockScreenView.swift */,
				9421893A2C2375AC00C78586 /* MoveItemsView.swift */,
				9421893B2C2375AC00C78586 /* OnboardingView.swift */,
				9421893C2C2375AC00C78586 /* PasscodeView.swift */,
				9421893D2C2375AC00C78586 /* RootView.swift */,
				9421893E2C2375AC00C78586 /* SettingsView.swift */,
			);
			path = Views;
			sourceTree = "<group>";
		};
		942189472C2375AD00C78586 /* Dev */ = {
			isa = PBXGroup;
			children = (
				942189432C2375AD00C78586 /* DepartmentData.swift */,
				942189442C2375AD00C78586 /* ItemData.swift */,
				942189452C2375AD00C78586 /* RealmActor_Ext.swift */,
				942189462C2375AD00C78586 /* SaleData.swift */,
			);
			path = Dev;
			sourceTree = "<group>";
		};
		942189492C2375AD00C78586 /* Preview Content */ = {
			isa = PBXGroup;
			children = (
				942189482C2375AD00C78586 /* Preview Assets.xcassets */,
			);
			path = "Preview Content";
			sourceTree = "<group>";
		};
		9421894E2C2375AD00C78586 /* Models */ = {
			isa = PBXGroup;
			children = (
				9421894A2C2375AD00C78586 /* CompanyEntity.swift */,
				9421894B2C2375AD00C78586 /* DepartmentEntity.swift */,
				9421894C2C2375AD00C78586 /* ItemEntity.swift */,
				9421894D2C2375AD00C78586 /* SaleEntity.swift */,
			);
			path = Models;
			sourceTree = "<group>";
		};
		942189522C2375AD00C78586 /* LazyNavView */ = {
			isa = PBXGroup;
			children = (
				9421894F2C2375AD00C78586 /* DetailPath.swift */,
				942189502C2375AD00C78586 /* LazySplitView.swift */,
				942189512C2375AD00C78586 /* UIColorOverride.swift */,
			);
			path = LazyNavView;
			sourceTree = "<group>";
		};
		942189562C2375AD00C78586 /* Services */ = {
			isa = PBXGroup;
			children = (
				942189532C2375AD00C78586 /* AuthService.swift */,
				942189542C2375AD00C78586 /* RealmActor.swift */,
				942189552C2375AD00C78586 /* RealmMigrator.swift */,
			);
			path = Services;
			sourceTree = "<group>";
		};
/* End PBXGroup section */

/* Begin PBXNativeTarget section */
		80B5EF6C29F0C318007D9842 /* InventoryX */ = {
			isa = PBXNativeTarget;
			buildConfigurationList = 80B5EF8029F0C319007D9842 /* Build configuration list for PBXNativeTarget "InventoryX" */;
			buildPhases = (
				80B5EF6929F0C318007D9842 /* Sources */,
				80B5EF6A29F0C318007D9842 /* Frameworks */,
				80B5EF6B29F0C318007D9842 /* Resources */,
			);
			buildRules = (
			);
			dependencies = (
			);
			name = InventoryX;
			packageProductDependencies = (
				9453BEC32BB3C79F007C63A4 /* Algorithms */,
				94AD4E5E2BF004EA007647E4 /* Realm */,
				94AD4E602BF004EA007647E4 /* RealmSwift */,
			);
			productName = InventoryX;
			productReference = 80B5EF6D29F0C318007D9842 /* InventoryX.app */;
			productType = "com.apple.product-type.application";
		};
/* End PBXNativeTarget section */

/* Begin PBXProject section */
		80B5EF6529F0C318007D9842 /* Project object */ = {
			isa = PBXProject;
			attributes = {
				BuildIndependentTargetsInParallel = 1;
				LastSwiftUpdateCheck = 1420;
				LastUpgradeCheck = 1510;
				TargetAttributes = {
					80B5EF6C29F0C318007D9842 = {
						CreatedOnToolsVersion = 14.2;
					};
				};
			};
			buildConfigurationList = 80B5EF6829F0C318007D9842 /* Build configuration list for PBXProject "InventoryX" */;
			compatibilityVersion = "Xcode 14.0";
			developmentRegion = en;
			hasScannedForEncodings = 0;
			knownRegions = (
				en,
				Base,
			);
			mainGroup = 80B5EF6429F0C318007D9842;
			packageReferences = (
				9453BEC22BB3C79F007C63A4 /* XCRemoteSwiftPackageReference "swift-algorithms" */,
				94AD4E5D2BF004EA007647E4 /* XCRemoteSwiftPackageReference "realm-swift" */,
			);
			productRefGroup = 80B5EF6E29F0C318007D9842 /* Products */;
			projectDirPath = "";
			projectRoot = "";
			targets = (
				80B5EF6C29F0C318007D9842 /* InventoryX */,
			);
		};
/* End PBXProject section */

/* Begin PBXResourcesBuildPhase section */
		80B5EF6B29F0C318007D9842 /* Resources */ = {
			isa = PBXResourcesBuildPhase;
			buildActionMask = 2147483647;
			files = (
				942189032C23757200C78586 /* .gitignore in Resources */,
				9421898C2C2375AD00C78586 /* Preview Assets.xcassets in Resources */,
				9421896F2C2375AD00C78586 /* Assets.xcassets in Resources */,
				9421896E2C2375AD00C78586 /* LaunchScreen.storyboard in Resources */,
			);
			runOnlyForDeploymentPostprocessing = 0;
		};
/* End PBXResourcesBuildPhase section */

/* Begin PBXSourcesBuildPhase section */
		80B5EF6929F0C318007D9842 /* Sources */ = {
			isa = PBXSourcesBuildPhase;
			buildActionMask = 2147483647;
			files = (
				942189912C2375AD00C78586 /* DetailPath.swift in Sources */,
				942189762C2375AD00C78586 /* ItemDetailView.swift in Sources */,
				942189902C2375AD00C78586 /* SaleEntity.swift in Sources */,
				942189672C2375AD00C78586 /* RootViewModel.swift in Sources */,
				942189772C2375AD00C78586 /* DepartmentTableView.swift in Sources */,
				942189922C2375AD00C78586 /* LazySplitView.swift in Sources */,
				9421898A2C2375AD00C78586 /* RealmActor_Ext.swift in Sources */,
				942189952C2375AD00C78586 /* RealmActor.swift in Sources */,
				942189962C2375AD00C78586 /* RealmMigrator.swift in Sources */,
				942189612C2375AD00C78586 /* DetailViewModel.swift in Sources */,
				9421896C2C2375AD00C78586 /* PasscodeViewState.swift in Sources */,
				942189692C2375AD00C78586 /* AppError.swift in Sources */,
				942189812C2375AD00C78586 /* MoveItemsView.swift in Sources */,
				942189942C2375AD00C78586 /* AuthService.swift in Sources */,
				9421898B2C2375AD00C78586 /* SaleData.swift in Sources */,
				942189932C2375AD00C78586 /* UIColorOverride.swift in Sources */,
				94815B572C6B32640085EE3C /* FieldDivider.swift in Sources */,
				942189642C2375AD00C78586 /* InventoryListViewModel.swift in Sources */,
				9421895F2C2375AD00C78586 /* PrimaryButton-Mod.swift in Sources */,
				9421895D2C2375AD00C78586 /* View+Ext.swift in Sources */,
				94FA6CCB2C6C01BE001D3CA8 /* NeoUnderShadow-Mod.swift in Sources */,
				9421898D2C2375AD00C78586 /* CompanyEntity.swift in Sources */,
				9421897E2C2375AD00C78586 /* POSView.swift in Sources */,
				942189652C2375AD00C78586 /* MoveItemsViewModel.swift in Sources */,
				942189662C2375AD00C78586 /* PointOfSaleViewModel.swift in Sources */,
				9421895C2C2375AD00C78586 /* String+Ext.swift in Sources */,
				9421895E2C2375AD00C78586 /* DepartmentButton-Mod.swift in Sources */,
				942189722C2375AD00C78586 /* NumberPadView.swift in Sources */,
				942189702C2375AD00C78586 /* DateTimeLabel.swift in Sources */,
				942189892C2375AD00C78586 /* ItemData.swift in Sources */,
				942189712C2375AD00C78586 /* DepartmentPicker.swift in Sources */,
				9421897A2C2375AD00C78586 /* CartItemListView.swift in Sources */,
				942189792C2375AD00C78586 /* ItemTableView.swift in Sources */,
				9421896B2C2375AD00C78586 /* DisplayState.swift in Sources */,
				9421897D2C2375AD00C78586 /* ItemGridView.swift in Sources */,
				9421897C2C2375AD00C78586 /* ConfirmSaleView.swift in Sources */,
				942189802C2375AD00C78586 /* MenuView.swift in Sources */,
				942189822C2375AD00C78586 /* OnboardingView.swift in Sources */,
				9421896A2C2375AD00C78586 /* CartState.swift in Sources */,
				9421898E2C2375AD00C78586 /* DepartmentEntity.swift in Sources */,
				942189852C2375AD00C78586 /* SettingsView.swift in Sources */,
				942189752C2375AD00C78586 /* DepartmentDetailView.swift in Sources */,
				942189782C2375AD00C78586 /* InventoryListView.swift in Sources */,
				942189842C2375AD00C78586 /* RootView.swift in Sources */,
				942189602C2375AD00C78586 /* TableStyle-Mod.swift in Sources */,
				9421896D2C2375AD00C78586 /* InventoryXApp.swift in Sources */,
				942189742C2375AD00C78586 /* CompanyDetailView.swift in Sources */,
				942189732C2375AD00C78586 /* ThemeTextField.swift in Sources */,
				9421898F2C2375AD00C78586 /* ItemEntity.swift in Sources */,
				9421897F2C2375AD00C78586 /* LockScreenView.swift in Sources */,
				9421895A2C2375AD00C78586 /* Date+Ext.swift in Sources */,
				943AACD12C6B224C005056F0 /* Section-Mod.swift in Sources */,
				9421895B2C2375AD00C78586 /* Double+Ext.swift in Sources */,
				942189832C2375AD00C78586 /* PasscodeView.swift in Sources */,
				9421897B2C2375AD00C78586 /* CartSidebarView.swift in Sources */,
				942189882C2375AD00C78586 /* DepartmentData.swift in Sources */,
				942189682C2375AD00C78586 /* SettingsViewModel.swift in Sources */,
			);
			runOnlyForDeploymentPostprocessing = 0;
		};
/* End PBXSourcesBuildPhase section */

/* Begin XCBuildConfiguration section */
		80B5EF7E29F0C319007D9842 /* Debug */ = {
			isa = XCBuildConfiguration;
			buildSettings = {
				ALWAYS_SEARCH_USER_PATHS = NO;
				ASSETCATALOG_COMPILER_APPICON_NAME = "";
				ASSETCATALOG_COMPILER_GENERATE_SWIFT_ASSET_SYMBOL_EXTENSIONS = YES;
				CLANG_ANALYZER_NONNULL = YES;
				CLANG_ANALYZER_NUMBER_OBJECT_CONVERSION = YES_AGGRESSIVE;
				CLANG_CXX_LANGUAGE_STANDARD = "gnu++20";
				CLANG_ENABLE_MODULES = YES;
				CLANG_ENABLE_OBJC_ARC = YES;
				CLANG_ENABLE_OBJC_WEAK = YES;
				CLANG_WARN_BLOCK_CAPTURE_AUTORELEASING = YES;
				CLANG_WARN_BOOL_CONVERSION = YES;
				CLANG_WARN_COMMA = YES;
				CLANG_WARN_CONSTANT_CONVERSION = YES;
				CLANG_WARN_DEPRECATED_OBJC_IMPLEMENTATIONS = YES;
				CLANG_WARN_DIRECT_OBJC_ISA_USAGE = YES_ERROR;
				CLANG_WARN_DOCUMENTATION_COMMENTS = YES;
				CLANG_WARN_EMPTY_BODY = YES;
				CLANG_WARN_ENUM_CONVERSION = YES;
				CLANG_WARN_INFINITE_RECURSION = YES;
				CLANG_WARN_INT_CONVERSION = YES;
				CLANG_WARN_NON_LITERAL_NULL_CONVERSION = YES;
				CLANG_WARN_OBJC_IMPLICIT_RETAIN_SELF = YES;
				CLANG_WARN_OBJC_LITERAL_CONVERSION = YES;
				CLANG_WARN_OBJC_ROOT_CLASS = YES_ERROR;
				CLANG_WARN_QUOTED_INCLUDE_IN_FRAMEWORK_HEADER = YES;
				CLANG_WARN_RANGE_LOOP_ANALYSIS = YES;
				CLANG_WARN_STRICT_PROTOTYPES = YES;
				CLANG_WARN_SUSPICIOUS_MOVE = YES;
				CLANG_WARN_UNGUARDED_AVAILABILITY = YES_AGGRESSIVE;
				CLANG_WARN_UNREACHABLE_CODE = YES;
				CLANG_WARN__DUPLICATE_METHOD_MATCH = YES;
				COPY_PHASE_STRIP = NO;
				DEBUG_INFORMATION_FORMAT = dwarf;
				DISABLE_DIAMOND_PROBLEM_DIAGNOSTIC = YES;
				ENABLE_STRICT_OBJC_MSGSEND = YES;
				ENABLE_TESTABILITY = YES;
				ENABLE_USER_SCRIPT_SANDBOXING = YES;
				GCC_C_LANGUAGE_STANDARD = gnu11;
				GCC_DYNAMIC_NO_PIC = NO;
				GCC_NO_COMMON_BLOCKS = YES;
				GCC_OPTIMIZATION_LEVEL = 0;
				GCC_PREPROCESSOR_DEFINITIONS = (
					"DEBUG=1",
					"$(inherited)",
				);
				GCC_WARN_64_TO_32_BIT_CONVERSION = YES;
				GCC_WARN_ABOUT_RETURN_TYPE = YES_ERROR;
				GCC_WARN_UNDECLARED_SELECTOR = YES;
				GCC_WARN_UNINITIALIZED_AUTOS = YES_AGGRESSIVE;
				GCC_WARN_UNUSED_FUNCTION = YES;
				GCC_WARN_UNUSED_VARIABLE = YES;
				IPHONEOS_DEPLOYMENT_TARGET = 17.4;
				MTL_ENABLE_DEBUG_INFO = INCLUDE_SOURCE;
				MTL_FAST_MATH = YES;
				ONLY_ACTIVE_ARCH = YES;
				SDKROOT = iphoneos;
				SWIFT_ACTIVE_COMPILATION_CONDITIONS = DEBUG;
				SWIFT_OPTIMIZATION_LEVEL = "-Onone";
			};
			name = Debug;
		};
		80B5EF7F29F0C319007D9842 /* Release */ = {
			isa = XCBuildConfiguration;
			buildSettings = {
				ALWAYS_SEARCH_USER_PATHS = NO;
				ASSETCATALOG_COMPILER_APPICON_NAME = "";
				ASSETCATALOG_COMPILER_GENERATE_SWIFT_ASSET_SYMBOL_EXTENSIONS = YES;
				CLANG_ANALYZER_NONNULL = YES;
				CLANG_ANALYZER_NUMBER_OBJECT_CONVERSION = YES_AGGRESSIVE;
				CLANG_CXX_LANGUAGE_STANDARD = "gnu++20";
				CLANG_ENABLE_MODULES = YES;
				CLANG_ENABLE_OBJC_ARC = YES;
				CLANG_ENABLE_OBJC_WEAK = YES;
				CLANG_WARN_BLOCK_CAPTURE_AUTORELEASING = YES;
				CLANG_WARN_BOOL_CONVERSION = YES;
				CLANG_WARN_COMMA = YES;
				CLANG_WARN_CONSTANT_CONVERSION = YES;
				CLANG_WARN_DEPRECATED_OBJC_IMPLEMENTATIONS = YES;
				CLANG_WARN_DIRECT_OBJC_ISA_USAGE = YES_ERROR;
				CLANG_WARN_DOCUMENTATION_COMMENTS = YES;
				CLANG_WARN_EMPTY_BODY = YES;
				CLANG_WARN_ENUM_CONVERSION = YES;
				CLANG_WARN_INFINITE_RECURSION = YES;
				CLANG_WARN_INT_CONVERSION = YES;
				CLANG_WARN_NON_LITERAL_NULL_CONVERSION = YES;
				CLANG_WARN_OBJC_IMPLICIT_RETAIN_SELF = YES;
				CLANG_WARN_OBJC_LITERAL_CONVERSION = YES;
				CLANG_WARN_OBJC_ROOT_CLASS = YES_ERROR;
				CLANG_WARN_QUOTED_INCLUDE_IN_FRAMEWORK_HEADER = YES;
				CLANG_WARN_RANGE_LOOP_ANALYSIS = YES;
				CLANG_WARN_STRICT_PROTOTYPES = YES;
				CLANG_WARN_SUSPICIOUS_MOVE = YES;
				CLANG_WARN_UNGUARDED_AVAILABILITY = YES_AGGRESSIVE;
				CLANG_WARN_UNREACHABLE_CODE = YES;
				CLANG_WARN__DUPLICATE_METHOD_MATCH = YES;
				COPY_PHASE_STRIP = NO;
				DEBUG_INFORMATION_FORMAT = "dwarf-with-dsym";
				DISABLE_DIAMOND_PROBLEM_DIAGNOSTIC = YES;
				ENABLE_NS_ASSERTIONS = NO;
				ENABLE_STRICT_OBJC_MSGSEND = YES;
				ENABLE_USER_SCRIPT_SANDBOXING = YES;
				GCC_C_LANGUAGE_STANDARD = gnu11;
				GCC_NO_COMMON_BLOCKS = YES;
				GCC_WARN_64_TO_32_BIT_CONVERSION = YES;
				GCC_WARN_ABOUT_RETURN_TYPE = YES_ERROR;
				GCC_WARN_UNDECLARED_SELECTOR = YES;
				GCC_WARN_UNINITIALIZED_AUTOS = YES_AGGRESSIVE;
				GCC_WARN_UNUSED_FUNCTION = YES;
				GCC_WARN_UNUSED_VARIABLE = YES;
				IPHONEOS_DEPLOYMENT_TARGET = 17.4;
				MTL_ENABLE_DEBUG_INFO = NO;
				MTL_FAST_MATH = YES;
				SDKROOT = iphoneos;
				SWIFT_COMPILATION_MODE = wholemodule;
				SWIFT_OPTIMIZATION_LEVEL = "-O";
				VALIDATE_PRODUCT = YES;
			};
			name = Release;
		};
		80B5EF8129F0C319007D9842 /* Debug */ = {
			isa = XCBuildConfiguration;
			buildSettings = {
				ASSETCATALOG_COMPILER_APPICON_NAME = AppIcon;
				ASSETCATALOG_COMPILER_GLOBAL_ACCENT_COLOR_NAME = AccentColor;
				CODE_SIGN_IDENTITY = "Apple Development";
				CODE_SIGN_STYLE = Automatic;
				CURRENT_PROJECT_VERSION = 1;
				DEVELOPMENT_ASSET_PATHS = "InventoryX/Dev InventoryX/Preview\\ Content";
				DEVELOPMENT_TEAM = B7G7S38G7L;
				DISABLE_DIAMOND_PROBLEM_DIAGNOSTIC = YES;
				ENABLE_PREVIEWS = YES;
				GENERATE_INFOPLIST_FILE = YES;
				INFOPLIST_FILE = InventoryX/Info.plist;
				INFOPLIST_KEY_CFBundleDisplayName = Invex;
				INFOPLIST_KEY_LSApplicationCategoryType = "public.app-category.business";
				INFOPLIST_KEY_UIApplicationSceneManifest_Generation = YES;
				INFOPLIST_KEY_UIApplicationSupportsIndirectInputEvents = YES;
				INFOPLIST_KEY_UILaunchScreen_Generation = YES;
				INFOPLIST_KEY_UILaunchStoryboardName = LaunchScreen.storyboard;
				INFOPLIST_KEY_UIRequiresFullScreen = YES;
				INFOPLIST_KEY_UIStatusBarHidden = YES;
				INFOPLIST_KEY_UISupportedInterfaceOrientations = "UIInterfaceOrientationLandscapeLeft UIInterfaceOrientationLandscapeRight UIInterfaceOrientationPortrait UIInterfaceOrientationPortraitUpsideDown";
				LD_RUNPATH_SEARCH_PATHS = (
					"$(inherited)",
					"@executable_path/Frameworks",
				);
				MARKETING_VERSION = 1.3;
				PRODUCT_BUNDLE_IDENTIFIER = com.xavware.InventoryX;
				PRODUCT_NAME = "$(TARGET_NAME)";
				PROVISIONING_PROFILE_SPECIFIER = "";
				SUPPORTED_PLATFORMS = "iphoneos iphonesimulator";
				SUPPORTS_MACCATALYST = NO;
				SUPPORTS_XR_DESIGNED_FOR_IPHONE_IPAD = NO;
				SWIFT_EMIT_LOC_STRINGS = YES;
				SWIFT_VERSION = 5.0;
				TARGETED_DEVICE_FAMILY = "1,2";
			};
			name = Debug;
		};
		80B5EF8229F0C319007D9842 /* Release */ = {
			isa = XCBuildConfiguration;
			buildSettings = {
				ASSETCATALOG_COMPILER_APPICON_NAME = AppIcon;
				ASSETCATALOG_COMPILER_GLOBAL_ACCENT_COLOR_NAME = AccentColor;
				CODE_SIGN_IDENTITY = "Apple Development";
				CODE_SIGN_STYLE = Automatic;
				CURRENT_PROJECT_VERSION = 1;
				DEVELOPMENT_ASSET_PATHS = "InventoryX/Dev InventoryX/Preview\\ Content";
				DEVELOPMENT_TEAM = B7G7S38G7L;
				DISABLE_DIAMOND_PROBLEM_DIAGNOSTIC = YES;
				ENABLE_PREVIEWS = YES;
				GENERATE_INFOPLIST_FILE = YES;
				INFOPLIST_FILE = InventoryX/Info.plist;
				INFOPLIST_KEY_CFBundleDisplayName = Invex;
				INFOPLIST_KEY_LSApplicationCategoryType = "public.app-category.business";
				INFOPLIST_KEY_UIApplicationSceneManifest_Generation = YES;
				INFOPLIST_KEY_UIApplicationSupportsIndirectInputEvents = YES;
				INFOPLIST_KEY_UILaunchScreen_Generation = YES;
				INFOPLIST_KEY_UILaunchStoryboardName = LaunchScreen.storyboard;
				INFOPLIST_KEY_UIRequiresFullScreen = YES;
				INFOPLIST_KEY_UIStatusBarHidden = YES;
				INFOPLIST_KEY_UISupportedInterfaceOrientations = "UIInterfaceOrientationLandscapeLeft UIInterfaceOrientationLandscapeRight UIInterfaceOrientationPortrait UIInterfaceOrientationPortraitUpsideDown";
				LD_RUNPATH_SEARCH_PATHS = (
					"$(inherited)",
					"@executable_path/Frameworks",
				);
				MARKETING_VERSION = 1.3;
				PRODUCT_BUNDLE_IDENTIFIER = com.xavware.InventoryX;
				PRODUCT_NAME = "$(TARGET_NAME)";
				PROVISIONING_PROFILE_SPECIFIER = "";
				SUPPORTED_PLATFORMS = "iphoneos iphonesimulator";
				SUPPORTS_MACCATALYST = NO;
				SUPPORTS_XR_DESIGNED_FOR_IPHONE_IPAD = NO;
				SWIFT_EMIT_LOC_STRINGS = YES;
				SWIFT_VERSION = 5.0;
				TARGETED_DEVICE_FAMILY = "1,2";
			};
			name = Release;
		};
/* End XCBuildConfiguration section */

/* Begin XCConfigurationList section */
		80B5EF6829F0C318007D9842 /* Build configuration list for PBXProject "InventoryX" */ = {
			isa = XCConfigurationList;
			buildConfigurations = (
				80B5EF7E29F0C319007D9842 /* Debug */,
				80B5EF7F29F0C319007D9842 /* Release */,
			);
			defaultConfigurationIsVisible = 0;
			defaultConfigurationName = Release;
		};
		80B5EF8029F0C319007D9842 /* Build configuration list for PBXNativeTarget "InventoryX" */ = {
			isa = XCConfigurationList;
			buildConfigurations = (
				80B5EF8129F0C319007D9842 /* Debug */,
				80B5EF8229F0C319007D9842 /* Release */,
			);
			defaultConfigurationIsVisible = 0;
			defaultConfigurationName = Release;
		};
/* End XCConfigurationList section */

/* Begin XCRemoteSwiftPackageReference section */
		9453BEC22BB3C79F007C63A4 /* XCRemoteSwiftPackageReference "swift-algorithms" */ = {
			isa = XCRemoteSwiftPackageReference;
			repositoryURL = "https://github.com/apple/swift-algorithms.git";
			requirement = {
				kind = upToNextMajorVersion;
				minimumVersion = 1.2.0;
			};
		};
		94AD4E5D2BF004EA007647E4 /* XCRemoteSwiftPackageReference "realm-swift" */ = {
			isa = XCRemoteSwiftPackageReference;
			repositoryURL = "https://github.com/realm/realm-swift.git";
			requirement = {
				kind = exactVersion;
				version = 10.48.1;
			};
		};
/* End XCRemoteSwiftPackageReference section */

/* Begin XCSwiftPackageProductDependency section */
		9453BEC32BB3C79F007C63A4 /* Algorithms */ = {
			isa = XCSwiftPackageProductDependency;
			package = 9453BEC22BB3C79F007C63A4 /* XCRemoteSwiftPackageReference "swift-algorithms" */;
			productName = Algorithms;
		};
		94AD4E5E2BF004EA007647E4 /* Realm */ = {
			isa = XCSwiftPackageProductDependency;
			package = 94AD4E5D2BF004EA007647E4 /* XCRemoteSwiftPackageReference "realm-swift" */;
			productName = Realm;
		};
		94AD4E602BF004EA007647E4 /* RealmSwift */ = {
			isa = XCSwiftPackageProductDependency;
			package = 94AD4E5D2BF004EA007647E4 /* XCRemoteSwiftPackageReference "realm-swift" */;
			productName = RealmSwift;
		};
/* End XCSwiftPackageProductDependency section */
	};
	rootObject = 80B5EF6529F0C318007D9842 /* Project object */;
}
